
Microsoft Visual Studio Solution File, Format Version 12.00
# Visual Studio 14
VisualStudioVersion = 14.0.22013.1
MinimumVisualStudioVersion = 10.0.40219.1
Project("{2150E333-8FDC-42A3-9474-1A3956D46DE8}") = "Runtime", "Runtime", "{750C2979-5AB1-40FE-911E-3FD22CE2B5D8}"
EndProject
Project("{2150E333-8FDC-42A3-9474-1A3956D46DE8}") = "Examples", "Examples", "{5A089D7F-DF90-4117-8B55-75DE281D84A8}"
EndProject
Project("{2150E333-8FDC-42A3-9474-1A3956D46DE8}") = "Interface", "Interface", "{FDE1F813-8E26-482C-9EBE-28562431F395}"
EndProject
Project("{2150E333-8FDC-42A3-9474-1A3956D46DE8}") = "DistributedSystems", "DistributedSystems", "{51FBBBE8-5424-43D6-B4E9-25ECAF4547FA}"
EndProject
Project("{FAE04EC0-301F-11D3-BF4B-00C04F79EFBC}") = "BasicPaxos", "Examples\DistributedSystems\BasicPaxos\BasicPaxos.csproj", "{910735EC-7D55-46E9-83B5-26AEEA61ABE4}"
EndProject
Project("{FAE04EC0-301F-11D3-BF4B-00C04F79EFBC}") = "MultiPaxos", "Examples\DistributedSystems\MultiPaxos\MultiPaxos.csproj", "{A7CFFE98-D302-47A1-AC62-C6D68C930C47}"
EndProject
Project("{FAE04EC0-301F-11D3-BF4B-00C04F79EFBC}") = "ChainReplication", "Examples\DistributedSystems\ChainReplication\ChainReplication.csproj", "{B3C8B684-1B36-4048-B60F-50A949D7C53A}"
EndProject
Project("{FAE04EC0-301F-11D3-BF4B-00C04F79EFBC}") = "PingPong", "Examples\PingPong\PingPong.csproj", "{E85AB36C-8600-4EDF-9237-83CBC5568752}"
EndProject
Project("{FAE04EC0-301F-11D3-BF4B-00C04F79EFBC}") = "PingPongFarm", "Examples\PingPongFarm\PingPongFarm.csproj", "{82F16111-656F-4FB1-B971-15A3F19E504F}"
EndProject
Project("{FAE04EC0-301F-11D3-BF4B-00C04F79EFBC}") = "TwoPhaseCommit", "Examples\TwoPhaseCommit\TwoPhaseCommit.csproj", "{8E0B90F2-0CF7-4828-8756-2BFE6BC4D30B}"
EndProject
Project("{FAE04EC0-301F-11D3-BF4B-00C04F79EFBC}") = "LinearTopology", "Examples\LinearTopology\LinearTopology.csproj", "{619EE1F3-5661-4FBB-BCFD-519573F0FF23}"
EndProject
Project("{FAE04EC0-301F-11D3-BF4B-00C04F79EFBC}") = "German", "Examples\German\German.csproj", "{C9F3DFCC-EBF7-4DAD-8DBA-FFFE959C28AD}"
EndProject
Project("{FAE04EC0-301F-11D3-BF4B-00C04F79EFBC}") = "Elevator", "Examples\Elevator\Elevator.csproj", "{3D704901-48D0-4FE5-8327-3DDF76D46758}"
EndProject
Project("{FAE04EC0-301F-11D3-BF4B-00C04F79EFBC}") = "BoundedAsync", "Examples\BoundedAsync\BoundedAsync.csproj", "{3FC3A452-7AD6-4EB8-A2CD-45EEAD027393}"
EndProject
Project("{FAE04EC0-301F-11D3-BF4B-00C04F79EFBC}") = "PSharpMonitor", "Interface\PSharpMonitor.csproj", "{27EB9112-F993-4086-81BB-154B549AE266}"
EndProject
Project("{FAE04EC0-301F-11D3-BF4B-00C04F79EFBC}") = "PSharp", "Runtime\PSharp.csproj", "{C8064F68-8A8B-4CC6-82AF-A6DDE5D9BBEE}"
EndProject
Project("{2150E333-8FDC-42A3-9474-1A3956D46DE8}") = "DataRaces", "DataRaces", "{035ABB53-6EE2-46DD-BE52-309FA0D12385}"
EndProject
Project("{FAE04EC0-301F-11D3-BF4B-00C04F79EFBC}") = "RaceyRegressionSuite", "Examples\DataRaces\RaceyRegressionSuite\RaceyRegressionSuite.csproj", "{3111A918-B973-4593-92C7-42CFE5729E83}"
EndProject
Global
	GlobalSection(SolutionConfigurationPlatforms) = preSolution
		Debug|Any CPU = Debug|Any CPU
		Release|Any CPU = Release|Any CPU
	EndGlobalSection
	GlobalSection(ProjectConfigurationPlatforms) = postSolution
		{910735EC-7D55-46E9-83B5-26AEEA61ABE4}.Debug|Any CPU.ActiveCfg = Debug|Any CPU
		{910735EC-7D55-46E9-83B5-26AEEA61ABE4}.Debug|Any CPU.Build.0 = Debug|Any CPU
		{910735EC-7D55-46E9-83B5-26AEEA61ABE4}.Release|Any CPU.ActiveCfg = Release|Any CPU
		{910735EC-7D55-46E9-83B5-26AEEA61ABE4}.Release|Any CPU.Build.0 = Release|Any CPU
		{A7CFFE98-D302-47A1-AC62-C6D68C930C47}.Debug|Any CPU.ActiveCfg = Debug|Any CPU
		{A7CFFE98-D302-47A1-AC62-C6D68C930C47}.Debug|Any CPU.Build.0 = Debug|Any CPU
		{A7CFFE98-D302-47A1-AC62-C6D68C930C47}.Release|Any CPU.ActiveCfg = Release|Any CPU
		{A7CFFE98-D302-47A1-AC62-C6D68C930C47}.Release|Any CPU.Build.0 = Release|Any CPU
		{B3C8B684-1B36-4048-B60F-50A949D7C53A}.Debug|Any CPU.ActiveCfg = Debug|Any CPU
		{B3C8B684-1B36-4048-B60F-50A949D7C53A}.Debug|Any CPU.Build.0 = Debug|Any CPU
		{B3C8B684-1B36-4048-B60F-50A949D7C53A}.Release|Any CPU.ActiveCfg = Release|Any CPU
		{B3C8B684-1B36-4048-B60F-50A949D7C53A}.Release|Any CPU.Build.0 = Release|Any CPU
		{E85AB36C-8600-4EDF-9237-83CBC5568752}.Debug|Any CPU.ActiveCfg = Debug|Any CPU
		{E85AB36C-8600-4EDF-9237-83CBC5568752}.Debug|Any CPU.Build.0 = Debug|Any CPU
		{E85AB36C-8600-4EDF-9237-83CBC5568752}.Release|Any CPU.ActiveCfg = Release|Any CPU
		{E85AB36C-8600-4EDF-9237-83CBC5568752}.Release|Any CPU.Build.0 = Release|Any CPU
		{82F16111-656F-4FB1-B971-15A3F19E504F}.Debug|Any CPU.ActiveCfg = Debug|Any CPU
		{82F16111-656F-4FB1-B971-15A3F19E504F}.Debug|Any CPU.Build.0 = Debug|Any CPU
		{82F16111-656F-4FB1-B971-15A3F19E504F}.Release|Any CPU.ActiveCfg = Release|Any CPU
		{82F16111-656F-4FB1-B971-15A3F19E504F}.Release|Any CPU.Build.0 = Release|Any CPU
		{8E0B90F2-0CF7-4828-8756-2BFE6BC4D30B}.Debug|Any CPU.ActiveCfg = Debug|Any CPU
		{8E0B90F2-0CF7-4828-8756-2BFE6BC4D30B}.Debug|Any CPU.Build.0 = Debug|Any CPU
		{8E0B90F2-0CF7-4828-8756-2BFE6BC4D30B}.Release|Any CPU.ActiveCfg = Release|Any CPU
		{8E0B90F2-0CF7-4828-8756-2BFE6BC4D30B}.Release|Any CPU.Build.0 = Release|Any CPU
		{619EE1F3-5661-4FBB-BCFD-519573F0FF23}.Debug|Any CPU.ActiveCfg = Debug|Any CPU
		{619EE1F3-5661-4FBB-BCFD-519573F0FF23}.Debug|Any CPU.Build.0 = Debug|Any CPU
		{619EE1F3-5661-4FBB-BCFD-519573F0FF23}.Release|Any CPU.ActiveCfg = Release|Any CPU
		{619EE1F3-5661-4FBB-BCFD-519573F0FF23}.Release|Any CPU.Build.0 = Release|Any CPU
		{C9F3DFCC-EBF7-4DAD-8DBA-FFFE959C28AD}.Debug|Any CPU.ActiveCfg = Debug|Any CPU
		{C9F3DFCC-EBF7-4DAD-8DBA-FFFE959C28AD}.Debug|Any CPU.Build.0 = Debug|Any CPU
		{C9F3DFCC-EBF7-4DAD-8DBA-FFFE959C28AD}.Release|Any CPU.ActiveCfg = Release|Any CPU
		{C9F3DFCC-EBF7-4DAD-8DBA-FFFE959C28AD}.Release|Any CPU.Build.0 = Release|Any CPU
		{3D704901-48D0-4FE5-8327-3DDF76D46758}.Debug|Any CPU.ActiveCfg = Debug|Any CPU
		{3D704901-48D0-4FE5-8327-3DDF76D46758}.Debug|Any CPU.Build.0 = Debug|Any CPU
		{3D704901-48D0-4FE5-8327-3DDF76D46758}.Release|Any CPU.ActiveCfg = Release|Any CPU
		{3D704901-48D0-4FE5-8327-3DDF76D46758}.Release|Any CPU.Build.0 = Release|Any CPU
		{3FC3A452-7AD6-4EB8-A2CD-45EEAD027393}.Debug|Any CPU.ActiveCfg = Debug|Any CPU
		{3FC3A452-7AD6-4EB8-A2CD-45EEAD027393}.Debug|Any CPU.Build.0 = Debug|Any CPU
		{3FC3A452-7AD6-4EB8-A2CD-45EEAD027393}.Release|Any CPU.ActiveCfg = Release|Any CPU
		{3FC3A452-7AD6-4EB8-A2CD-45EEAD027393}.Release|Any CPU.Build.0 = Release|Any CPU
		{27EB9112-F993-4086-81BB-154B549AE266}.Debug|Any CPU.ActiveCfg = Debug|Any CPU
		{27EB9112-F993-4086-81BB-154B549AE266}.Debug|Any CPU.Build.0 = Debug|Any CPU
		{27EB9112-F993-4086-81BB-154B549AE266}.Release|Any CPU.ActiveCfg = Release|Any CPU
		{27EB9112-F993-4086-81BB-154B549AE266}.Release|Any CPU.Build.0 = Release|Any CPU
		{C8064F68-8A8B-4CC6-82AF-A6DDE5D9BBEE}.Debug|Any CPU.ActiveCfg = Debug|Any CPU
		{C8064F68-8A8B-4CC6-82AF-A6DDE5D9BBEE}.Debug|Any CPU.Build.0 = Debug|Any CPU
		{C8064F68-8A8B-4CC6-82AF-A6DDE5D9BBEE}.Release|Any CPU.ActiveCfg = Release|Any CPU
		{C8064F68-8A8B-4CC6-82AF-A6DDE5D9BBEE}.Release|Any CPU.Build.0 = Release|Any CPU
		{3111A918-B973-4593-92C7-42CFE5729E83}.Debug|Any CPU.ActiveCfg = Debug|Any CPU
		{3111A918-B973-4593-92C7-42CFE5729E83}.Debug|Any CPU.Build.0 = Debug|Any CPU
		{3111A918-B973-4593-92C7-42CFE5729E83}.Release|Any CPU.ActiveCfg = Release|Any CPU
		{3111A918-B973-4593-92C7-42CFE5729E83}.Release|Any CPU.Build.0 = Release|Any CPU
	EndGlobalSection
	GlobalSection(SolutionProperties) = preSolution
		HideSolutionNode = FALSE
	EndGlobalSection
	GlobalSection(NestedProjects) = preSolution
		{51FBBBE8-5424-43D6-B4E9-25ECAF4547FA} = {5A089D7F-DF90-4117-8B55-75DE281D84A8}
		{910735EC-7D55-46E9-83B5-26AEEA61ABE4} = {51FBBBE8-5424-43D6-B4E9-25ECAF4547FA}
		{A7CFFE98-D302-47A1-AC62-C6D68C930C47} = {51FBBBE8-5424-43D6-B4E9-25ECAF4547FA}
		{B3C8B684-1B36-4048-B60F-50A949D7C53A} = {51FBBBE8-5424-43D6-B4E9-25ECAF4547FA}
		{E85AB36C-8600-4EDF-9237-83CBC5568752} = {5A089D7F-DF90-4117-8B55-75DE281D84A8}
		{82F16111-656F-4FB1-B971-15A3F19E504F} = {5A089D7F-DF90-4117-8B55-75DE281D84A8}
		{8E0B90F2-0CF7-4828-8756-2BFE6BC4D30B} = {5A089D7F-DF90-4117-8B55-75DE281D84A8}
		{619EE1F3-5661-4FBB-BCFD-519573F0FF23} = {5A089D7F-DF90-4117-8B55-75DE281D84A8}
		{C9F3DFCC-EBF7-4DAD-8DBA-FFFE959C28AD} = {5A089D7F-DF90-4117-8B55-75DE281D84A8}
		{3D704901-48D0-4FE5-8327-3DDF76D46758} = {5A089D7F-DF90-4117-8B55-75DE281D84A8}
		{3FC3A452-7AD6-4EB8-A2CD-45EEAD027393} = {5A089D7F-DF90-4117-8B55-75DE281D84A8}
		{27EB9112-F993-4086-81BB-154B549AE266} = {FDE1F813-8E26-482C-9EBE-28562431F395}
		{C8064F68-8A8B-4CC6-82AF-A6DDE5D9BBEE} = {750C2979-5AB1-40FE-911E-3FD22CE2B5D8}
		{035ABB53-6EE2-46DD-BE52-309FA0D12385} = {5A089D7F-DF90-4117-8B55-75DE281D84A8}
		{3111A918-B973-4593-92C7-42CFE5729E83} = {035ABB53-6EE2-46DD-BE52-309FA0D12385}
	EndGlobalSection
EndGlobal
