
Microsoft Visual Studio Solution File, Format Version 12.00
# Visual Studio 14
VisualStudioVersion = 14.0.22013.1
MinimumVisualStudioVersion = 10.0.40219.1
Project("{2150E333-8FDC-42A3-9474-1A3956D46DE8}") = "Runtime", "Runtime", "{750C2979-5AB1-40FE-911E-3FD22CE2B5D8}"
EndProject
Project("{2150E333-8FDC-42A3-9474-1A3956D46DE8}") = "Examples", "Examples", "{5A089D7F-DF90-4117-8B55-75DE281D84A8}"
EndProject
Project("{2150E333-8FDC-42A3-9474-1A3956D46DE8}") = "Interface", "Interface", "{FDE1F813-8E26-482C-9EBE-28562431F395}"
EndProject
Project("{2150E333-8FDC-42A3-9474-1A3956D46DE8}") = "DistributedSystems", "DistributedSystems", "{51FBBBE8-5424-43D6-B4E9-25ECAF4547FA}"
EndProject
Project("{FAE04EC0-301F-11D3-BF4B-00C04F79EFBC}") = "BasicPaxos", "Examples\DistributedSystems\BasicPaxos\BasicPaxos.csproj", "{910735EC-7D55-46E9-83B5-26AEEA61ABE4}"
EndProject
Project("{FAE04EC0-301F-11D3-BF4B-00C04F79EFBC}") = "MultiPaxos", "Examples\DistributedSystems\MultiPaxos\MultiPaxos.csproj", "{A7CFFE98-D302-47A1-AC62-C6D68C930C47}"
EndProject
Project("{FAE04EC0-301F-11D3-BF4B-00C04F79EFBC}") = "ChainReplication", "Examples\DistributedSystems\ChainReplication\ChainReplication.csproj", "{B3C8B684-1B36-4048-B60F-50A949D7C53A}"
EndProject
Project("{FAE04EC0-301F-11D3-BF4B-00C04F79EFBC}") = "PingPong", "Examples\PingPong\PingPong.csproj", "{E85AB36C-8600-4EDF-9237-83CBC5568752}"
EndProject
Project("{FAE04EC0-301F-11D3-BF4B-00C04F79EFBC}") = "PingPongFarm", "Examples\PingPongFarm\PingPongFarm.csproj", "{82F16111-656F-4FB1-B971-15A3F19E504F}"
EndProject
Project("{FAE04EC0-301F-11D3-BF4B-00C04F79EFBC}") = "TwoPhaseCommit", "Examples\TwoPhaseCommit\TwoPhaseCommit.csproj", "{8E0B90F2-0CF7-4828-8756-2BFE6BC4D30B}"
EndProject
Project("{FAE04EC0-301F-11D3-BF4B-00C04F79EFBC}") = "Elevator", "Examples\Elevator\Elevator.csproj", "{3D704901-48D0-4FE5-8327-3DDF76D46758}"
EndProject
Project("{FAE04EC0-301F-11D3-BF4B-00C04F79EFBC}") = "BoundedAsync", "Examples\BoundedAsync\BoundedAsync.csproj", "{3FC3A452-7AD6-4EB8-A2CD-45EEAD027393}"
EndProject
Project("{FAE04EC0-301F-11D3-BF4B-00C04F79EFBC}") = "PSharpMonitor", "Interface\PSharpMonitor.csproj", "{27EB9112-F993-4086-81BB-154B549AE266}"
EndProject
Project("{FAE04EC0-301F-11D3-BF4B-00C04F79EFBC}") = "PSharp", "Runtime\PSharp.csproj", "{C8064F68-8A8B-4CC6-82AF-A6DDE5D9BBEE}"
EndProject
Project("{2150E333-8FDC-42A3-9474-1A3956D46DE8}") = "DataRaces", "DataRaces", "{035ABB53-6EE2-46DD-BE52-309FA0D12385}"
EndProject
Project("{FAE04EC0-301F-11D3-BF4B-00C04F79EFBC}") = "RaceyRegressionSuite", "Examples\DataRaces\RaceyRegressionSuite\RaceyRegressionSuite.csproj", "{3111A918-B973-4593-92C7-42CFE5729E83}"
EndProject
Project("{2150E333-8FDC-42A3-9474-1A3956D46DE8}") = "Algorithms", "Algorithms", "{93511F9F-6068-4752-8841-AE913D440B9A}"
EndProject
Project("{FAE04EC0-301F-11D3-BF4B-00C04F79EFBC}") = "ChandyMisra", "Examples\Algorithms\ChandyMisra\ChandyMisra.csproj", "{34B5B94B-37CD-4DBE-B19D-FC344BD42243}"
EndProject
Project("{FAE04EC0-301F-11D3-BF4B-00C04F79EFBC}") = "Sorting", "Examples\Algorithms\Sorting\Sorting.csproj", "{83B865C6-1E29-4F42-B331-98C1C75DDAB1}"
EndProject
Project("{FAE04EC0-301F-11D3-BF4B-00C04F79EFBC}") = "Chord", "Examples\DistributedSystems\Chord\Chord.csproj", "{EE25D7F3-C853-4000-98B8-EF197747F51F}"
EndProject
Project("{2150E333-8FDC-42A3-9474-1A3956D46DE8}") = "RaceySuite", "RaceySuite", "{6D0CD322-0092-4FE1-B798-3A3F49805DB2}"
EndProject
Project("{FAE04EC0-301F-11D3-BF4B-00C04F79EFBC}") = "ChandyMisraRacey", "Examples\RaceySuite\ChandyMisraRacey\ChandyMisraRacey.csproj", "{75D2E416-C051-42C0-B101-582A73B0B6BD}"
EndProject
Project("{FAE04EC0-301F-11D3-BF4B-00C04F79EFBC}") = "LeaderElectionRacey", "Examples\RaceySuite\LeaderElectionRacey\LeaderElectionRacey.csproj", "{F92147E6-EBB1-4E67-88D5-4C5D29628807}"
EndProject
Project("{FAE04EC0-301F-11D3-BF4B-00C04F79EFBC}") = "PiRacey", "Examples\RaceySuite\PiRacey\PiRacey.csproj", "{4B6BD770-A7E0-468C-B11D-94EECE90CED3}"
EndProject
Project("{FAE04EC0-301F-11D3-BF4B-00C04F79EFBC}") = "SortingRacey", "Examples\RaceySuite\SortingRacey\SortingRacey.csproj", "{7FF28DB7-A6A0-4F5B-94ED-77030279DCCC}"
EndProject
Project("{FAE04EC0-301F-11D3-BF4B-00C04F79EFBC}") = "BasicPaxosRacey", "Examples\RaceySuite\BasicPaxosRacey\BasicPaxosRacey.csproj", "{DEC3E6F1-DB6F-4179-B01A-2724FA1AC25E}"
EndProject
Project("{FAE04EC0-301F-11D3-BF4B-00C04F79EFBC}") = "MultiPaxosRacey", "Examples\RaceySuite\MultiPaxosRacey\MultiPaxosRacey.csproj", "{9BC16700-0AC9-4FA5-AC24-E8CA984727F7}"
EndProject
Project("{FAE04EC0-301F-11D3-BF4B-00C04F79EFBC}") = "ChainReplicationRacey", "Examples\RaceySuite\ChainReplicationRacey\ChainReplicationRacey.csproj", "{65761801-9134-4342-BE98-2D7029073EB5}"
EndProject
Project("{FAE04EC0-301F-11D3-BF4B-00C04F79EFBC}") = "ChordRacey", "Examples\RaceySuite\ChordRacey\ChordRacey.csproj", "{4FE50012-220D-41E8-8238-8F5C2B3DDA7A}"
EndProject
Project("{FAE04EC0-301F-11D3-BF4B-00C04F79EFBC}") = "German", "Examples\Algorithms\German\German.csproj", "{799157A3-9C0C-4A44-9301-4B8CA5D23199}"
EndProject
Project("{FAE04EC0-301F-11D3-BF4B-00C04F79EFBC}") = "GermanRacey", "Examples\RaceySuite\GermanRacey\GermanRacey.csproj", "{93F02641-B4BF-4A65-A50B-52C0E84CCF03}"
EndProject
Project("{FAE04EC0-301F-11D3-BF4B-00C04F79EFBC}") = "Raft", "Examples\DistributedSystems\Raft\Raft.csproj", "{5C62119A-4F22-4F9E-B63D-8FF6A2532A9F}"
EndProject
Project("{FAE04EC0-301F-11D3-BF4B-00C04F79EFBC}") = "RaftRacey", "Examples\RaceySuite\RaftRacey\RaftRacey.csproj", "{B16B4169-7473-446F-978C-E1A4201E8A78}"
EndProject
Project("{2150E333-8FDC-42A3-9474-1A3956D46DE8}") = "BuggySuite", "BuggySuite", "{CDAC010F-546E-496D-B9FA-4D5026B0A055}"
EndProject
Project("{FAE04EC0-301F-11D3-BF4B-00C04F79EFBC}") = "RaftBuggy", "Examples\BuggySuite\RaftBuggy\RaftBuggy.csproj", "{313C337B-C9B7-4D08-B8D8-11BE869922BE}"
EndProject
Project("{FAE04EC0-301F-11D3-BF4B-00C04F79EFBC}") = "ChordBuggy", "Examples\BuggySuite\ChordBuggy\ChordBuggy.csproj", "{09B1D9B5-1D60-4275-9781-FCD098E26CF3}"
EndProject
Project("{FAE04EC0-301F-11D3-BF4B-00C04F79EFBC}") = "BasicPaxosBuggy", "Examples\BuggySuite\BasicPaxosBuggy\BasicPaxosBuggy.csproj", "{A3C26487-C210-4A71-9473-1B15E776BB9C}"
EndProject
Project("{FAE04EC0-301F-11D3-BF4B-00C04F79EFBC}") = "ChandyMisraBuggy", "Examples\BuggySuite\ChandyMisraBuggy\ChandyMisraBuggy.csproj", "{67D9FBC1-3323-4E5A-AF1A-26A2C0C86993}"
EndProject
Project("{FAE04EC0-301F-11D3-BF4B-00C04F79EFBC}") = "LeaderElectionBuggy", "Examples\BuggySuite\LeaderElectionBuggy\LeaderElectionBuggy.csproj", "{0C23D6B0-0AB7-4D85-920F-CF916AB584F6}"
EndProject
Project("{FAE04EC0-301F-11D3-BF4B-00C04F79EFBC}") = "PiBuggy", "Examples\BuggySuite\PiBuggy\PiBuggy.csproj", "{3A5D5D21-1878-4715-936B-2708CD7D5A8C}"
EndProject
Project("{FAE04EC0-301F-11D3-BF4B-00C04F79EFBC}") = "TwoPhaseCommitRacey", "Examples\RaceySuite\TwoPhaseCommitRacey\TwoPhaseCommitRacey.csproj", "{88524ED8-2A58-4776-AD14-E11B98EF2890}"
EndProject
Project("{FAE04EC0-301F-11D3-BF4B-00C04F79EFBC}") = "TwoPhaseCommitBuggy", "Examples\BuggySuite\TwoPhaseCommitBuggy\TwoPhaseCommitBuggy.csproj", "{8ACCE654-3B43-4B37-BDF4-69E466BD82B3}"
EndProject
Project("{FAE04EC0-301F-11D3-BF4B-00C04F79EFBC}") = "GermanBuggy", "Examples\BuggySuite\GermanBuggy\GermanBuggy.csproj", "{41C236B1-E041-4E98-82CC-F67F2BBF7F64}"
EndProject
Project("{2150E333-8FDC-42A3-9474-1A3956D46DE8}") = "ActorFoundry", "ActorFoundry", "{5363F714-E5AD-4005-9BDA-B555BCBC694F}"
EndProject
Project("{FAE04EC0-301F-11D3-BF4B-00C04F79EFBC}") = "Chameneos", "Examples\ActorFoundry\Chameneos\Chameneos.csproj", "{FDC91696-DC12-4599-9B69-A37BA216DA5E}"
EndProject
Project("{FAE04EC0-301F-11D3-BF4B-00C04F79EFBC}") = "Leader", "Examples\ActorFoundry\Leader\Leader.csproj", "{576A7859-1774-4242-ACDB-2468A7CB2A67}"
EndProject
Project("{FAE04EC0-301F-11D3-BF4B-00C04F79EFBC}") = "Pi", "Examples\ActorFoundry\Pi\Pi.csproj", "{64724E22-3E16-433F-806A-0C49D401E28C}"
EndProject
Project("{FAE04EC0-301F-11D3-BF4B-00C04F79EFBC}") = "Swordfish", "Examples\ActorFoundry\Swordfish\Swordfish.csproj", "{74815341-0821-4897-AA68-C424AE62BAA2}"
EndProject
Project("{FAE04EC0-301F-11D3-BF4B-00C04F79EFBC}") = "BoundedAsyncRacey", "Examples\RaceySuite\BoundedAsyncRacey\BoundedAsyncRacey.csproj", "{C7EB4509-D103-4234-958A-5D82A2ACC0C3}"
EndProject
Project("{FAE04EC0-301F-11D3-BF4B-00C04F79EFBC}") = "MultiPaxosBuggy", "Examples\BuggySuite\MultiPaxosBuggy\MultiPaxosBuggy.csproj", "{9CA38AB7-A8FB-449A-A7A8-7E8ADF5C3F8E}"
EndProject
Global
	GlobalSection(SolutionConfigurationPlatforms) = preSolution
		Debug|Any CPU = Debug|Any CPU
		Release|Any CPU = Release|Any CPU
	EndGlobalSection
	GlobalSection(ProjectConfigurationPlatforms) = postSolution
		{910735EC-7D55-46E9-83B5-26AEEA61ABE4}.Debug|Any CPU.ActiveCfg = Debug|Any CPU
		{910735EC-7D55-46E9-83B5-26AEEA61ABE4}.Debug|Any CPU.Build.0 = Debug|Any CPU
		{910735EC-7D55-46E9-83B5-26AEEA61ABE4}.Release|Any CPU.ActiveCfg = Release|Any CPU
		{910735EC-7D55-46E9-83B5-26AEEA61ABE4}.Release|Any CPU.Build.0 = Release|Any CPU
		{A7CFFE98-D302-47A1-AC62-C6D68C930C47}.Debug|Any CPU.ActiveCfg = Debug|Any CPU
		{A7CFFE98-D302-47A1-AC62-C6D68C930C47}.Debug|Any CPU.Build.0 = Debug|Any CPU
		{A7CFFE98-D302-47A1-AC62-C6D68C930C47}.Release|Any CPU.ActiveCfg = Release|Any CPU
		{A7CFFE98-D302-47A1-AC62-C6D68C930C47}.Release|Any CPU.Build.0 = Release|Any CPU
		{B3C8B684-1B36-4048-B60F-50A949D7C53A}.Debug|Any CPU.ActiveCfg = Debug|Any CPU
		{B3C8B684-1B36-4048-B60F-50A949D7C53A}.Debug|Any CPU.Build.0 = Debug|Any CPU
		{B3C8B684-1B36-4048-B60F-50A949D7C53A}.Release|Any CPU.ActiveCfg = Release|Any CPU
		{B3C8B684-1B36-4048-B60F-50A949D7C53A}.Release|Any CPU.Build.0 = Release|Any CPU
		{E85AB36C-8600-4EDF-9237-83CBC5568752}.Debug|Any CPU.ActiveCfg = Debug|Any CPU
		{E85AB36C-8600-4EDF-9237-83CBC5568752}.Debug|Any CPU.Build.0 = Debug|Any CPU
		{E85AB36C-8600-4EDF-9237-83CBC5568752}.Release|Any CPU.ActiveCfg = Release|Any CPU
		{E85AB36C-8600-4EDF-9237-83CBC5568752}.Release|Any CPU.Build.0 = Release|Any CPU
		{82F16111-656F-4FB1-B971-15A3F19E504F}.Debug|Any CPU.ActiveCfg = Debug|Any CPU
		{82F16111-656F-4FB1-B971-15A3F19E504F}.Debug|Any CPU.Build.0 = Debug|Any CPU
		{82F16111-656F-4FB1-B971-15A3F19E504F}.Release|Any CPU.ActiveCfg = Release|Any CPU
		{82F16111-656F-4FB1-B971-15A3F19E504F}.Release|Any CPU.Build.0 = Release|Any CPU
		{8E0B90F2-0CF7-4828-8756-2BFE6BC4D30B}.Debug|Any CPU.ActiveCfg = Debug|Any CPU
		{8E0B90F2-0CF7-4828-8756-2BFE6BC4D30B}.Debug|Any CPU.Build.0 = Debug|Any CPU
		{8E0B90F2-0CF7-4828-8756-2BFE6BC4D30B}.Release|Any CPU.ActiveCfg = Release|Any CPU
		{8E0B90F2-0CF7-4828-8756-2BFE6BC4D30B}.Release|Any CPU.Build.0 = Release|Any CPU
		{3D704901-48D0-4FE5-8327-3DDF76D46758}.Debug|Any CPU.ActiveCfg = Debug|Any CPU
		{3D704901-48D0-4FE5-8327-3DDF76D46758}.Debug|Any CPU.Build.0 = Debug|Any CPU
		{3D704901-48D0-4FE5-8327-3DDF76D46758}.Release|Any CPU.ActiveCfg = Release|Any CPU
		{3D704901-48D0-4FE5-8327-3DDF76D46758}.Release|Any CPU.Build.0 = Release|Any CPU
		{3FC3A452-7AD6-4EB8-A2CD-45EEAD027393}.Debug|Any CPU.ActiveCfg = Debug|Any CPU
		{3FC3A452-7AD6-4EB8-A2CD-45EEAD027393}.Debug|Any CPU.Build.0 = Debug|Any CPU
		{3FC3A452-7AD6-4EB8-A2CD-45EEAD027393}.Release|Any CPU.ActiveCfg = Release|Any CPU
		{3FC3A452-7AD6-4EB8-A2CD-45EEAD027393}.Release|Any CPU.Build.0 = Release|Any CPU
		{27EB9112-F993-4086-81BB-154B549AE266}.Debug|Any CPU.ActiveCfg = Debug|Any CPU
		{27EB9112-F993-4086-81BB-154B549AE266}.Debug|Any CPU.Build.0 = Debug|Any CPU
		{27EB9112-F993-4086-81BB-154B549AE266}.Release|Any CPU.ActiveCfg = Release|Any CPU
		{27EB9112-F993-4086-81BB-154B549AE266}.Release|Any CPU.Build.0 = Release|Any CPU
		{C8064F68-8A8B-4CC6-82AF-A6DDE5D9BBEE}.Debug|Any CPU.ActiveCfg = Debug|Any CPU
		{C8064F68-8A8B-4CC6-82AF-A6DDE5D9BBEE}.Debug|Any CPU.Build.0 = Debug|Any CPU
		{C8064F68-8A8B-4CC6-82AF-A6DDE5D9BBEE}.Release|Any CPU.ActiveCfg = Release|Any CPU
		{C8064F68-8A8B-4CC6-82AF-A6DDE5D9BBEE}.Release|Any CPU.Build.0 = Release|Any CPU
		{3111A918-B973-4593-92C7-42CFE5729E83}.Debug|Any CPU.ActiveCfg = Debug|Any CPU
		{3111A918-B973-4593-92C7-42CFE5729E83}.Debug|Any CPU.Build.0 = Debug|Any CPU
		{3111A918-B973-4593-92C7-42CFE5729E83}.Release|Any CPU.ActiveCfg = Release|Any CPU
		{3111A918-B973-4593-92C7-42CFE5729E83}.Release|Any CPU.Build.0 = Release|Any CPU
		{34B5B94B-37CD-4DBE-B19D-FC344BD42243}.Debug|Any CPU.ActiveCfg = Debug|Any CPU
		{34B5B94B-37CD-4DBE-B19D-FC344BD42243}.Debug|Any CPU.Build.0 = Debug|Any CPU
		{34B5B94B-37CD-4DBE-B19D-FC344BD42243}.Release|Any CPU.ActiveCfg = Release|Any CPU
		{34B5B94B-37CD-4DBE-B19D-FC344BD42243}.Release|Any CPU.Build.0 = Release|Any CPU
		{83B865C6-1E29-4F42-B331-98C1C75DDAB1}.Debug|Any CPU.ActiveCfg = Debug|Any CPU
		{83B865C6-1E29-4F42-B331-98C1C75DDAB1}.Debug|Any CPU.Build.0 = Debug|Any CPU
		{83B865C6-1E29-4F42-B331-98C1C75DDAB1}.Release|Any CPU.ActiveCfg = Release|Any CPU
		{83B865C6-1E29-4F42-B331-98C1C75DDAB1}.Release|Any CPU.Build.0 = Release|Any CPU
		{EE25D7F3-C853-4000-98B8-EF197747F51F}.Debug|Any CPU.ActiveCfg = Debug|Any CPU
		{EE25D7F3-C853-4000-98B8-EF197747F51F}.Debug|Any CPU.Build.0 = Debug|Any CPU
		{EE25D7F3-C853-4000-98B8-EF197747F51F}.Release|Any CPU.ActiveCfg = Release|Any CPU
		{EE25D7F3-C853-4000-98B8-EF197747F51F}.Release|Any CPU.Build.0 = Release|Any CPU
		{75D2E416-C051-42C0-B101-582A73B0B6BD}.Debug|Any CPU.ActiveCfg = Debug|Any CPU
		{75D2E416-C051-42C0-B101-582A73B0B6BD}.Debug|Any CPU.Build.0 = Debug|Any CPU
		{75D2E416-C051-42C0-B101-582A73B0B6BD}.Release|Any CPU.ActiveCfg = Release|Any CPU
		{75D2E416-C051-42C0-B101-582A73B0B6BD}.Release|Any CPU.Build.0 = Release|Any CPU
		{F92147E6-EBB1-4E67-88D5-4C5D29628807}.Debug|Any CPU.ActiveCfg = Debug|Any CPU
		{F92147E6-EBB1-4E67-88D5-4C5D29628807}.Debug|Any CPU.Build.0 = Debug|Any CPU
		{F92147E6-EBB1-4E67-88D5-4C5D29628807}.Release|Any CPU.ActiveCfg = Release|Any CPU
		{F92147E6-EBB1-4E67-88D5-4C5D29628807}.Release|Any CPU.Build.0 = Release|Any CPU
		{4B6BD770-A7E0-468C-B11D-94EECE90CED3}.Debug|Any CPU.ActiveCfg = Debug|Any CPU
		{4B6BD770-A7E0-468C-B11D-94EECE90CED3}.Debug|Any CPU.Build.0 = Debug|Any CPU
		{4B6BD770-A7E0-468C-B11D-94EECE90CED3}.Release|Any CPU.ActiveCfg = Release|Any CPU
		{4B6BD770-A7E0-468C-B11D-94EECE90CED3}.Release|Any CPU.Build.0 = Release|Any CPU
		{7FF28DB7-A6A0-4F5B-94ED-77030279DCCC}.Debug|Any CPU.ActiveCfg = Debug|Any CPU
		{7FF28DB7-A6A0-4F5B-94ED-77030279DCCC}.Debug|Any CPU.Build.0 = Debug|Any CPU
		{7FF28DB7-A6A0-4F5B-94ED-77030279DCCC}.Release|Any CPU.ActiveCfg = Release|Any CPU
		{7FF28DB7-A6A0-4F5B-94ED-77030279DCCC}.Release|Any CPU.Build.0 = Release|Any CPU
		{DEC3E6F1-DB6F-4179-B01A-2724FA1AC25E}.Debug|Any CPU.ActiveCfg = Debug|Any CPU
		{DEC3E6F1-DB6F-4179-B01A-2724FA1AC25E}.Debug|Any CPU.Build.0 = Debug|Any CPU
		{DEC3E6F1-DB6F-4179-B01A-2724FA1AC25E}.Release|Any CPU.ActiveCfg = Release|Any CPU
		{DEC3E6F1-DB6F-4179-B01A-2724FA1AC25E}.Release|Any CPU.Build.0 = Release|Any CPU
		{9BC16700-0AC9-4FA5-AC24-E8CA984727F7}.Debug|Any CPU.ActiveCfg = Debug|Any CPU
		{9BC16700-0AC9-4FA5-AC24-E8CA984727F7}.Debug|Any CPU.Build.0 = Debug|Any CPU
		{9BC16700-0AC9-4FA5-AC24-E8CA984727F7}.Release|Any CPU.ActiveCfg = Release|Any CPU
		{9BC16700-0AC9-4FA5-AC24-E8CA984727F7}.Release|Any CPU.Build.0 = Release|Any CPU
		{65761801-9134-4342-BE98-2D7029073EB5}.Debug|Any CPU.ActiveCfg = Debug|Any CPU
		{65761801-9134-4342-BE98-2D7029073EB5}.Debug|Any CPU.Build.0 = Debug|Any CPU
		{65761801-9134-4342-BE98-2D7029073EB5}.Release|Any CPU.ActiveCfg = Release|Any CPU
		{65761801-9134-4342-BE98-2D7029073EB5}.Release|Any CPU.Build.0 = Release|Any CPU
		{4FE50012-220D-41E8-8238-8F5C2B3DDA7A}.Debug|Any CPU.ActiveCfg = Debug|Any CPU
		{4FE50012-220D-41E8-8238-8F5C2B3DDA7A}.Debug|Any CPU.Build.0 = Debug|Any CPU
		{4FE50012-220D-41E8-8238-8F5C2B3DDA7A}.Release|Any CPU.ActiveCfg = Release|Any CPU
		{4FE50012-220D-41E8-8238-8F5C2B3DDA7A}.Release|Any CPU.Build.0 = Release|Any CPU
		{799157A3-9C0C-4A44-9301-4B8CA5D23199}.Debug|Any CPU.ActiveCfg = Debug|Any CPU
		{799157A3-9C0C-4A44-9301-4B8CA5D23199}.Debug|Any CPU.Build.0 = Debug|Any CPU
		{799157A3-9C0C-4A44-9301-4B8CA5D23199}.Release|Any CPU.ActiveCfg = Release|Any CPU
		{799157A3-9C0C-4A44-9301-4B8CA5D23199}.Release|Any CPU.Build.0 = Release|Any CPU
		{93F02641-B4BF-4A65-A50B-52C0E84CCF03}.Debug|Any CPU.ActiveCfg = Debug|Any CPU
		{93F02641-B4BF-4A65-A50B-52C0E84CCF03}.Debug|Any CPU.Build.0 = Debug|Any CPU
		{93F02641-B4BF-4A65-A50B-52C0E84CCF03}.Release|Any CPU.ActiveCfg = Release|Any CPU
		{93F02641-B4BF-4A65-A50B-52C0E84CCF03}.Release|Any CPU.Build.0 = Release|Any CPU
		{5C62119A-4F22-4F9E-B63D-8FF6A2532A9F}.Debug|Any CPU.ActiveCfg = Debug|Any CPU
		{5C62119A-4F22-4F9E-B63D-8FF6A2532A9F}.Debug|Any CPU.Build.0 = Debug|Any CPU
		{5C62119A-4F22-4F9E-B63D-8FF6A2532A9F}.Release|Any CPU.ActiveCfg = Release|Any CPU
		{5C62119A-4F22-4F9E-B63D-8FF6A2532A9F}.Release|Any CPU.Build.0 = Release|Any CPU
		{B16B4169-7473-446F-978C-E1A4201E8A78}.Debug|Any CPU.ActiveCfg = Debug|Any CPU
		{B16B4169-7473-446F-978C-E1A4201E8A78}.Debug|Any CPU.Build.0 = Debug|Any CPU
		{B16B4169-7473-446F-978C-E1A4201E8A78}.Release|Any CPU.ActiveCfg = Release|Any CPU
		{B16B4169-7473-446F-978C-E1A4201E8A78}.Release|Any CPU.Build.0 = Release|Any CPU
		{313C337B-C9B7-4D08-B8D8-11BE869922BE}.Debug|Any CPU.ActiveCfg = Debug|Any CPU
		{313C337B-C9B7-4D08-B8D8-11BE869922BE}.Debug|Any CPU.Build.0 = Debug|Any CPU
		{313C337B-C9B7-4D08-B8D8-11BE869922BE}.Release|Any CPU.ActiveCfg = Release|Any CPU
		{313C337B-C9B7-4D08-B8D8-11BE869922BE}.Release|Any CPU.Build.0 = Release|Any CPU
		{09B1D9B5-1D60-4275-9781-FCD098E26CF3}.Debug|Any CPU.ActiveCfg = Debug|Any CPU
		{09B1D9B5-1D60-4275-9781-FCD098E26CF3}.Debug|Any CPU.Build.0 = Debug|Any CPU
		{09B1D9B5-1D60-4275-9781-FCD098E26CF3}.Release|Any CPU.ActiveCfg = Release|Any CPU
		{09B1D9B5-1D60-4275-9781-FCD098E26CF3}.Release|Any CPU.Build.0 = Release|Any CPU
		{A3C26487-C210-4A71-9473-1B15E776BB9C}.Debug|Any CPU.ActiveCfg = Debug|Any CPU
		{A3C26487-C210-4A71-9473-1B15E776BB9C}.Debug|Any CPU.Build.0 = Debug|Any CPU
		{A3C26487-C210-4A71-9473-1B15E776BB9C}.Release|Any CPU.ActiveCfg = Release|Any CPU
		{A3C26487-C210-4A71-9473-1B15E776BB9C}.Release|Any CPU.Build.0 = Release|Any CPU
		{67D9FBC1-3323-4E5A-AF1A-26A2C0C86993}.Debug|Any CPU.ActiveCfg = Debug|Any CPU
		{67D9FBC1-3323-4E5A-AF1A-26A2C0C86993}.Debug|Any CPU.Build.0 = Debug|Any CPU
		{67D9FBC1-3323-4E5A-AF1A-26A2C0C86993}.Release|Any CPU.ActiveCfg = Release|Any CPU
		{67D9FBC1-3323-4E5A-AF1A-26A2C0C86993}.Release|Any CPU.Build.0 = Release|Any CPU
		{0C23D6B0-0AB7-4D85-920F-CF916AB584F6}.Debug|Any CPU.ActiveCfg = Debug|Any CPU
		{0C23D6B0-0AB7-4D85-920F-CF916AB584F6}.Debug|Any CPU.Build.0 = Debug|Any CPU
		{0C23D6B0-0AB7-4D85-920F-CF916AB584F6}.Release|Any CPU.ActiveCfg = Release|Any CPU
		{0C23D6B0-0AB7-4D85-920F-CF916AB584F6}.Release|Any CPU.Build.0 = Release|Any CPU
		{3A5D5D21-1878-4715-936B-2708CD7D5A8C}.Debug|Any CPU.ActiveCfg = Debug|Any CPU
		{3A5D5D21-1878-4715-936B-2708CD7D5A8C}.Debug|Any CPU.Build.0 = Debug|Any CPU
		{3A5D5D21-1878-4715-936B-2708CD7D5A8C}.Release|Any CPU.ActiveCfg = Release|Any CPU
		{3A5D5D21-1878-4715-936B-2708CD7D5A8C}.Release|Any CPU.Build.0 = Release|Any CPU
		{88524ED8-2A58-4776-AD14-E11B98EF2890}.Debug|Any CPU.ActiveCfg = Debug|Any CPU
		{88524ED8-2A58-4776-AD14-E11B98EF2890}.Debug|Any CPU.Build.0 = Debug|Any CPU
		{88524ED8-2A58-4776-AD14-E11B98EF2890}.Release|Any CPU.ActiveCfg = Release|Any CPU
		{88524ED8-2A58-4776-AD14-E11B98EF2890}.Release|Any CPU.Build.0 = Release|Any CPU
		{8ACCE654-3B43-4B37-BDF4-69E466BD82B3}.Debug|Any CPU.ActiveCfg = Debug|Any CPU
		{8ACCE654-3B43-4B37-BDF4-69E466BD82B3}.Debug|Any CPU.Build.0 = Debug|Any CPU
		{8ACCE654-3B43-4B37-BDF4-69E466BD82B3}.Release|Any CPU.ActiveCfg = Release|Any CPU
		{8ACCE654-3B43-4B37-BDF4-69E466BD82B3}.Release|Any CPU.Build.0 = Release|Any CPU
		{41C236B1-E041-4E98-82CC-F67F2BBF7F64}.Debug|Any CPU.ActiveCfg = Debug|Any CPU
		{41C236B1-E041-4E98-82CC-F67F2BBF7F64}.Debug|Any CPU.Build.0 = Debug|Any CPU
		{41C236B1-E041-4E98-82CC-F67F2BBF7F64}.Release|Any CPU.ActiveCfg = Release|Any CPU
		{41C236B1-E041-4E98-82CC-F67F2BBF7F64}.Release|Any CPU.Build.0 = Release|Any CPU
		{FDC91696-DC12-4599-9B69-A37BA216DA5E}.Debug|Any CPU.ActiveCfg = Debug|Any CPU
		{FDC91696-DC12-4599-9B69-A37BA216DA5E}.Debug|Any CPU.Build.0 = Debug|Any CPU
		{FDC91696-DC12-4599-9B69-A37BA216DA5E}.Release|Any CPU.ActiveCfg = Release|Any CPU
		{FDC91696-DC12-4599-9B69-A37BA216DA5E}.Release|Any CPU.Build.0 = Release|Any CPU
		{576A7859-1774-4242-ACDB-2468A7CB2A67}.Debug|Any CPU.ActiveCfg = Debug|Any CPU
		{576A7859-1774-4242-ACDB-2468A7CB2A67}.Debug|Any CPU.Build.0 = Debug|Any CPU
		{576A7859-1774-4242-ACDB-2468A7CB2A67}.Release|Any CPU.ActiveCfg = Release|Any CPU
		{576A7859-1774-4242-ACDB-2468A7CB2A67}.Release|Any CPU.Build.0 = Release|Any CPU
		{64724E22-3E16-433F-806A-0C49D401E28C}.Debug|Any CPU.ActiveCfg = Debug|Any CPU
		{64724E22-3E16-433F-806A-0C49D401E28C}.Debug|Any CPU.Build.0 = Debug|Any CPU
		{64724E22-3E16-433F-806A-0C49D401E28C}.Release|Any CPU.ActiveCfg = Release|Any CPU
		{64724E22-3E16-433F-806A-0C49D401E28C}.Release|Any CPU.Build.0 = Release|Any CPU
		{74815341-0821-4897-AA68-C424AE62BAA2}.Debug|Any CPU.ActiveCfg = Debug|Any CPU
		{74815341-0821-4897-AA68-C424AE62BAA2}.Debug|Any CPU.Build.0 = Debug|Any CPU
		{74815341-0821-4897-AA68-C424AE62BAA2}.Release|Any CPU.ActiveCfg = Release|Any CPU
		{74815341-0821-4897-AA68-C424AE62BAA2}.Release|Any CPU.Build.0 = Release|Any CPU
		{C7EB4509-D103-4234-958A-5D82A2ACC0C3}.Debug|Any CPU.ActiveCfg = Debug|Any CPU
		{C7EB4509-D103-4234-958A-5D82A2ACC0C3}.Debug|Any CPU.Build.0 = Debug|Any CPU
		{C7EB4509-D103-4234-958A-5D82A2ACC0C3}.Release|Any CPU.ActiveCfg = Release|Any CPU
		{C7EB4509-D103-4234-958A-5D82A2ACC0C3}.Release|Any CPU.Build.0 = Release|Any CPU
		{9CA38AB7-A8FB-449A-A7A8-7E8ADF5C3F8E}.Debug|Any CPU.ActiveCfg = Debug|Any CPU
		{9CA38AB7-A8FB-449A-A7A8-7E8ADF5C3F8E}.Debug|Any CPU.Build.0 = Debug|Any CPU
		{9CA38AB7-A8FB-449A-A7A8-7E8ADF5C3F8E}.Release|Any CPU.ActiveCfg = Release|Any CPU
		{9CA38AB7-A8FB-449A-A7A8-7E8ADF5C3F8E}.Release|Any CPU.Build.0 = Release|Any CPU
	EndGlobalSection
	GlobalSection(SolutionProperties) = preSolution
		HideSolutionNode = FALSE
	EndGlobalSection
	GlobalSection(NestedProjects) = preSolution
		{51FBBBE8-5424-43D6-B4E9-25ECAF4547FA} = {5A089D7F-DF90-4117-8B55-75DE281D84A8}
		{910735EC-7D55-46E9-83B5-26AEEA61ABE4} = {51FBBBE8-5424-43D6-B4E9-25ECAF4547FA}
		{A7CFFE98-D302-47A1-AC62-C6D68C930C47} = {51FBBBE8-5424-43D6-B4E9-25ECAF4547FA}
		{B3C8B684-1B36-4048-B60F-50A949D7C53A} = {51FBBBE8-5424-43D6-B4E9-25ECAF4547FA}
		{E85AB36C-8600-4EDF-9237-83CBC5568752} = {5A089D7F-DF90-4117-8B55-75DE281D84A8}
		{82F16111-656F-4FB1-B971-15A3F19E504F} = {5A089D7F-DF90-4117-8B55-75DE281D84A8}
		{8E0B90F2-0CF7-4828-8756-2BFE6BC4D30B} = {5A089D7F-DF90-4117-8B55-75DE281D84A8}
		{3D704901-48D0-4FE5-8327-3DDF76D46758} = {5A089D7F-DF90-4117-8B55-75DE281D84A8}
		{3FC3A452-7AD6-4EB8-A2CD-45EEAD027393} = {5A089D7F-DF90-4117-8B55-75DE281D84A8}
		{27EB9112-F993-4086-81BB-154B549AE266} = {FDE1F813-8E26-482C-9EBE-28562431F395}
		{C8064F68-8A8B-4CC6-82AF-A6DDE5D9BBEE} = {750C2979-5AB1-40FE-911E-3FD22CE2B5D8}
		{035ABB53-6EE2-46DD-BE52-309FA0D12385} = {5A089D7F-DF90-4117-8B55-75DE281D84A8}
		{3111A918-B973-4593-92C7-42CFE5729E83} = {035ABB53-6EE2-46DD-BE52-309FA0D12385}
		{93511F9F-6068-4752-8841-AE913D440B9A} = {5A089D7F-DF90-4117-8B55-75DE281D84A8}
		{34B5B94B-37CD-4DBE-B19D-FC344BD42243} = {93511F9F-6068-4752-8841-AE913D440B9A}
		{83B865C6-1E29-4F42-B331-98C1C75DDAB1} = {93511F9F-6068-4752-8841-AE913D440B9A}
		{EE25D7F3-C853-4000-98B8-EF197747F51F} = {51FBBBE8-5424-43D6-B4E9-25ECAF4547FA}
		{6D0CD322-0092-4FE1-B798-3A3F49805DB2} = {5A089D7F-DF90-4117-8B55-75DE281D84A8}
		{75D2E416-C051-42C0-B101-582A73B0B6BD} = {6D0CD322-0092-4FE1-B798-3A3F49805DB2}
		{F92147E6-EBB1-4E67-88D5-4C5D29628807} = {6D0CD322-0092-4FE1-B798-3A3F49805DB2}
		{4B6BD770-A7E0-468C-B11D-94EECE90CED3} = {6D0CD322-0092-4FE1-B798-3A3F49805DB2}
		{7FF28DB7-A6A0-4F5B-94ED-77030279DCCC} = {6D0CD322-0092-4FE1-B798-3A3F49805DB2}
		{DEC3E6F1-DB6F-4179-B01A-2724FA1AC25E} = {6D0CD322-0092-4FE1-B798-3A3F49805DB2}
		{9BC16700-0AC9-4FA5-AC24-E8CA984727F7} = {6D0CD322-0092-4FE1-B798-3A3F49805DB2}
		{65761801-9134-4342-BE98-2D7029073EB5} = {6D0CD322-0092-4FE1-B798-3A3F49805DB2}
		{4FE50012-220D-41E8-8238-8F5C2B3DDA7A} = {6D0CD322-0092-4FE1-B798-3A3F49805DB2}
		{799157A3-9C0C-4A44-9301-4B8CA5D23199} = {93511F9F-6068-4752-8841-AE913D440B9A}
		{93F02641-B4BF-4A65-A50B-52C0E84CCF03} = {6D0CD322-0092-4FE1-B798-3A3F49805DB2}
		{5C62119A-4F22-4F9E-B63D-8FF6A2532A9F} = {51FBBBE8-5424-43D6-B4E9-25ECAF4547FA}
		{B16B4169-7473-446F-978C-E1A4201E8A78} = {6D0CD322-0092-4FE1-B798-3A3F49805DB2}
		{CDAC010F-546E-496D-B9FA-4D5026B0A055} = {5A089D7F-DF90-4117-8B55-75DE281D84A8}
		{313C337B-C9B7-4D08-B8D8-11BE869922BE} = {CDAC010F-546E-496D-B9FA-4D5026B0A055}
		{09B1D9B5-1D60-4275-9781-FCD098E26CF3} = {CDAC010F-546E-496D-B9FA-4D5026B0A055}
		{A3C26487-C210-4A71-9473-1B15E776BB9C} = {CDAC010F-546E-496D-B9FA-4D5026B0A055}
		{67D9FBC1-3323-4E5A-AF1A-26A2C0C86993} = {CDAC010F-546E-496D-B9FA-4D5026B0A055}
		{0C23D6B0-0AB7-4D85-920F-CF916AB584F6} = {CDAC010F-546E-496D-B9FA-4D5026B0A055}
		{3A5D5D21-1878-4715-936B-2708CD7D5A8C} = {CDAC010F-546E-496D-B9FA-4D5026B0A055}
		{88524ED8-2A58-4776-AD14-E11B98EF2890} = {6D0CD322-0092-4FE1-B798-3A3F49805DB2}
		{8ACCE654-3B43-4B37-BDF4-69E466BD82B3} = {CDAC010F-546E-496D-B9FA-4D5026B0A055}
		{41C236B1-E041-4E98-82CC-F67F2BBF7F64} = {CDAC010F-546E-496D-B9FA-4D5026B0A055}
		{5363F714-E5AD-4005-9BDA-B555BCBC694F} = {5A089D7F-DF90-4117-8B55-75DE281D84A8}
		{FDC91696-DC12-4599-9B69-A37BA216DA5E} = {5363F714-E5AD-4005-9BDA-B555BCBC694F}
		{576A7859-1774-4242-ACDB-2468A7CB2A67} = {5363F714-E5AD-4005-9BDA-B555BCBC694F}
		{64724E22-3E16-433F-806A-0C49D401E28C} = {5363F714-E5AD-4005-9BDA-B555BCBC694F}
		{74815341-0821-4897-AA68-C424AE62BAA2} = {5363F714-E5AD-4005-9BDA-B555BCBC694F}
		{C7EB4509-D103-4234-958A-5D82A2ACC0C3} = {6D0CD322-0092-4FE1-B798-3A3F49805DB2}
		{9CA38AB7-A8FB-449A-A7A8-7E8ADF5C3F8E} = {CDAC010F-546E-496D-B9FA-4D5026B0A055}
	EndGlobalSection
EndGlobal
