
Microsoft Visual Studio Solution File, Format Version 12.00
# Visual Studio 14
VisualStudioVersion = 14.0.24720.0
MinimumVisualStudioVersion = 10.0.40219.1
Project("{8BC9CEB8-8B4A-11D0-8D11-00A0C91BC942}") = "PrtDist", "Src\PrtDist\Core\PrtDist.vcxproj", "{88589011-C704-470A-8A39-05DC0C816DA8}"
EndProject
Project("{8BC9CEB8-8B4A-11D0-8D11-00A0C91BC942}") = "PrtWinUser", "Src\PrtDist\PrtWinUser.vcxproj", "{F8C72C0E-450C-4AE1-9885-31B8565C1D63}"
EndProject
Project("{8BC9CEB8-8B4A-11D0-8D11-00A0C91BC942}") = "NodeManager", "Src\PrtDist\NodeManager\NodeManager.vcxproj", "{2C375A16-2C95-45C6-96A7-2EA71C4A6471}"
EndProject
Project("{FAE04EC0-301F-11D3-BF4B-00C04F79EFBC}") = "Deployer", "Src\PrtDist\Deployer\Deployer.csproj", "{C2508569-C97E-4487-8B97-BC5D7179A56B}"
EndProject
Project("{8BC9CEB8-8B4A-11D0-8D11-00A0C91BC942}") = "PrtIDL", "Src\Prt\IDL\PrtIDL.vcxproj", "{13DCFB0E-A18A-4E6B-AE2E-F46A7B89A145}"
EndProject
Project("{2150E333-8FDC-42A3-9474-1A3956D46DE8}") = "Runtime", "Runtime", "{D641DC13-F2F0-4365-963A-DCFC80BABCAA}"
EndProject
Project("{2150E333-8FDC-42A3-9474-1A3956D46DE8}") = "Compiler", "Compiler", "{89F15959-6264-40C0-90F9-8387B3EBAE54}"
EndProject
Project("{FAE04EC0-301F-11D3-BF4B-00C04F79EFBC}") = "Compiler", "Src\Pc\Compiler\Compiler.csproj", "{ED76217F-2452-4A35-90F6-6EB6CCF2D882}"
EndProject
Project("{FAE04EC0-301F-11D3-BF4B-00C04F79EFBC}") = "CParser", "Src\Parsers\CParser\CParser.csproj", "{55AFEA71-DA6D-4258-9193-29942EBBBE48}"
EndProject
Project("{FAE04EC0-301F-11D3-BF4B-00C04F79EFBC}") = "ZingParser", "Src\Parsers\ZingParser\ZingParser.csproj", "{09A73016-0395-4014-8F26-0DD25ED81D12}"
EndProject
Project("{FAE04EC0-301F-11D3-BF4B-00C04F79EFBC}") = "CommandLine", "Src\Pc\CommandLine\CommandLine.csproj", "{48B4C337-CD13-4826-B6A1-DA97CE71511B}"
EndProject
Project("{FAE04EC0-301F-11D3-BF4B-00C04F79EFBC}") = "InteractiveCommandLine", "Src\Pc\InteractiveCommandLine\InteractiveCommandLine.csproj", "{2AC6C51F-C987-477D-9A70-B71B7EE5323E}"
EndProject
Project("{FAE04EC0-301F-11D3-BF4B-00C04F79EFBC}") = "PVisualizer", "Src\PVisualizer\PVisualizer.csproj", "{9EA5F2E1-7FFA-4A0C-B439-BEAE64B952C5}"
EndProject
Project("{2150E333-8FDC-42A3-9474-1A3956D46DE8}") = "Test", "Test", "{408D1D91-2385-4C87-B713-D3ACCA4BAEAB}"
EndProject
Project("{8BC9CEB8-8B4A-11D0-8D11-00A0C91BC942}") = "PingPongSimple", "Src\PrtDist\Samples\PingPongSimple\PingPongSimple.vcxproj", "{3EC51A08-22A0-4BB8-A784-6516F0DC1474}"
	ProjectSection(ProjectDependencies) = postProject
		{F8C72C0E-450C-4AE1-9885-31B8565C1D63} = {F8C72C0E-450C-4AE1-9885-31B8565C1D63}
		{13DCFB0E-A18A-4E6B-AE2E-F46A7B89A145} = {13DCFB0E-A18A-4E6B-AE2E-F46A7B89A145}
		{88589011-C704-470A-8A39-05DC0C816DA8} = {88589011-C704-470A-8A39-05DC0C816DA8}
		{09A73016-0395-4014-8F26-0DD25ED81D12} = {09A73016-0395-4014-8F26-0DD25ED81D12}
		{2C375A16-2C95-45C6-96A7-2EA71C4A6471} = {2C375A16-2C95-45C6-96A7-2EA71C4A6471}
		{48B4C337-CD13-4826-B6A1-DA97CE71511B} = {48B4C337-CD13-4826-B6A1-DA97CE71511B}
		{55AFEA71-DA6D-4258-9193-29942EBBBE48} = {55AFEA71-DA6D-4258-9193-29942EBBBE48}
		{ED76217F-2452-4A35-90F6-6EB6CCF2D882} = {ED76217F-2452-4A35-90F6-6EB6CCF2D882}
	EndProjectSection
EndProject
Project("{2150E333-8FDC-42A3-9474-1A3956D46DE8}") = "Tools", "Tools", "{6B36C087-8924-4B31-BE1F-91837CED42A5}"
EndProject
Project("{FAE04EC0-301F-11D3-BF4B-00C04F79EFBC}") = "RunPTool", "Tst\Tools\RunPTool\RunPTool.csproj", "{1465D6AF-F12F-4D91-B103-A792C625FA66}"
EndProject
Project("{FAE04EC0-301F-11D3-BF4B-00C04F79EFBC}") = "CheckP", "Tst\Tools\CheckP\CheckP.csproj", "{D614D3EC-C765-4B47-8002-E683C16C5865}"
EndProject
Project("{2150E333-8FDC-42A3-9474-1A3956D46DE8}") = "Samples", "Samples", "{D47A1CE9-D9FF-4CE8-B06F-D320FE9565E9}"
EndProject
Project("{8BC9CEB8-8B4A-11D0-8D11-00A0C91BC942}") = "ForeignTypes", "Src\Prt\Samples\ForeignTypes\ForeignTypes.vcxproj", "{65DF9D53-1461-43AE-9A50-43E7C4D55E05}"
	ProjectSection(ProjectDependencies) = postProject
		{F8C72C0E-450C-4AE1-9885-31B8565C1D63} = {F8C72C0E-450C-4AE1-9885-31B8565C1D63}
		{13DCFB0E-A18A-4E6B-AE2E-F46A7B89A145} = {13DCFB0E-A18A-4E6B-AE2E-F46A7B89A145}
		{88589011-C704-470A-8A39-05DC0C816DA8} = {88589011-C704-470A-8A39-05DC0C816DA8}
		{2C375A16-2C95-45C6-96A7-2EA71C4A6471} = {2C375A16-2C95-45C6-96A7-2EA71C4A6471}
		{2AC6C51F-C987-477D-9A70-B71B7EE5323E} = {2AC6C51F-C987-477D-9A70-B71B7EE5323E}
		{48B4C337-CD13-4826-B6A1-DA97CE71511B} = {48B4C337-CD13-4826-B6A1-DA97CE71511B}
		{C2508569-C97E-4487-8B97-BC5D7179A56B} = {C2508569-C97E-4487-8B97-BC5D7179A56B}
		{55AFEA71-DA6D-4258-9193-29942EBBBE48} = {55AFEA71-DA6D-4258-9193-29942EBBBE48}
		{ED76217F-2452-4A35-90F6-6EB6CCF2D882} = {ED76217F-2452-4A35-90F6-6EB6CCF2D882}
	EndProjectSection
EndProject
Project("{8BC9CEB8-8B4A-11D0-8D11-00A0C91BC942}") = "ModelFnAndMachines", "Src\Prt\Samples\ModelFnAndMachines\ModelFnAndMachines.vcxproj", "{68CFEF09-5625-404E-BCBD-31CF55B1A09B}"
	ProjectSection(ProjectDependencies) = postProject
		{F8C72C0E-450C-4AE1-9885-31B8565C1D63} = {F8C72C0E-450C-4AE1-9885-31B8565C1D63}
		{13DCFB0E-A18A-4E6B-AE2E-F46A7B89A145} = {13DCFB0E-A18A-4E6B-AE2E-F46A7B89A145}
		{88589011-C704-470A-8A39-05DC0C816DA8} = {88589011-C704-470A-8A39-05DC0C816DA8}
		{2C375A16-2C95-45C6-96A7-2EA71C4A6471} = {2C375A16-2C95-45C6-96A7-2EA71C4A6471}
		{2AC6C51F-C987-477D-9A70-B71B7EE5323E} = {2AC6C51F-C987-477D-9A70-B71B7EE5323E}
		{48B4C337-CD13-4826-B6A1-DA97CE71511B} = {48B4C337-CD13-4826-B6A1-DA97CE71511B}
		{C2508569-C97E-4487-8B97-BC5D7179A56B} = {C2508569-C97E-4487-8B97-BC5D7179A56B}
		{55AFEA71-DA6D-4258-9193-29942EBBBE48} = {55AFEA71-DA6D-4258-9193-29942EBBBE48}
		{ED76217F-2452-4A35-90F6-6EB6CCF2D882} = {ED76217F-2452-4A35-90F6-6EB6CCF2D882}
	EndProjectSection
EndProject
Project("{8BC9CEB8-8B4A-11D0-8D11-00A0C91BC942}") = "FailureDetector", "Src\PrtDist\Samples\TechFest2015-Demo\FailureDetector.vcxproj", "{A57EA5EE-934D-41ED-9670-18AF76C52A96}"
	ProjectSection(ProjectDependencies) = postProject
		{F8C72C0E-450C-4AE1-9885-31B8565C1D63} = {F8C72C0E-450C-4AE1-9885-31B8565C1D63}
		{13DCFB0E-A18A-4E6B-AE2E-F46A7B89A145} = {13DCFB0E-A18A-4E6B-AE2E-F46A7B89A145}
		{88589011-C704-470A-8A39-05DC0C816DA8} = {88589011-C704-470A-8A39-05DC0C816DA8}
		{09A73016-0395-4014-8F26-0DD25ED81D12} = {09A73016-0395-4014-8F26-0DD25ED81D12}
		{2C375A16-2C95-45C6-96A7-2EA71C4A6471} = {2C375A16-2C95-45C6-96A7-2EA71C4A6471}
		{2AC6C51F-C987-477D-9A70-B71B7EE5323E} = {2AC6C51F-C987-477D-9A70-B71B7EE5323E}
		{48B4C337-CD13-4826-B6A1-DA97CE71511B} = {48B4C337-CD13-4826-B6A1-DA97CE71511B}
		{55AFEA71-DA6D-4258-9193-29942EBBBE48} = {55AFEA71-DA6D-4258-9193-29942EBBBE48}
		{ED76217F-2452-4A35-90F6-6EB6CCF2D882} = {ED76217F-2452-4A35-90F6-6EB6CCF2D882}
	EndProjectSection
EndProject
Project("{FAE04EC0-301F-11D3-BF4B-00C04F79EFBC}") = "DgmlLogViewer", "Tst\Tools\DgmlLogViewer\DgmlLogViewer.csproj", "{1454DADA-E822-43A6-B523-5F0C992D17F5}"
EndProject
Project("{8BC9CEB8-8B4A-11D0-8D11-00A0C91BC942}") = "PingPong", "Src\PrtDist\Samples\PingPong\PingPong.vcxproj", "{21BB07E5-A4E6-4BD3-AFC4-61B13BB0B667}"
	ProjectSection(ProjectDependencies) = postProject
		{F8C72C0E-450C-4AE1-9885-31B8565C1D63} = {F8C72C0E-450C-4AE1-9885-31B8565C1D63}
		{13DCFB0E-A18A-4E6B-AE2E-F46A7B89A145} = {13DCFB0E-A18A-4E6B-AE2E-F46A7B89A145}
		{88589011-C704-470A-8A39-05DC0C816DA8} = {88589011-C704-470A-8A39-05DC0C816DA8}
		{09A73016-0395-4014-8F26-0DD25ED81D12} = {09A73016-0395-4014-8F26-0DD25ED81D12}
		{48B4C337-CD13-4826-B6A1-DA97CE71511B} = {48B4C337-CD13-4826-B6A1-DA97CE71511B}
		{55AFEA71-DA6D-4258-9193-29942EBBBE48} = {55AFEA71-DA6D-4258-9193-29942EBBBE48}
		{ED76217F-2452-4A35-90F6-6EB6CCF2D882} = {ED76217F-2452-4A35-90F6-6EB6CCF2D882}
	EndProjectSection
EndProject
Global
	GlobalSection(SolutionConfigurationPlatforms) = preSolution
		Debug|Any CPU = Debug|Any CPU
		Debug|x64 = Debug|x64
		Debug|x86 = Debug|x86
		Release|Any CPU = Release|Any CPU
		Release|x64 = Release|x64
		Release|x86 = Release|x86
	EndGlobalSection
	GlobalSection(ProjectConfigurationPlatforms) = postSolution
		{88589011-C704-470A-8A39-05DC0C816DA8}.Debug|Any CPU.ActiveCfg = Debug|Win32
		{88589011-C704-470A-8A39-05DC0C816DA8}.Debug|x64.ActiveCfg = Debug|x64
		{88589011-C704-470A-8A39-05DC0C816DA8}.Debug|x64.Build.0 = Debug|x64
		{88589011-C704-470A-8A39-05DC0C816DA8}.Debug|x86.ActiveCfg = Debug|Win32
		{88589011-C704-470A-8A39-05DC0C816DA8}.Debug|x86.Build.0 = Debug|Win32
		{88589011-C704-470A-8A39-05DC0C816DA8}.Release|Any CPU.ActiveCfg = Release|Win32
		{88589011-C704-470A-8A39-05DC0C816DA8}.Release|x64.ActiveCfg = Release|x64
		{88589011-C704-470A-8A39-05DC0C816DA8}.Release|x64.Build.0 = Release|x64
		{88589011-C704-470A-8A39-05DC0C816DA8}.Release|x86.ActiveCfg = Release|Win32
		{88589011-C704-470A-8A39-05DC0C816DA8}.Release|x86.Build.0 = Release|Win32
		{F8C72C0E-450C-4AE1-9885-31B8565C1D63}.Debug|Any CPU.ActiveCfg = Debug|Win32
		{F8C72C0E-450C-4AE1-9885-31B8565C1D63}.Debug|x64.ActiveCfg = Debug|x64
		{F8C72C0E-450C-4AE1-9885-31B8565C1D63}.Debug|x64.Build.0 = Debug|x64
		{F8C72C0E-450C-4AE1-9885-31B8565C1D63}.Debug|x86.ActiveCfg = Debug|Win32
		{F8C72C0E-450C-4AE1-9885-31B8565C1D63}.Debug|x86.Build.0 = Debug|Win32
		{F8C72C0E-450C-4AE1-9885-31B8565C1D63}.Release|Any CPU.ActiveCfg = Release|Win32
		{F8C72C0E-450C-4AE1-9885-31B8565C1D63}.Release|x64.ActiveCfg = Release|x64
		{F8C72C0E-450C-4AE1-9885-31B8565C1D63}.Release|x64.Build.0 = Release|x64
		{F8C72C0E-450C-4AE1-9885-31B8565C1D63}.Release|x86.ActiveCfg = Release|Win32
		{F8C72C0E-450C-4AE1-9885-31B8565C1D63}.Release|x86.Build.0 = Release|Win32
		{2C375A16-2C95-45C6-96A7-2EA71C4A6471}.Debug|Any CPU.ActiveCfg = Debug|Win32
		{2C375A16-2C95-45C6-96A7-2EA71C4A6471}.Debug|x64.ActiveCfg = Debug|x64
		{2C375A16-2C95-45C6-96A7-2EA71C4A6471}.Debug|x64.Build.0 = Debug|x64
		{2C375A16-2C95-45C6-96A7-2EA71C4A6471}.Debug|x86.ActiveCfg = Debug|Win32
		{2C375A16-2C95-45C6-96A7-2EA71C4A6471}.Debug|x86.Build.0 = Debug|Win32
		{2C375A16-2C95-45C6-96A7-2EA71C4A6471}.Release|Any CPU.ActiveCfg = Release|Win32
		{2C375A16-2C95-45C6-96A7-2EA71C4A6471}.Release|x64.ActiveCfg = Release|x64
		{2C375A16-2C95-45C6-96A7-2EA71C4A6471}.Release|x64.Build.0 = Release|x64
		{2C375A16-2C95-45C6-96A7-2EA71C4A6471}.Release|x86.ActiveCfg = Release|Win32
		{2C375A16-2C95-45C6-96A7-2EA71C4A6471}.Release|x86.Build.0 = Release|Win32
		{C2508569-C97E-4487-8B97-BC5D7179A56B}.Debug|Any CPU.ActiveCfg = Debug|Any CPU
		{C2508569-C97E-4487-8B97-BC5D7179A56B}.Debug|Any CPU.Build.0 = Debug|Any CPU
		{C2508569-C97E-4487-8B97-BC5D7179A56B}.Debug|x64.ActiveCfg = Debug|x64
		{C2508569-C97E-4487-8B97-BC5D7179A56B}.Debug|x64.Build.0 = Debug|x64
		{C2508569-C97E-4487-8B97-BC5D7179A56B}.Debug|x86.ActiveCfg = Debug|x86
		{C2508569-C97E-4487-8B97-BC5D7179A56B}.Debug|x86.Build.0 = Debug|x86
		{C2508569-C97E-4487-8B97-BC5D7179A56B}.Release|Any CPU.ActiveCfg = Release|Any CPU
		{C2508569-C97E-4487-8B97-BC5D7179A56B}.Release|Any CPU.Build.0 = Release|Any CPU
		{C2508569-C97E-4487-8B97-BC5D7179A56B}.Release|x64.ActiveCfg = Release|x64
		{C2508569-C97E-4487-8B97-BC5D7179A56B}.Release|x64.Build.0 = Release|x64
		{C2508569-C97E-4487-8B97-BC5D7179A56B}.Release|x86.ActiveCfg = Release|x86
		{C2508569-C97E-4487-8B97-BC5D7179A56B}.Release|x86.Build.0 = Release|x86
		{13DCFB0E-A18A-4E6B-AE2E-F46A7B89A145}.Debug|Any CPU.ActiveCfg = Debug|Win32
		{13DCFB0E-A18A-4E6B-AE2E-F46A7B89A145}.Debug|x64.ActiveCfg = Debug|x64
		{13DCFB0E-A18A-4E6B-AE2E-F46A7B89A145}.Debug|x64.Build.0 = Debug|x64
		{13DCFB0E-A18A-4E6B-AE2E-F46A7B89A145}.Debug|x86.ActiveCfg = Debug|Win32
		{13DCFB0E-A18A-4E6B-AE2E-F46A7B89A145}.Debug|x86.Build.0 = Debug|Win32
		{13DCFB0E-A18A-4E6B-AE2E-F46A7B89A145}.Release|Any CPU.ActiveCfg = Release|Win32
		{13DCFB0E-A18A-4E6B-AE2E-F46A7B89A145}.Release|x64.ActiveCfg = Release|x64
		{13DCFB0E-A18A-4E6B-AE2E-F46A7B89A145}.Release|x64.Build.0 = Release|x64
		{13DCFB0E-A18A-4E6B-AE2E-F46A7B89A145}.Release|x86.ActiveCfg = Release|Win32
		{13DCFB0E-A18A-4E6B-AE2E-F46A7B89A145}.Release|x86.Build.0 = Release|Win32
		{ED76217F-2452-4A35-90F6-6EB6CCF2D882}.Debug|Any CPU.ActiveCfg = Debug|x86
		{ED76217F-2452-4A35-90F6-6EB6CCF2D882}.Debug|x64.ActiveCfg = Debug|x64
		{ED76217F-2452-4A35-90F6-6EB6CCF2D882}.Debug|x64.Build.0 = Debug|x64
		{ED76217F-2452-4A35-90F6-6EB6CCF2D882}.Debug|x86.ActiveCfg = Debug|x86
		{ED76217F-2452-4A35-90F6-6EB6CCF2D882}.Debug|x86.Build.0 = Debug|x86
		{ED76217F-2452-4A35-90F6-6EB6CCF2D882}.Release|Any CPU.ActiveCfg = Release|x86
		{ED76217F-2452-4A35-90F6-6EB6CCF2D882}.Release|x64.ActiveCfg = Release|x64
		{ED76217F-2452-4A35-90F6-6EB6CCF2D882}.Release|x64.Build.0 = Release|x64
		{ED76217F-2452-4A35-90F6-6EB6CCF2D882}.Release|x86.ActiveCfg = Release|x86
		{ED76217F-2452-4A35-90F6-6EB6CCF2D882}.Release|x86.Build.0 = Release|x86
		{55AFEA71-DA6D-4258-9193-29942EBBBE48}.Debug|Any CPU.ActiveCfg = Debug|x86
		{55AFEA71-DA6D-4258-9193-29942EBBBE48}.Debug|x64.ActiveCfg = Debug|x64
		{55AFEA71-DA6D-4258-9193-29942EBBBE48}.Debug|x64.Build.0 = Debug|x64
		{55AFEA71-DA6D-4258-9193-29942EBBBE48}.Debug|x86.ActiveCfg = Debug|x86
		{55AFEA71-DA6D-4258-9193-29942EBBBE48}.Debug|x86.Build.0 = Debug|x86
		{55AFEA71-DA6D-4258-9193-29942EBBBE48}.Release|Any CPU.ActiveCfg = Release|x86
		{55AFEA71-DA6D-4258-9193-29942EBBBE48}.Release|x64.ActiveCfg = Release|x64
		{55AFEA71-DA6D-4258-9193-29942EBBBE48}.Release|x64.Build.0 = Release|x64
		{55AFEA71-DA6D-4258-9193-29942EBBBE48}.Release|x86.ActiveCfg = Release|x86
		{55AFEA71-DA6D-4258-9193-29942EBBBE48}.Release|x86.Build.0 = Release|x86
		{09A73016-0395-4014-8F26-0DD25ED81D12}.Debug|Any CPU.ActiveCfg = Debug|x86
		{09A73016-0395-4014-8F26-0DD25ED81D12}.Debug|x64.ActiveCfg = Debug|x64
		{09A73016-0395-4014-8F26-0DD25ED81D12}.Debug|x64.Build.0 = Debug|x64
		{09A73016-0395-4014-8F26-0DD25ED81D12}.Debug|x86.ActiveCfg = Debug|x86
		{09A73016-0395-4014-8F26-0DD25ED81D12}.Debug|x86.Build.0 = Debug|x86
		{09A73016-0395-4014-8F26-0DD25ED81D12}.Release|Any CPU.ActiveCfg = Release|x86
		{09A73016-0395-4014-8F26-0DD25ED81D12}.Release|x64.ActiveCfg = Release|x64
		{09A73016-0395-4014-8F26-0DD25ED81D12}.Release|x64.Build.0 = Release|x64
		{09A73016-0395-4014-8F26-0DD25ED81D12}.Release|x86.ActiveCfg = Release|x86
		{09A73016-0395-4014-8F26-0DD25ED81D12}.Release|x86.Build.0 = Release|x86
		{48B4C337-CD13-4826-B6A1-DA97CE71511B}.Debug|Any CPU.ActiveCfg = Debug|x86
		{48B4C337-CD13-4826-B6A1-DA97CE71511B}.Debug|x64.ActiveCfg = Debug|x64
		{48B4C337-CD13-4826-B6A1-DA97CE71511B}.Debug|x64.Build.0 = Debug|x64
		{48B4C337-CD13-4826-B6A1-DA97CE71511B}.Debug|x86.ActiveCfg = Debug|x86
		{48B4C337-CD13-4826-B6A1-DA97CE71511B}.Debug|x86.Build.0 = Debug|x86
		{48B4C337-CD13-4826-B6A1-DA97CE71511B}.Release|Any CPU.ActiveCfg = Release|x86
		{48B4C337-CD13-4826-B6A1-DA97CE71511B}.Release|x64.ActiveCfg = Release|x64
		{48B4C337-CD13-4826-B6A1-DA97CE71511B}.Release|x64.Build.0 = Release|x64
		{48B4C337-CD13-4826-B6A1-DA97CE71511B}.Release|x86.ActiveCfg = Release|x86
		{48B4C337-CD13-4826-B6A1-DA97CE71511B}.Release|x86.Build.0 = Release|x86
		{2AC6C51F-C987-477D-9A70-B71B7EE5323E}.Debug|Any CPU.ActiveCfg = Debug|x86
		{2AC6C51F-C987-477D-9A70-B71B7EE5323E}.Debug|x64.ActiveCfg = Debug|x64
		{2AC6C51F-C987-477D-9A70-B71B7EE5323E}.Debug|x64.Build.0 = Debug|x64
		{2AC6C51F-C987-477D-9A70-B71B7EE5323E}.Debug|x86.ActiveCfg = Debug|x86
		{2AC6C51F-C987-477D-9A70-B71B7EE5323E}.Debug|x86.Build.0 = Debug|x86
		{2AC6C51F-C987-477D-9A70-B71B7EE5323E}.Release|Any CPU.ActiveCfg = Release|x86
		{2AC6C51F-C987-477D-9A70-B71B7EE5323E}.Release|x64.ActiveCfg = Release|x64
		{2AC6C51F-C987-477D-9A70-B71B7EE5323E}.Release|x64.Build.0 = Release|x64
		{2AC6C51F-C987-477D-9A70-B71B7EE5323E}.Release|x86.ActiveCfg = Release|x86
		{2AC6C51F-C987-477D-9A70-B71B7EE5323E}.Release|x86.Build.0 = Release|x86
		{9EA5F2E1-7FFA-4A0C-B439-BEAE64B952C5}.Debug|Any CPU.ActiveCfg = Debug|x86
		{9EA5F2E1-7FFA-4A0C-B439-BEAE64B952C5}.Debug|x64.ActiveCfg = Debug|x64
		{9EA5F2E1-7FFA-4A0C-B439-BEAE64B952C5}.Debug|x64.Build.0 = Debug|x64
		{9EA5F2E1-7FFA-4A0C-B439-BEAE64B952C5}.Debug|x86.ActiveCfg = Debug|x86
		{9EA5F2E1-7FFA-4A0C-B439-BEAE64B952C5}.Debug|x86.Build.0 = Debug|x86
		{9EA5F2E1-7FFA-4A0C-B439-BEAE64B952C5}.Release|Any CPU.ActiveCfg = Release|x86
		{9EA5F2E1-7FFA-4A0C-B439-BEAE64B952C5}.Release|x64.ActiveCfg = Release|x64
		{9EA5F2E1-7FFA-4A0C-B439-BEAE64B952C5}.Release|x64.Build.0 = Release|x64
		{9EA5F2E1-7FFA-4A0C-B439-BEAE64B952C5}.Release|x86.ActiveCfg = Release|x86
		{9EA5F2E1-7FFA-4A0C-B439-BEAE64B952C5}.Release|x86.Build.0 = Release|x86
		{3EC51A08-22A0-4BB8-A784-6516F0DC1474}.Debug|Any CPU.ActiveCfg = Debug|Win32
		{3EC51A08-22A0-4BB8-A784-6516F0DC1474}.Debug|x64.ActiveCfg = Debug|x64
		{3EC51A08-22A0-4BB8-A784-6516F0DC1474}.Debug|x64.Build.0 = Debug|x64
		{3EC51A08-22A0-4BB8-A784-6516F0DC1474}.Debug|x86.ActiveCfg = Debug|Win32
		{3EC51A08-22A0-4BB8-A784-6516F0DC1474}.Debug|x86.Build.0 = Debug|Win32
		{3EC51A08-22A0-4BB8-A784-6516F0DC1474}.Release|Any CPU.ActiveCfg = Release|Win32
		{3EC51A08-22A0-4BB8-A784-6516F0DC1474}.Release|x64.ActiveCfg = Release|x64
		{3EC51A08-22A0-4BB8-A784-6516F0DC1474}.Release|x64.Build.0 = Release|x64
		{3EC51A08-22A0-4BB8-A784-6516F0DC1474}.Release|x86.ActiveCfg = Release|Win32
		{3EC51A08-22A0-4BB8-A784-6516F0DC1474}.Release|x86.Build.0 = Release|Win32
		{1465D6AF-F12F-4D91-B103-A792C625FA66}.Debug|Any CPU.ActiveCfg = Debug|Any CPU
		{1465D6AF-F12F-4D91-B103-A792C625FA66}.Debug|Any CPU.Build.0 = Debug|Any CPU
		{1465D6AF-F12F-4D91-B103-A792C625FA66}.Debug|x64.ActiveCfg = Debug|x64
		{1465D6AF-F12F-4D91-B103-A792C625FA66}.Debug|x64.Build.0 = Debug|x64
		{1465D6AF-F12F-4D91-B103-A792C625FA66}.Debug|x86.ActiveCfg = Debug|x86
		{1465D6AF-F12F-4D91-B103-A792C625FA66}.Debug|x86.Build.0 = Debug|x86
		{1465D6AF-F12F-4D91-B103-A792C625FA66}.Release|Any CPU.ActiveCfg = Release|Any CPU
		{1465D6AF-F12F-4D91-B103-A792C625FA66}.Release|Any CPU.Build.0 = Release|Any CPU
		{1465D6AF-F12F-4D91-B103-A792C625FA66}.Release|x64.ActiveCfg = Release|x64
		{1465D6AF-F12F-4D91-B103-A792C625FA66}.Release|x64.Build.0 = Release|x64
		{1465D6AF-F12F-4D91-B103-A792C625FA66}.Release|x86.ActiveCfg = Release|x86
		{1465D6AF-F12F-4D91-B103-A792C625FA66}.Release|x86.Build.0 = Release|x86
		{D614D3EC-C765-4B47-8002-E683C16C5865}.Debug|Any CPU.ActiveCfg = Debug|Any CPU
		{D614D3EC-C765-4B47-8002-E683C16C5865}.Debug|Any CPU.Build.0 = Debug|Any CPU
		{D614D3EC-C765-4B47-8002-E683C16C5865}.Debug|x64.ActiveCfg = Debug|x64
		{D614D3EC-C765-4B47-8002-E683C16C5865}.Debug|x64.Build.0 = Debug|x64
		{D614D3EC-C765-4B47-8002-E683C16C5865}.Debug|x86.ActiveCfg = Debug|x86
		{D614D3EC-C765-4B47-8002-E683C16C5865}.Debug|x86.Build.0 = Debug|x86
		{D614D3EC-C765-4B47-8002-E683C16C5865}.Release|Any CPU.ActiveCfg = Release|Any CPU
		{D614D3EC-C765-4B47-8002-E683C16C5865}.Release|Any CPU.Build.0 = Release|Any CPU
		{D614D3EC-C765-4B47-8002-E683C16C5865}.Release|x64.ActiveCfg = Release|x64
		{D614D3EC-C765-4B47-8002-E683C16C5865}.Release|x64.Build.0 = Release|x64
		{D614D3EC-C765-4B47-8002-E683C16C5865}.Release|x86.ActiveCfg = Release|x86
		{D614D3EC-C765-4B47-8002-E683C16C5865}.Release|x86.Build.0 = Release|x86
		{65DF9D53-1461-43AE-9A50-43E7C4D55E05}.Debug|Any CPU.ActiveCfg = Debug|Win32
		{65DF9D53-1461-43AE-9A50-43E7C4D55E05}.Debug|x64.ActiveCfg = Debug|Win32
		{65DF9D53-1461-43AE-9A50-43E7C4D55E05}.Debug|x86.ActiveCfg = Debug|Win32
		{65DF9D53-1461-43AE-9A50-43E7C4D55E05}.Debug|x86.Build.0 = Debug|Win32
		{65DF9D53-1461-43AE-9A50-43E7C4D55E05}.Release|Any CPU.ActiveCfg = Release|Win32
		{65DF9D53-1461-43AE-9A50-43E7C4D55E05}.Release|x64.ActiveCfg = Release|Win32
		{65DF9D53-1461-43AE-9A50-43E7C4D55E05}.Release|x86.ActiveCfg = Release|Win32
		{65DF9D53-1461-43AE-9A50-43E7C4D55E05}.Release|x86.Build.0 = Release|Win32
		{68CFEF09-5625-404E-BCBD-31CF55B1A09B}.Debug|Any CPU.ActiveCfg = Debug|Win32
		{68CFEF09-5625-404E-BCBD-31CF55B1A09B}.Debug|x64.ActiveCfg = Debug|Win32
		{68CFEF09-5625-404E-BCBD-31CF55B1A09B}.Debug|x86.ActiveCfg = Debug|Win32
		{68CFEF09-5625-404E-BCBD-31CF55B1A09B}.Debug|x86.Build.0 = Debug|Win32
		{68CFEF09-5625-404E-BCBD-31CF55B1A09B}.Release|Any CPU.ActiveCfg = Release|Win32
		{68CFEF09-5625-404E-BCBD-31CF55B1A09B}.Release|x64.ActiveCfg = Release|Win32
		{68CFEF09-5625-404E-BCBD-31CF55B1A09B}.Release|x86.ActiveCfg = Release|Win32
		{68CFEF09-5625-404E-BCBD-31CF55B1A09B}.Release|x86.Build.0 = Release|Win32
		{A57EA5EE-934D-41ED-9670-18AF76C52A96}.Debug|Any CPU.ActiveCfg = Debug|Win32
		{A57EA5EE-934D-41ED-9670-18AF76C52A96}.Debug|x64.ActiveCfg = Debug|x64
		{A57EA5EE-934D-41ED-9670-18AF76C52A96}.Debug|x64.Build.0 = Debug|x64
		{A57EA5EE-934D-41ED-9670-18AF76C52A96}.Debug|x86.ActiveCfg = Debug|Win32
		{A57EA5EE-934D-41ED-9670-18AF76C52A96}.Debug|x86.Build.0 = Debug|Win32
		{A57EA5EE-934D-41ED-9670-18AF76C52A96}.Release|Any CPU.ActiveCfg = Release|Win32
		{A57EA5EE-934D-41ED-9670-18AF76C52A96}.Release|x64.ActiveCfg = Release|x64
		{A57EA5EE-934D-41ED-9670-18AF76C52A96}.Release|x64.Build.0 = Release|x64
		{A57EA5EE-934D-41ED-9670-18AF76C52A96}.Release|x86.ActiveCfg = Release|Win32
		{A57EA5EE-934D-41ED-9670-18AF76C52A96}.Release|x86.Build.0 = Release|Win32
		{1454DADA-E822-43A6-B523-5F0C992D17F5}.Debug|Any CPU.ActiveCfg = Debug|Any CPU
		{1454DADA-E822-43A6-B523-5F0C992D17F5}.Debug|Any CPU.Build.0 = Debug|Any CPU
		{1454DADA-E822-43A6-B523-5F0C992D17F5}.Debug|x64.ActiveCfg = Debug|Any CPU
		{1454DADA-E822-43A6-B523-5F0C992D17F5}.Debug|x64.Build.0 = Debug|Any CPU
		{1454DADA-E822-43A6-B523-5F0C992D17F5}.Debug|x86.ActiveCfg = Debug|Any CPU
		{1454DADA-E822-43A6-B523-5F0C992D17F5}.Debug|x86.Build.0 = Debug|Any CPU
		{1454DADA-E822-43A6-B523-5F0C992D17F5}.Release|Any CPU.ActiveCfg = Release|Any CPU
		{1454DADA-E822-43A6-B523-5F0C992D17F5}.Release|Any CPU.Build.0 = Release|Any CPU
		{1454DADA-E822-43A6-B523-5F0C992D17F5}.Release|x64.ActiveCfg = Release|Any CPU
		{1454DADA-E822-43A6-B523-5F0C992D17F5}.Release|x64.Build.0 = Release|Any CPU
		{1454DADA-E822-43A6-B523-5F0C992D17F5}.Release|x86.ActiveCfg = Release|Any CPU
		{1454DADA-E822-43A6-B523-5F0C992D17F5}.Release|x86.Build.0 = Release|Any CPU
		{21BB07E5-A4E6-4BD3-AFC4-61B13BB0B667}.Debug|Any CPU.ActiveCfg = Debug|Win32
		{21BB07E5-A4E6-4BD3-AFC4-61B13BB0B667}.Debug|x64.ActiveCfg = Debug|Win32
		{21BB07E5-A4E6-4BD3-AFC4-61B13BB0B667}.Debug|x86.ActiveCfg = Debug|Win32
		{21BB07E5-A4E6-4BD3-AFC4-61B13BB0B667}.Debug|x86.Build.0 = Debug|Win32
		{21BB07E5-A4E6-4BD3-AFC4-61B13BB0B667}.Release|Any CPU.ActiveCfg = Release|Win32
		{21BB07E5-A4E6-4BD3-AFC4-61B13BB0B667}.Release|x64.ActiveCfg = Release|Win32
		{21BB07E5-A4E6-4BD3-AFC4-61B13BB0B667}.Release|x86.ActiveCfg = Release|Win32
		{21BB07E5-A4E6-4BD3-AFC4-61B13BB0B667}.Release|x86.Build.0 = Release|Win32
	EndGlobalSection
	GlobalSection(SolutionProperties) = preSolution
		HideSolutionNode = FALSE
	EndGlobalSection
	GlobalSection(NestedProjects) = preSolution
		{88589011-C704-470A-8A39-05DC0C816DA8} = {D641DC13-F2F0-4365-963A-DCFC80BABCAA}
		{F8C72C0E-450C-4AE1-9885-31B8565C1D63} = {D641DC13-F2F0-4365-963A-DCFC80BABCAA}
		{2C375A16-2C95-45C6-96A7-2EA71C4A6471} = {D641DC13-F2F0-4365-963A-DCFC80BABCAA}
		{C2508569-C97E-4487-8B97-BC5D7179A56B} = {D641DC13-F2F0-4365-963A-DCFC80BABCAA}
		{13DCFB0E-A18A-4E6B-AE2E-F46A7B89A145} = {D641DC13-F2F0-4365-963A-DCFC80BABCAA}
		{ED76217F-2452-4A35-90F6-6EB6CCF2D882} = {89F15959-6264-40C0-90F9-8387B3EBAE54}
		{55AFEA71-DA6D-4258-9193-29942EBBBE48} = {89F15959-6264-40C0-90F9-8387B3EBAE54}
		{09A73016-0395-4014-8F26-0DD25ED81D12} = {89F15959-6264-40C0-90F9-8387B3EBAE54}
		{48B4C337-CD13-4826-B6A1-DA97CE71511B} = {89F15959-6264-40C0-90F9-8387B3EBAE54}
		{2AC6C51F-C987-477D-9A70-B71B7EE5323E} = {89F15959-6264-40C0-90F9-8387B3EBAE54}
		{9EA5F2E1-7FFA-4A0C-B439-BEAE64B952C5} = {89F15959-6264-40C0-90F9-8387B3EBAE54}
		{3EC51A08-22A0-4BB8-A784-6516F0DC1474} = {D47A1CE9-D9FF-4CE8-B06F-D320FE9565E9}
		{1465D6AF-F12F-4D91-B103-A792C625FA66} = {6B36C087-8924-4B31-BE1F-91837CED42A5}
		{D614D3EC-C765-4B47-8002-E683C16C5865} = {6B36C087-8924-4B31-BE1F-91837CED42A5}
		{65DF9D53-1461-43AE-9A50-43E7C4D55E05} = {D47A1CE9-D9FF-4CE8-B06F-D320FE9565E9}
		{68CFEF09-5625-404E-BCBD-31CF55B1A09B} = {D47A1CE9-D9FF-4CE8-B06F-D320FE9565E9}
		{A57EA5EE-934D-41ED-9670-18AF76C52A96} = {D47A1CE9-D9FF-4CE8-B06F-D320FE9565E9}
		{1454DADA-E822-43A6-B523-5F0C992D17F5} = {6B36C087-8924-4B31-BE1F-91837CED42A5}
		{21BB07E5-A4E6-4BD3-AFC4-61B13BB0B667} = {D47A1CE9-D9FF-4CE8-B06F-D320FE9565E9}
	EndGlobalSection
EndGlobal
