
Microsoft Visual Studio Solution File, Format Version 12.00
# Visual Studio 15
VisualStudioVersion = 15.0.27130.2036
MinimumVisualStudioVersion = 10.0.40219.1
Project("{2150E333-8FDC-42A3-9474-1A3956D46DE8}") = "Runtime", "Runtime", "{D641DC13-F2F0-4365-963A-DCFC80BABCAA}"
EndProject
Project("{9A19103F-16F7-4668-BE54-9A1E7A4F7556}") = "CommandLine", "Src\Pc\CommandLine\CommandLine.csproj", "{48B4C337-CD13-4826-B6A1-DA97CE71511B}"
EndProject
Project("{8BC9CEB8-8B4A-11D0-8D11-00A0C91BC942}") = "PingPongSimple", "Src\Samples\PingPongSimple\PingPongSimple.vcxproj", "{3EC51A08-22A0-4BB8-A784-6516F0DC1474}"
	ProjectSection(ProjectDependencies) = postProject
		{F8C72C0E-450C-4AE1-9885-31B8565C1D63} = {F8C72C0E-450C-4AE1-9885-31B8565C1D63}
		{48B4C337-CD13-4826-B6A1-DA97CE71511B} = {48B4C337-CD13-4826-B6A1-DA97CE71511B}
		{BA59B6B9-A623-4E8A-8D78-CE80E9BF2BAF} = {BA59B6B9-A623-4E8A-8D78-CE80E9BF2BAF}
	EndProjectSection
EndProject
Project("{2150E333-8FDC-42A3-9474-1A3956D46DE8}") = "Samples", "Samples", "{D47A1CE9-D9FF-4CE8-B06F-D320FE9565E9}"
EndProject
Project("{8BC9CEB8-8B4A-11D0-8D11-00A0C91BC942}") = "ForeignTypes", "Src\Samples\ForeignTypes\ForeignTypes.vcxproj", "{65DF9D53-1461-43AE-9A50-43E7C4D55E05}"
	ProjectSection(ProjectDependencies) = postProject
		{F8C72C0E-450C-4AE1-9885-31B8565C1D63} = {F8C72C0E-450C-4AE1-9885-31B8565C1D63}
		{48B4C337-CD13-4826-B6A1-DA97CE71511B} = {48B4C337-CD13-4826-B6A1-DA97CE71511B}
		{E0A9EC98-55A7-4434-8EB3-2801B015F00A} = {E0A9EC98-55A7-4434-8EB3-2801B015F00A}
		{BA59B6B9-A623-4E8A-8D78-CE80E9BF2BAF} = {BA59B6B9-A623-4E8A-8D78-CE80E9BF2BAF}
		{25142DD0-BC85-4156-8691-416FF932D341} = {25142DD0-BC85-4156-8691-416FF932D341}
	EndProjectSection
EndProject
Project("{8BC9CEB8-8B4A-11D0-8D11-00A0C91BC942}") = "FailureDetector", "Src\Samples\FailureDetector\FailureDetector.vcxproj", "{A57EA5EE-934D-41ED-9670-18AF76C52A96}"
	ProjectSection(ProjectDependencies) = postProject
		{F8C72C0E-450C-4AE1-9885-31B8565C1D63} = {F8C72C0E-450C-4AE1-9885-31B8565C1D63}
		{48B4C337-CD13-4826-B6A1-DA97CE71511B} = {48B4C337-CD13-4826-B6A1-DA97CE71511B}
		{E0A9EC98-55A7-4434-8EB3-2801B015F00A} = {E0A9EC98-55A7-4434-8EB3-2801B015F00A}
		{BA59B6B9-A623-4E8A-8D78-CE80E9BF2BAF} = {BA59B6B9-A623-4E8A-8D78-CE80E9BF2BAF}
	EndProjectSection
EndProject
Project("{8BC9CEB8-8B4A-11D0-8D11-00A0C91BC942}") = "PingPong", "Src\Samples\PingPong\PingPong.vcxproj", "{21BB07E5-A4E6-4BD3-AFC4-61B13BB0B667}"
	ProjectSection(ProjectDependencies) = postProject
		{F8C72C0E-450C-4AE1-9885-31B8565C1D63} = {F8C72C0E-450C-4AE1-9885-31B8565C1D63}
		{48B4C337-CD13-4826-B6A1-DA97CE71511B} = {48B4C337-CD13-4826-B6A1-DA97CE71511B}
		{BA59B6B9-A623-4E8A-8D78-CE80E9BF2BAF} = {BA59B6B9-A623-4E8A-8D78-CE80E9BF2BAF}
		{25142DD0-BC85-4156-8691-416FF932D341} = {25142DD0-BC85-4156-8691-416FF932D341}
	EndProjectSection
EndProject
Project("{8BC9CEB8-8B4A-11D0-8D11-00A0C91BC942}") = "PingPongFast", "Src\Samples\PingPongFast\PingPongFast.vcxproj", "{2010A7BF-C537-4311-9EE6-34DB5D9464B5}"
	ProjectSection(ProjectDependencies) = postProject
		{F8C72C0E-450C-4AE1-9885-31B8565C1D63} = {F8C72C0E-450C-4AE1-9885-31B8565C1D63}
		{48B4C337-CD13-4826-B6A1-DA97CE71511B} = {48B4C337-CD13-4826-B6A1-DA97CE71511B}
		{E0A9EC98-55A7-4434-8EB3-2801B015F00A} = {E0A9EC98-55A7-4434-8EB3-2801B015F00A}
		{BA59B6B9-A623-4E8A-8D78-CE80E9BF2BAF} = {BA59B6B9-A623-4E8A-8D78-CE80E9BF2BAF}
		{25142DD0-BC85-4156-8691-416FF932D341} = {25142DD0-BC85-4156-8691-416FF932D341}
	EndProjectSection
EndProject
Project("{8BC9CEB8-8B4A-11D0-8D11-00A0C91BC942}") = "Timer", "Src\Samples\Timer\Timer.vcxproj", "{25142DD0-BC85-4156-8691-416FF932D341}"
	ProjectSection(ProjectDependencies) = postProject
		{F8C72C0E-450C-4AE1-9885-31B8565C1D63} = {F8C72C0E-450C-4AE1-9885-31B8565C1D63}
		{48B4C337-CD13-4826-B6A1-DA97CE71511B} = {48B4C337-CD13-4826-B6A1-DA97CE71511B}
		{BA59B6B9-A623-4E8A-8D78-CE80E9BF2BAF} = {BA59B6B9-A623-4E8A-8D78-CE80E9BF2BAF}
	EndProjectSection
EndProject
Project("{2150E333-8FDC-42A3-9474-1A3956D46DE8}") = "Tests", "Tests", "{31FBBC4D-8756-4D60-B8D5-ED9E0FC8D4C1}"
EndProject
Project("{9A19103F-16F7-4668-BE54-9A1E7A4F7556}") = "UnitTests", "Tst\UnitTests\UnitTests.csproj", "{71691381-D3C9-478C-BA37-A94032A536DF}"
	ProjectSection(ProjectDependencies) = postProject
		{F8C72C0E-450C-4AE1-9885-31B8565C1D63} = {F8C72C0E-450C-4AE1-9885-31B8565C1D63}
		{E48C6A35-8732-4436-80D8-D51F7CB7EFDE} = {E48C6A35-8732-4436-80D8-D51F7CB7EFDE}
	EndProjectSection
EndProject
Project("{2150E333-8FDC-42A3-9474-1A3956D46DE8}") = "Compiler", "Compiler", "{1B21372A-3030-4532-8B30-2A1A3E74527A}"
EndProject
Project("{9A19103F-16F7-4668-BE54-9A1E7A4F7556}") = "CompilerCore", "Src\Pc\CompilerCore\CompilerCore.csproj", "{BA59B6B9-A623-4E8A-8D78-CE80E9BF2BAF}"
EndProject
Project("{8BC9CEB8-8B4A-11D0-8D11-00A0C91BC942}") = "PrtWinUser", "Src\Prt\WinUser\PrtWinUser.vcxproj", "{F8C72C0E-450C-4AE1-9885-31B8565C1D63}"
	ProjectSection(ProjectDependencies) = postProject
		{E48C6A35-8732-4436-80D8-D51F7CB7EFDE} = {E48C6A35-8732-4436-80D8-D51F7CB7EFDE}
	EndProjectSection
EndProject
Project("{2150E333-8FDC-42A3-9474-1A3956D46DE8}") = "PrtTester", "PrtTester", "{7762B1FA-C4DC-4917-8651-7ECBBC632D8C}"
EndProject
Project("{8BC9CEB8-8B4A-11D0-8D11-00A0C91BC942}") = "Tester", "Tst\PrtTester\Tester.vcxproj", "{E0A9EC98-55A7-4434-8EB3-2801B015F00A}"
	ProjectSection(ProjectDependencies) = postProject
		{48B4C337-CD13-4826-B6A1-DA97CE71511B} = {48B4C337-CD13-4826-B6A1-DA97CE71511B}
		{BA59B6B9-A623-4E8A-8D78-CE80E9BF2BAF} = {BA59B6B9-A623-4E8A-8D78-CE80E9BF2BAF}
	EndProjectSection
EndProject
Project("{2150E333-8FDC-42A3-9474-1A3956D46DE8}") = "Prt", "Prt", "{EF1EE1AD-F41F-4E64-A771-F45239BF20E2}"
EndProject
Project("{8BC9CEB8-8B4A-11D0-8D11-00A0C91BC942}") = "libhandler", "Ext\libhandler\ide\msvc\libhandler.vcxproj", "{E48C6A35-8732-4436-80D8-D51F7CB7EFDE}"
EndProject
Project("{2150E333-8FDC-42A3-9474-1A3956D46DE8}") = "Coyote", "Coyote", "{B74C167C-243B-4B99-9271-F70FFCB46132}"
EndProject
Project("{9A19103F-16F7-4668-BE54-9A1E7A4F7556}") = "PingPongCoyote", "Src\Samples\PingPongCoyote\PingPongCoyote.csproj", "{462FD13C-FB4D-4F4C-A4F4-7CCD95B0A20C}"
EndProject
Project("{9A19103F-16F7-4668-BE54-9A1E7A4F7556}") = "CoyoteRuntime", "Src\CoyoteRuntime\CoyoteRuntime.csproj", "{63E0EB77-BDA0-4222-94F7-A9D5264912CF}"
EndProject
Global
	GlobalSection(SolutionConfigurationPlatforms) = preSolution
		Debug|Any CPU = Debug|Any CPU
		Debug|x64 = Debug|x64
		Debug|x86 = Debug|x86
		Release|Any CPU = Release|Any CPU
		Release|x64 = Release|x64
		Release|x86 = Release|x86
	EndGlobalSection
	GlobalSection(ProjectConfigurationPlatforms) = postSolution
		{48B4C337-CD13-4826-B6A1-DA97CE71511B}.Debug|Any CPU.ActiveCfg = Debug|Any CPU
		{48B4C337-CD13-4826-B6A1-DA97CE71511B}.Debug|Any CPU.Build.0 = Debug|Any CPU
		{48B4C337-CD13-4826-B6A1-DA97CE71511B}.Debug|x64.ActiveCfg = Debug|Any CPU
		{48B4C337-CD13-4826-B6A1-DA97CE71511B}.Debug|x64.Build.0 = Debug|Any CPU
		{48B4C337-CD13-4826-B6A1-DA97CE71511B}.Debug|x86.ActiveCfg = Debug|Any CPU
		{48B4C337-CD13-4826-B6A1-DA97CE71511B}.Debug|x86.Build.0 = Debug|Any CPU
		{48B4C337-CD13-4826-B6A1-DA97CE71511B}.Release|Any CPU.ActiveCfg = Debug|Any CPU
		{48B4C337-CD13-4826-B6A1-DA97CE71511B}.Release|Any CPU.Build.0 = Debug|Any CPU
		{48B4C337-CD13-4826-B6A1-DA97CE71511B}.Release|x64.ActiveCfg = Debug|Any CPU
		{48B4C337-CD13-4826-B6A1-DA97CE71511B}.Release|x64.Build.0 = Debug|Any CPU
		{48B4C337-CD13-4826-B6A1-DA97CE71511B}.Release|x86.ActiveCfg = Debug|Any CPU
		{48B4C337-CD13-4826-B6A1-DA97CE71511B}.Release|x86.Build.0 = Debug|Any CPU
		{3EC51A08-22A0-4BB8-A784-6516F0DC1474}.Debug|Any CPU.ActiveCfg = Debug|Win32
		{3EC51A08-22A0-4BB8-A784-6516F0DC1474}.Debug|x64.ActiveCfg = Debug|Win32
		{3EC51A08-22A0-4BB8-A784-6516F0DC1474}.Debug|x86.ActiveCfg = Debug|Win32
		{3EC51A08-22A0-4BB8-A784-6516F0DC1474}.Release|Any CPU.ActiveCfg = Debug|Win32
		{3EC51A08-22A0-4BB8-A784-6516F0DC1474}.Release|x64.ActiveCfg = Debug|Win32
		{3EC51A08-22A0-4BB8-A784-6516F0DC1474}.Release|x86.ActiveCfg = Debug|Win32
		{65DF9D53-1461-43AE-9A50-43E7C4D55E05}.Debug|Any CPU.ActiveCfg = Debug|Win32
		{65DF9D53-1461-43AE-9A50-43E7C4D55E05}.Debug|x64.ActiveCfg = Debug|Win32
		{65DF9D53-1461-43AE-9A50-43E7C4D55E05}.Debug|x86.ActiveCfg = Debug|Win32
		{65DF9D53-1461-43AE-9A50-43E7C4D55E05}.Release|Any CPU.ActiveCfg = Debug|Win32
		{65DF9D53-1461-43AE-9A50-43E7C4D55E05}.Release|x64.ActiveCfg = Debug|Win32
		{65DF9D53-1461-43AE-9A50-43E7C4D55E05}.Release|x86.ActiveCfg = Debug|Win32
		{A57EA5EE-934D-41ED-9670-18AF76C52A96}.Debug|Any CPU.ActiveCfg = Debug|Win32
		{A57EA5EE-934D-41ED-9670-18AF76C52A96}.Debug|x64.ActiveCfg = Debug|Win32
		{A57EA5EE-934D-41ED-9670-18AF76C52A96}.Debug|x86.ActiveCfg = Debug|Win32
		{A57EA5EE-934D-41ED-9670-18AF76C52A96}.Release|Any CPU.ActiveCfg = Debug|Win32
		{A57EA5EE-934D-41ED-9670-18AF76C52A96}.Release|x64.ActiveCfg = Debug|Win32
		{A57EA5EE-934D-41ED-9670-18AF76C52A96}.Release|x86.ActiveCfg = Debug|Win32
		{21BB07E5-A4E6-4BD3-AFC4-61B13BB0B667}.Debug|Any CPU.ActiveCfg = Debug|Win32
		{21BB07E5-A4E6-4BD3-AFC4-61B13BB0B667}.Debug|x64.ActiveCfg = Debug|Win32
		{21BB07E5-A4E6-4BD3-AFC4-61B13BB0B667}.Debug|x86.ActiveCfg = Debug|Win32
		{21BB07E5-A4E6-4BD3-AFC4-61B13BB0B667}.Release|Any CPU.ActiveCfg = Debug|Win32
		{21BB07E5-A4E6-4BD3-AFC4-61B13BB0B667}.Release|x64.ActiveCfg = Debug|Win32
		{21BB07E5-A4E6-4BD3-AFC4-61B13BB0B667}.Release|x86.ActiveCfg = Debug|Win32
		{2010A7BF-C537-4311-9EE6-34DB5D9464B5}.Debug|Any CPU.ActiveCfg = Debug|Win32
		{2010A7BF-C537-4311-9EE6-34DB5D9464B5}.Debug|x64.ActiveCfg = Debug|Win32
		{2010A7BF-C537-4311-9EE6-34DB5D9464B5}.Debug|x86.ActiveCfg = Debug|Win32
		{2010A7BF-C537-4311-9EE6-34DB5D9464B5}.Release|Any CPU.ActiveCfg = Debug|Win32
		{2010A7BF-C537-4311-9EE6-34DB5D9464B5}.Release|x64.ActiveCfg = Debug|Win32
		{2010A7BF-C537-4311-9EE6-34DB5D9464B5}.Release|x86.ActiveCfg = Debug|Win32
		{2010A7BF-C537-4311-9EE6-34DB5D9464B5}.Release|x86.Build.0 = Release|Win32
		{25142DD0-BC85-4156-8691-416FF932D341}.Debug|Any CPU.ActiveCfg = Debug|Win32
		{25142DD0-BC85-4156-8691-416FF932D341}.Debug|x64.ActiveCfg = Debug|Win32
		{25142DD0-BC85-4156-8691-416FF932D341}.Debug|x86.ActiveCfg = Debug|Win32
		{25142DD0-BC85-4156-8691-416FF932D341}.Release|Any CPU.ActiveCfg = Debug|Win32
		{25142DD0-BC85-4156-8691-416FF932D341}.Release|x64.ActiveCfg = Debug|Win32
		{25142DD0-BC85-4156-8691-416FF932D341}.Release|x86.ActiveCfg = Debug|Win32
		{71691381-D3C9-478C-BA37-A94032A536DF}.Debug|Any CPU.ActiveCfg = Debug|Any CPU
		{71691381-D3C9-478C-BA37-A94032A536DF}.Debug|Any CPU.Build.0 = Debug|Any CPU
		{71691381-D3C9-478C-BA37-A94032A536DF}.Debug|x64.ActiveCfg = Debug|Any CPU
		{71691381-D3C9-478C-BA37-A94032A536DF}.Debug|x64.Build.0 = Debug|Any CPU
		{71691381-D3C9-478C-BA37-A94032A536DF}.Debug|x86.ActiveCfg = Debug|Any CPU
		{71691381-D3C9-478C-BA37-A94032A536DF}.Debug|x86.Build.0 = Debug|Any CPU
		{71691381-D3C9-478C-BA37-A94032A536DF}.Release|Any CPU.ActiveCfg = Debug|Any CPU
		{71691381-D3C9-478C-BA37-A94032A536DF}.Release|Any CPU.Build.0 = Debug|Any CPU
		{71691381-D3C9-478C-BA37-A94032A536DF}.Release|x64.ActiveCfg = Debug|Any CPU
		{71691381-D3C9-478C-BA37-A94032A536DF}.Release|x64.Build.0 = Debug|Any CPU
		{71691381-D3C9-478C-BA37-A94032A536DF}.Release|x86.ActiveCfg = Debug|Any CPU
		{71691381-D3C9-478C-BA37-A94032A536DF}.Release|x86.Build.0 = Debug|Any CPU
		{BA59B6B9-A623-4E8A-8D78-CE80E9BF2BAF}.Debug|Any CPU.ActiveCfg = Debug|Any CPU
		{BA59B6B9-A623-4E8A-8D78-CE80E9BF2BAF}.Debug|Any CPU.Build.0 = Debug|Any CPU
		{BA59B6B9-A623-4E8A-8D78-CE80E9BF2BAF}.Debug|x64.ActiveCfg = Debug|Any CPU
		{BA59B6B9-A623-4E8A-8D78-CE80E9BF2BAF}.Debug|x64.Build.0 = Debug|Any CPU
		{BA59B6B9-A623-4E8A-8D78-CE80E9BF2BAF}.Debug|x86.ActiveCfg = Debug|Any CPU
		{BA59B6B9-A623-4E8A-8D78-CE80E9BF2BAF}.Debug|x86.Build.0 = Debug|Any CPU
		{BA59B6B9-A623-4E8A-8D78-CE80E9BF2BAF}.Release|Any CPU.ActiveCfg = Debug|Any CPU
		{BA59B6B9-A623-4E8A-8D78-CE80E9BF2BAF}.Release|Any CPU.Build.0 = Debug|Any CPU
		{BA59B6B9-A623-4E8A-8D78-CE80E9BF2BAF}.Release|x64.ActiveCfg = Debug|Any CPU
		{BA59B6B9-A623-4E8A-8D78-CE80E9BF2BAF}.Release|x64.Build.0 = Debug|Any CPU
		{BA59B6B9-A623-4E8A-8D78-CE80E9BF2BAF}.Release|x86.ActiveCfg = Debug|Any CPU
		{BA59B6B9-A623-4E8A-8D78-CE80E9BF2BAF}.Release|x86.Build.0 = Debug|Any CPU
		{F8C72C0E-450C-4AE1-9885-31B8565C1D63}.Debug|Any CPU.ActiveCfg = Debug|Win32
		{F8C72C0E-450C-4AE1-9885-31B8565C1D63}.Debug|x64.ActiveCfg = Debug|Win32
		{F8C72C0E-450C-4AE1-9885-31B8565C1D63}.Debug|x64.Build.0 = Debug|x64
		{F8C72C0E-450C-4AE1-9885-31B8565C1D63}.Debug|x64.Deploy.0 = Debug|x64
		{F8C72C0E-450C-4AE1-9885-31B8565C1D63}.Debug|x86.ActiveCfg = Debug|Win32
		{F8C72C0E-450C-4AE1-9885-31B8565C1D63}.Debug|x86.Build.0 = Debug|Win32
		{F8C72C0E-450C-4AE1-9885-31B8565C1D63}.Debug|x86.Deploy.0 = Debug|Win32
		{F8C72C0E-450C-4AE1-9885-31B8565C1D63}.Release|Any CPU.ActiveCfg = Debug|Win32
		{F8C72C0E-450C-4AE1-9885-31B8565C1D63}.Release|x64.ActiveCfg = Debug|Win32
		{F8C72C0E-450C-4AE1-9885-31B8565C1D63}.Release|x64.Build.0 = Release|x64
		{F8C72C0E-450C-4AE1-9885-31B8565C1D63}.Release|x64.Deploy.0 = Release|x64
		{F8C72C0E-450C-4AE1-9885-31B8565C1D63}.Release|x86.ActiveCfg = Debug|Win32
		{F8C72C0E-450C-4AE1-9885-31B8565C1D63}.Release|x86.Build.0 = Release|Win32
		{F8C72C0E-450C-4AE1-9885-31B8565C1D63}.Release|x86.Deploy.0 = Release|Win32
		{E0A9EC98-55A7-4434-8EB3-2801B015F00A}.Debug|Any CPU.ActiveCfg = Debug|Win32
		{E0A9EC98-55A7-4434-8EB3-2801B015F00A}.Debug|x64.ActiveCfg = Debug|Win32
		{E0A9EC98-55A7-4434-8EB3-2801B015F00A}.Debug|x86.ActiveCfg = Debug|Win32
		{E0A9EC98-55A7-4434-8EB3-2801B015F00A}.Release|Any CPU.ActiveCfg = Debug|Win32
		{E0A9EC98-55A7-4434-8EB3-2801B015F00A}.Release|x64.ActiveCfg = Debug|Win32
		{E0A9EC98-55A7-4434-8EB3-2801B015F00A}.Release|x86.ActiveCfg = Debug|Win32
		{E48C6A35-8732-4436-80D8-D51F7CB7EFDE}.Debug|Any CPU.ActiveCfg = Debug|Win32
		{E48C6A35-8732-4436-80D8-D51F7CB7EFDE}.Debug|x64.ActiveCfg = Debug|Win32
		{E48C6A35-8732-4436-80D8-D51F7CB7EFDE}.Debug|x64.Build.0 = Debug|x64
		{E48C6A35-8732-4436-80D8-D51F7CB7EFDE}.Debug|x86.ActiveCfg = Debug|Win32
		{E48C6A35-8732-4436-80D8-D51F7CB7EFDE}.Debug|x86.Build.0 = Debug|Win32
		{E48C6A35-8732-4436-80D8-D51F7CB7EFDE}.Release|Any CPU.ActiveCfg = Debug|Win32
		{E48C6A35-8732-4436-80D8-D51F7CB7EFDE}.Release|x64.ActiveCfg = Debug|Win32
		{E48C6A35-8732-4436-80D8-D51F7CB7EFDE}.Release|x64.Build.0 = Release|x64
		{E48C6A35-8732-4436-80D8-D51F7CB7EFDE}.Release|x86.ActiveCfg = Debug|Win32
		{E48C6A35-8732-4436-80D8-D51F7CB7EFDE}.Release|x86.Build.0 = Release|Win32
		{462FD13C-FB4D-4F4C-A4F4-7CCD95B0A20C}.Debug|Any CPU.ActiveCfg = Debug|Any CPU
		{462FD13C-FB4D-4F4C-A4F4-7CCD95B0A20C}.Debug|Any CPU.Build.0 = Debug|Any CPU
		{462FD13C-FB4D-4F4C-A4F4-7CCD95B0A20C}.Debug|x64.ActiveCfg = Debug|Any CPU
		{462FD13C-FB4D-4F4C-A4F4-7CCD95B0A20C}.Debug|x86.ActiveCfg = Debug|Any CPU
		{462FD13C-FB4D-4F4C-A4F4-7CCD95B0A20C}.Debug|x86.Build.0 = Debug|Any CPU
		{462FD13C-FB4D-4F4C-A4F4-7CCD95B0A20C}.Release|Any CPU.ActiveCfg = Debug|Any CPU
		{462FD13C-FB4D-4F4C-A4F4-7CCD95B0A20C}.Release|Any CPU.Build.0 = Release|Any CPU
		{462FD13C-FB4D-4F4C-A4F4-7CCD95B0A20C}.Release|x64.ActiveCfg = Debug|Any CPU
		{462FD13C-FB4D-4F4C-A4F4-7CCD95B0A20C}.Release|x86.ActiveCfg = Debug|Any CPU
		{462FD13C-FB4D-4F4C-A4F4-7CCD95B0A20C}.Release|x86.Build.0 = Release|Any CPU
		{63E0EB77-BDA0-4222-94F7-A9D5264912CF}.Debug|Any CPU.ActiveCfg = Debug|Any CPU
		{63E0EB77-BDA0-4222-94F7-A9D5264912CF}.Debug|Any CPU.Build.0 = Debug|Any CPU
		{63E0EB77-BDA0-4222-94F7-A9D5264912CF}.Debug|x64.ActiveCfg = Debug|Any CPU
		{63E0EB77-BDA0-4222-94F7-A9D5264912CF}.Debug|x64.Build.0 = Debug|Any CPU
		{63E0EB77-BDA0-4222-94F7-A9D5264912CF}.Debug|x86.ActiveCfg = Debug|Any CPU
		{63E0EB77-BDA0-4222-94F7-A9D5264912CF}.Debug|x86.Build.0 = Debug|Any CPU
		{63E0EB77-BDA0-4222-94F7-A9D5264912CF}.Release|Any CPU.ActiveCfg = Debug|Any CPU
		{63E0EB77-BDA0-4222-94F7-A9D5264912CF}.Release|Any CPU.Build.0 = Debug|Any CPU
		{63E0EB77-BDA0-4222-94F7-A9D5264912CF}.Release|x64.ActiveCfg = Debug|Any CPU
		{63E0EB77-BDA0-4222-94F7-A9D5264912CF}.Release|x64.Build.0 = Debug|Any CPU
		{63E0EB77-BDA0-4222-94F7-A9D5264912CF}.Release|x86.ActiveCfg = Debug|Any CPU
		{63E0EB77-BDA0-4222-94F7-A9D5264912CF}.Release|x86.Build.0 = Debug|Any CPU
	EndGlobalSection
	GlobalSection(SolutionProperties) = preSolution
		HideSolutionNode = FALSE
	EndGlobalSection
	GlobalSection(NestedProjects) = preSolution
		{48B4C337-CD13-4826-B6A1-DA97CE71511B} = {1B21372A-3030-4532-8B30-2A1A3E74527A}
		{3EC51A08-22A0-4BB8-A784-6516F0DC1474} = {EF1EE1AD-F41F-4E64-A771-F45239BF20E2}
		{65DF9D53-1461-43AE-9A50-43E7C4D55E05} = {EF1EE1AD-F41F-4E64-A771-F45239BF20E2}
		{A57EA5EE-934D-41ED-9670-18AF76C52A96} = {EF1EE1AD-F41F-4E64-A771-F45239BF20E2}
		{21BB07E5-A4E6-4BD3-AFC4-61B13BB0B667} = {EF1EE1AD-F41F-4E64-A771-F45239BF20E2}
		{2010A7BF-C537-4311-9EE6-34DB5D9464B5} = {EF1EE1AD-F41F-4E64-A771-F45239BF20E2}
		{25142DD0-BC85-4156-8691-416FF932D341} = {EF1EE1AD-F41F-4E64-A771-F45239BF20E2}
		{71691381-D3C9-478C-BA37-A94032A536DF} = {31FBBC4D-8756-4D60-B8D5-ED9E0FC8D4C1}
		{BA59B6B9-A623-4E8A-8D78-CE80E9BF2BAF} = {1B21372A-3030-4532-8B30-2A1A3E74527A}
		{F8C72C0E-450C-4AE1-9885-31B8565C1D63} = {D641DC13-F2F0-4365-963A-DCFC80BABCAA}
		{7762B1FA-C4DC-4917-8651-7ECBBC632D8C} = {31FBBC4D-8756-4D60-B8D5-ED9E0FC8D4C1}
		{E0A9EC98-55A7-4434-8EB3-2801B015F00A} = {7762B1FA-C4DC-4917-8651-7ECBBC632D8C}
		{EF1EE1AD-F41F-4E64-A771-F45239BF20E2} = {D47A1CE9-D9FF-4CE8-B06F-D320FE9565E9}
		{E48C6A35-8732-4436-80D8-D51F7CB7EFDE} = {D641DC13-F2F0-4365-963A-DCFC80BABCAA}
		{B74C167C-243B-4B99-9271-F70FFCB46132} = {D47A1CE9-D9FF-4CE8-B06F-D320FE9565E9}
		{462FD13C-FB4D-4F4C-A4F4-7CCD95B0A20C} = {B74C167C-243B-4B99-9271-F70FFCB46132}
		{63E0EB77-BDA0-4222-94F7-A9D5264912CF} = {D641DC13-F2F0-4365-963A-DCFC80BABCAA}
	EndGlobalSection
	GlobalSection(ExtensibilityGlobals) = postSolution
		SolutionGuid = {BD6B0E25-71B7-4A8F-8D0F-946BA6D47C7C}
	EndGlobalSection
	GlobalSection(Performance) = preSolution
		HasPerformanceSessions = true
	EndGlobalSection
	GlobalSection(Performance) = preSolution
		HasPerformanceSessions = true
	EndGlobalSection
EndGlobal
