
Microsoft Visual Studio Solution File, Format Version 12.00
# Visual Studio 15
VisualStudioVersion = 15.0.27130.2027
MinimumVisualStudioVersion = 10.0.40219.1
Project("{9A19103F-16F7-4668-BE54-9A1E7A4F7556}") = "LegacyCompiler", "Src\Pc\LegacyCompiler\LegacyCompiler.csproj", "{ED76217F-2452-4A35-90F6-6EB6CCF2D882}"
	ProjectSection(ProjectDependencies) = postProject
		{3B52B4F5-52F5-4E19-88CD-6A4A78EA0BF1} = {3B52B4F5-52F5-4E19-88CD-6A4A78EA0BF1}
	EndProjectSection
EndProject
Project("{9A19103F-16F7-4668-BE54-9A1E7A4F7556}") = "CParser", "Src\Parsers\CParser\CParser.csproj", "{55AFEA71-DA6D-4258-9193-29942EBBBE48}"
EndProject
Project("{9A19103F-16F7-4668-BE54-9A1E7A4F7556}") = "ZingParser", "Src\Parsers\ZingParser\ZingParser.csproj", "{09A73016-0395-4014-8F26-0DD25ED81D12}"
EndProject
Project("{9A19103F-16F7-4668-BE54-9A1E7A4F7556}") = "CommandLine", "Src\Pc\CommandLine\CommandLine.csproj", "{48B4C337-CD13-4826-B6A1-DA97CE71511B}"
EndProject
Project("{9A19103F-16F7-4668-BE54-9A1E7A4F7556}") = "CompilerService", "Src\Pc\CompilerService\CompilerService.csproj", "{9F8DE18D-C64B-4D30-9CFF-6793FFEAFC04}"
EndProject
Project("{2150E333-8FDC-42A3-9474-1A3956D46DE8}") = "Formula", "Formula", "{D9CBC08F-DEA5-4400-909F-A8E963790D22}"
EndProject
Project("{FAE04EC0-301F-11D3-BF4B-00C04F79EFBC}") = "Core", "Ext\Formula\Src\Core\Core.csproj", "{1B5724EC-FFF1-48D7-A700-AD46F0150AFC}"
EndProject
Project("{FAE04EC0-301F-11D3-BF4B-00C04F79EFBC}") = "FormulaCodeGeneratorTask", "Ext\Formula\Src\Extensions\FormulaCodeGeneratorTask\FormulaCodeGeneratorTask.csproj", "{3B52B4F5-52F5-4E19-88CD-6A4A78EA0BF1}"
EndProject
Project("{2150E333-8FDC-42A3-9474-1A3956D46DE8}") = "Tools", "Tools", "{B1056BF7-930E-43DF-8266-444779CABF50}"
EndProject
Project("{FAE04EC0-301F-11D3-BF4B-00C04F79EFBC}") = "PBuild", "Src\Tools\PBuild\PBuild.csproj", "{39B65065-C655-42E9-BE97-277A2BE471FE}"
EndProject
Project("{9A19103F-16F7-4668-BE54-9A1E7A4F7556}") = "CompilerCore", "Src\Pc\CompilerCore\CompilerCore.csproj", "{64F6512F-5168-42EC-8986-CA00001D79C2}"
EndProject
Project("{2150E333-8FDC-42A3-9474-1A3956D46DE8}") = "Compiler", "Compiler", "{C4523211-8EDD-4AEF-8ED8-38FC5D1E5CDC}"
EndProject
Global
	GlobalSection(SolutionConfigurationPlatforms) = preSolution
		Debug|Any CPU = Debug|Any CPU
		Debug|x64 = Debug|x64
		Debug|x86 = Debug|x86
		Release|Any CPU = Release|Any CPU
		Release|x64 = Release|x64
		Release|x86 = Release|x86
	EndGlobalSection
	GlobalSection(ProjectConfigurationPlatforms) = postSolution
		{ED76217F-2452-4A35-90F6-6EB6CCF2D882}.Debug|Any CPU.ActiveCfg = Debug|Any CPU
		{ED76217F-2452-4A35-90F6-6EB6CCF2D882}.Debug|Any CPU.Build.0 = Debug|Any CPU
		{ED76217F-2452-4A35-90F6-6EB6CCF2D882}.Debug|x64.ActiveCfg = Debug|Any CPU
		{ED76217F-2452-4A35-90F6-6EB6CCF2D882}.Debug|x64.Build.0 = Debug|Any CPU
		{ED76217F-2452-4A35-90F6-6EB6CCF2D882}.Debug|x86.ActiveCfg = Debug|Any CPU
		{ED76217F-2452-4A35-90F6-6EB6CCF2D882}.Debug|x86.Build.0 = Debug|Any CPU
		{ED76217F-2452-4A35-90F6-6EB6CCF2D882}.Release|Any CPU.ActiveCfg = Release|Any CPU
		{ED76217F-2452-4A35-90F6-6EB6CCF2D882}.Release|Any CPU.Build.0 = Release|Any CPU
		{ED76217F-2452-4A35-90F6-6EB6CCF2D882}.Release|x64.ActiveCfg = Release|Any CPU
		{ED76217F-2452-4A35-90F6-6EB6CCF2D882}.Release|x64.Build.0 = Release|Any CPU
		{ED76217F-2452-4A35-90F6-6EB6CCF2D882}.Release|x86.ActiveCfg = Release|Any CPU
		{ED76217F-2452-4A35-90F6-6EB6CCF2D882}.Release|x86.Build.0 = Release|Any CPU
		{55AFEA71-DA6D-4258-9193-29942EBBBE48}.Debug|Any CPU.ActiveCfg = Debug|Any CPU
		{55AFEA71-DA6D-4258-9193-29942EBBBE48}.Debug|Any CPU.Build.0 = Debug|Any CPU
		{55AFEA71-DA6D-4258-9193-29942EBBBE48}.Debug|x64.ActiveCfg = Debug|Any CPU
		{55AFEA71-DA6D-4258-9193-29942EBBBE48}.Debug|x64.Build.0 = Debug|Any CPU
		{55AFEA71-DA6D-4258-9193-29942EBBBE48}.Debug|x86.ActiveCfg = Debug|Any CPU
		{55AFEA71-DA6D-4258-9193-29942EBBBE48}.Debug|x86.Build.0 = Debug|Any CPU
		{55AFEA71-DA6D-4258-9193-29942EBBBE48}.Release|Any CPU.ActiveCfg = Release|Any CPU
		{55AFEA71-DA6D-4258-9193-29942EBBBE48}.Release|Any CPU.Build.0 = Release|Any CPU
		{55AFEA71-DA6D-4258-9193-29942EBBBE48}.Release|x64.ActiveCfg = Release|Any CPU
		{55AFEA71-DA6D-4258-9193-29942EBBBE48}.Release|x64.Build.0 = Release|Any CPU
		{55AFEA71-DA6D-4258-9193-29942EBBBE48}.Release|x86.ActiveCfg = Release|Any CPU
		{55AFEA71-DA6D-4258-9193-29942EBBBE48}.Release|x86.Build.0 = Release|Any CPU
		{09A73016-0395-4014-8F26-0DD25ED81D12}.Debug|Any CPU.ActiveCfg = Debug|Any CPU
		{09A73016-0395-4014-8F26-0DD25ED81D12}.Debug|Any CPU.Build.0 = Debug|Any CPU
		{09A73016-0395-4014-8F26-0DD25ED81D12}.Debug|x64.ActiveCfg = Debug|Any CPU
		{09A73016-0395-4014-8F26-0DD25ED81D12}.Debug|x64.Build.0 = Debug|Any CPU
		{09A73016-0395-4014-8F26-0DD25ED81D12}.Debug|x86.ActiveCfg = Debug|Any CPU
		{09A73016-0395-4014-8F26-0DD25ED81D12}.Debug|x86.Build.0 = Debug|Any CPU
		{09A73016-0395-4014-8F26-0DD25ED81D12}.Release|Any CPU.ActiveCfg = Release|Any CPU
		{09A73016-0395-4014-8F26-0DD25ED81D12}.Release|Any CPU.Build.0 = Release|Any CPU
		{09A73016-0395-4014-8F26-0DD25ED81D12}.Release|x64.ActiveCfg = Release|Any CPU
		{09A73016-0395-4014-8F26-0DD25ED81D12}.Release|x64.Build.0 = Release|Any CPU
		{09A73016-0395-4014-8F26-0DD25ED81D12}.Release|x86.ActiveCfg = Release|Any CPU
		{09A73016-0395-4014-8F26-0DD25ED81D12}.Release|x86.Build.0 = Release|Any CPU
		{48B4C337-CD13-4826-B6A1-DA97CE71511B}.Debug|Any CPU.ActiveCfg = Debug|Any CPU
		{48B4C337-CD13-4826-B6A1-DA97CE71511B}.Debug|Any CPU.Build.0 = Debug|Any CPU
		{48B4C337-CD13-4826-B6A1-DA97CE71511B}.Debug|x64.ActiveCfg = Debug|Any CPU
		{48B4C337-CD13-4826-B6A1-DA97CE71511B}.Debug|x64.Build.0 = Debug|Any CPU
		{48B4C337-CD13-4826-B6A1-DA97CE71511B}.Debug|x86.ActiveCfg = Debug|Any CPU
		{48B4C337-CD13-4826-B6A1-DA97CE71511B}.Debug|x86.Build.0 = Debug|Any CPU
		{48B4C337-CD13-4826-B6A1-DA97CE71511B}.Release|Any CPU.ActiveCfg = Release|Any CPU
		{48B4C337-CD13-4826-B6A1-DA97CE71511B}.Release|Any CPU.Build.0 = Release|Any CPU
		{48B4C337-CD13-4826-B6A1-DA97CE71511B}.Release|x64.ActiveCfg = Release|Any CPU
		{48B4C337-CD13-4826-B6A1-DA97CE71511B}.Release|x64.Build.0 = Release|Any CPU
		{48B4C337-CD13-4826-B6A1-DA97CE71511B}.Release|x86.ActiveCfg = Release|Any CPU
		{48B4C337-CD13-4826-B6A1-DA97CE71511B}.Release|x86.Build.0 = Release|Any CPU
		{9F8DE18D-C64B-4D30-9CFF-6793FFEAFC04}.Debug|Any CPU.ActiveCfg = Debug|Any CPU
		{9F8DE18D-C64B-4D30-9CFF-6793FFEAFC04}.Debug|Any CPU.Build.0 = Debug|Any CPU
		{9F8DE18D-C64B-4D30-9CFF-6793FFEAFC04}.Debug|x64.ActiveCfg = Debug|Any CPU
		{9F8DE18D-C64B-4D30-9CFF-6793FFEAFC04}.Debug|x64.Build.0 = Debug|Any CPU
		{9F8DE18D-C64B-4D30-9CFF-6793FFEAFC04}.Debug|x86.ActiveCfg = Debug|Any CPU
		{9F8DE18D-C64B-4D30-9CFF-6793FFEAFC04}.Debug|x86.Build.0 = Debug|Any CPU
		{9F8DE18D-C64B-4D30-9CFF-6793FFEAFC04}.Release|Any CPU.ActiveCfg = Release|Any CPU
		{9F8DE18D-C64B-4D30-9CFF-6793FFEAFC04}.Release|Any CPU.Build.0 = Release|Any CPU
		{9F8DE18D-C64B-4D30-9CFF-6793FFEAFC04}.Release|x64.ActiveCfg = Release|Any CPU
		{9F8DE18D-C64B-4D30-9CFF-6793FFEAFC04}.Release|x64.Build.0 = Release|Any CPU
		{9F8DE18D-C64B-4D30-9CFF-6793FFEAFC04}.Release|x86.ActiveCfg = Release|Any CPU
		{9F8DE18D-C64B-4D30-9CFF-6793FFEAFC04}.Release|x86.Build.0 = Release|Any CPU
		{1B5724EC-FFF1-48D7-A700-AD46F0150AFC}.Debug|Any CPU.ActiveCfg = Debug|x86
		{1B5724EC-FFF1-48D7-A700-AD46F0150AFC}.Debug|x64.ActiveCfg = Debug|x64
		{1B5724EC-FFF1-48D7-A700-AD46F0150AFC}.Debug|x64.Build.0 = Debug|x64
		{1B5724EC-FFF1-48D7-A700-AD46F0150AFC}.Debug|x86.ActiveCfg = Debug|x86
		{1B5724EC-FFF1-48D7-A700-AD46F0150AFC}.Debug|x86.Build.0 = Debug|x86
		{1B5724EC-FFF1-48D7-A700-AD46F0150AFC}.Release|Any CPU.ActiveCfg = Release|x86
		{1B5724EC-FFF1-48D7-A700-AD46F0150AFC}.Release|x64.ActiveCfg = Release|x64
		{1B5724EC-FFF1-48D7-A700-AD46F0150AFC}.Release|x64.Build.0 = Release|x64
		{1B5724EC-FFF1-48D7-A700-AD46F0150AFC}.Release|x86.ActiveCfg = Release|x86
		{1B5724EC-FFF1-48D7-A700-AD46F0150AFC}.Release|x86.Build.0 = Release|x86
		{3B52B4F5-52F5-4E19-88CD-6A4A78EA0BF1}.Debug|Any CPU.ActiveCfg = Debug|x86
		{3B52B4F5-52F5-4E19-88CD-6A4A78EA0BF1}.Debug|x64.ActiveCfg = Debug|x64
		{3B52B4F5-52F5-4E19-88CD-6A4A78EA0BF1}.Debug|x64.Build.0 = Debug|x64
		{3B52B4F5-52F5-4E19-88CD-6A4A78EA0BF1}.Debug|x86.ActiveCfg = Debug|x86
		{3B52B4F5-52F5-4E19-88CD-6A4A78EA0BF1}.Debug|x86.Build.0 = Debug|x86
		{3B52B4F5-52F5-4E19-88CD-6A4A78EA0BF1}.Release|Any CPU.ActiveCfg = Release|x86
		{3B52B4F5-52F5-4E19-88CD-6A4A78EA0BF1}.Release|x64.ActiveCfg = Release|x64
		{3B52B4F5-52F5-4E19-88CD-6A4A78EA0BF1}.Release|x64.Build.0 = Release|x64
		{3B52B4F5-52F5-4E19-88CD-6A4A78EA0BF1}.Release|x86.ActiveCfg = Release|x86
		{3B52B4F5-52F5-4E19-88CD-6A4A78EA0BF1}.Release|x86.Build.0 = Release|x86
		{39B65065-C655-42E9-BE97-277A2BE471FE}.Debug|Any CPU.ActiveCfg = Debug|Any CPU
		{39B65065-C655-42E9-BE97-277A2BE471FE}.Debug|Any CPU.Build.0 = Debug|Any CPU
		{39B65065-C655-42E9-BE97-277A2BE471FE}.Debug|x64.ActiveCfg = Debug|x64
		{39B65065-C655-42E9-BE97-277A2BE471FE}.Debug|x64.Build.0 = Debug|x64
		{39B65065-C655-42E9-BE97-277A2BE471FE}.Debug|x86.ActiveCfg = Debug|x86
		{39B65065-C655-42E9-BE97-277A2BE471FE}.Debug|x86.Build.0 = Debug|x86
		{39B65065-C655-42E9-BE97-277A2BE471FE}.Release|Any CPU.ActiveCfg = Release|Any CPU
		{39B65065-C655-42E9-BE97-277A2BE471FE}.Release|Any CPU.Build.0 = Release|Any CPU
		{39B65065-C655-42E9-BE97-277A2BE471FE}.Release|x64.ActiveCfg = Release|x64
		{39B65065-C655-42E9-BE97-277A2BE471FE}.Release|x64.Build.0 = Release|x64
		{39B65065-C655-42E9-BE97-277A2BE471FE}.Release|x86.ActiveCfg = Release|x86
		{39B65065-C655-42E9-BE97-277A2BE471FE}.Release|x86.Build.0 = Release|x86
		{64F6512F-5168-42EC-8986-CA00001D79C2}.Debug|Any CPU.ActiveCfg = Debug|Any CPU
		{64F6512F-5168-42EC-8986-CA00001D79C2}.Debug|Any CPU.Build.0 = Debug|Any CPU
		{64F6512F-5168-42EC-8986-CA00001D79C2}.Debug|x64.ActiveCfg = Debug|Any CPU
		{64F6512F-5168-42EC-8986-CA00001D79C2}.Debug|x64.Build.0 = Debug|Any CPU
		{64F6512F-5168-42EC-8986-CA00001D79C2}.Debug|x86.ActiveCfg = Debug|Any CPU
		{64F6512F-5168-42EC-8986-CA00001D79C2}.Debug|x86.Build.0 = Debug|Any CPU
		{64F6512F-5168-42EC-8986-CA00001D79C2}.Release|Any CPU.ActiveCfg = Release|Any CPU
		{64F6512F-5168-42EC-8986-CA00001D79C2}.Release|Any CPU.Build.0 = Release|Any CPU
		{64F6512F-5168-42EC-8986-CA00001D79C2}.Release|x64.ActiveCfg = Release|Any CPU
		{64F6512F-5168-42EC-8986-CA00001D79C2}.Release|x64.Build.0 = Release|Any CPU
		{64F6512F-5168-42EC-8986-CA00001D79C2}.Release|x86.ActiveCfg = Release|Any CPU
		{64F6512F-5168-42EC-8986-CA00001D79C2}.Release|x86.Build.0 = Release|Any CPU
	EndGlobalSection
	GlobalSection(SolutionProperties) = preSolution
		HideSolutionNode = FALSE
	EndGlobalSection
	GlobalSection(NestedProjects) = preSolution
		{ED76217F-2452-4A35-90F6-6EB6CCF2D882} = {C4523211-8EDD-4AEF-8ED8-38FC5D1E5CDC}
		{55AFEA71-DA6D-4258-9193-29942EBBBE48} = {C4523211-8EDD-4AEF-8ED8-38FC5D1E5CDC}
		{09A73016-0395-4014-8F26-0DD25ED81D12} = {C4523211-8EDD-4AEF-8ED8-38FC5D1E5CDC}
		{48B4C337-CD13-4826-B6A1-DA97CE71511B} = {C4523211-8EDD-4AEF-8ED8-38FC5D1E5CDC}
		{9F8DE18D-C64B-4D30-9CFF-6793FFEAFC04} = {C4523211-8EDD-4AEF-8ED8-38FC5D1E5CDC}
		{1B5724EC-FFF1-48D7-A700-AD46F0150AFC} = {D9CBC08F-DEA5-4400-909F-A8E963790D22}
		{3B52B4F5-52F5-4E19-88CD-6A4A78EA0BF1} = {D9CBC08F-DEA5-4400-909F-A8E963790D22}
		{39B65065-C655-42E9-BE97-277A2BE471FE} = {B1056BF7-930E-43DF-8266-444779CABF50}
		{64F6512F-5168-42EC-8986-CA00001D79C2} = {C4523211-8EDD-4AEF-8ED8-38FC5D1E5CDC}
	EndGlobalSection
	GlobalSection(ExtensibilityGlobals) = postSolution
		SolutionGuid = {017EC038-8C50-43C8-BC53-F36DDD669F8F}
	EndGlobalSection
EndGlobal
