
Microsoft Visual Studio Solution File, Format Version 12.00
Project("{FAE04EC0-301F-11D3-BF4B-00C04F79EFBC}") = "Core", "Source\Core\Core.csproj", "{83F7FBCF-962B-42CE-A116-1529BD732157}"
EndProject
Project("{FAE04EC0-301F-11D3-BF4B-00C04F79EFBC}") = "Coyote", "Tools\Coyote\Coyote.csproj", "{5E8D17F9-29D7-4C31-9D9C-9FC12F268C3A}"
EndProject
Global
	GlobalSection(SolutionConfigurationPlatforms) = preSolution
		Debug|Any CPU = Debug|Any CPU
		Release|Any CPU = Release|Any CPU
	EndGlobalSection
	GlobalSection(ProjectConfigurationPlatforms) = postSolution
		{83F7FBCF-962B-42CE-A116-1529BD732157}.Debug|Any CPU.ActiveCfg = Debug|Any CPU
		{83F7FBCF-962B-42CE-A116-1529BD732157}.Debug|Any CPU.Build.0 = Debug|Any CPU
		{83F7FBCF-962B-42CE-A116-1529BD732157}.Release|Any CPU.ActiveCfg = Release|Any CPU
		{83F7FBCF-962B-42CE-A116-1529BD732157}.Release|Any CPU.Build.0 = Release|Any CPU
		{5E8D17F9-29D7-4C31-9D9C-9FC12F268C3A}.Debug|Any CPU.ActiveCfg = Debug|Any CPU
		{5E8D17F9-29D7-4C31-9D9C-9FC12F268C3A}.Debug|Any CPU.Build.0 = Debug|Any CPU
		{5E8D17F9-29D7-4C31-9D9C-9FC12F268C3A}.Release|Any CPU.ActiveCfg = Release|Any CPU
		{5E8D17F9-29D7-4C31-9D9C-9FC12F268C3A}.Release|Any CPU.Build.0 = Release|Any CPU
	EndGlobalSection
EndGlobal
