
Microsoft Visual Studio Solution File, Format Version 12.00
# Visual Studio 2013
VisualStudioVersion = 12.0.21005.1
MinimumVisualStudioVersion = 10.0.40219.1
Project("{2150E333-8FDC-42A3-9474-1A3956D46DE8}") = "PRuntime", "PRuntime", "{AA227CC4-9985-48D8-AAA5-9C9AFC5BE1A1}"
EndProject
Project("{2150E333-8FDC-42A3-9474-1A3956D46DE8}") = "PRuntimeTest", "PRuntimeTest", "{6E4A16FA-1DFF-405B-81CB-A1028C21845F}"
EndProject
Project("{2150E333-8FDC-42A3-9474-1A3956D46DE8}") = "Prt", "Prt", "{D970B6ED-2CFF-4A56-9353-528E3C9C2AB8}"
EndProject
Project("{2150E333-8FDC-42A3-9474-1A3956D46DE8}") = "PrtDist", "PrtDist", "{350CBE17-9967-44A8-AA9A-2C1C07AC0D5D}"
EndProject
Project("{2150E333-8FDC-42A3-9474-1A3956D46DE8}") = "PrtCmd", "PrtCmd", "{597EC35D-37E5-408E-87C9-46392C382A94}"
EndProject
Project("{2150E333-8FDC-42A3-9474-1A3956D46DE8}") = "PrtRPC", "PrtRPC", "{F43DB61D-E28F-415D-9239-56FF0E28BA69}"
EndProject
Project("{8BC9CEB8-8B4A-11D0-8D11-00A0C91BC942}") = "PrtRPC", "PRuntimeTest\PrtRPC\PrtRPC.vcxproj", "{F8A5BB72-9666-45CC-81CC-97A978B81DA2}"
EndProject
Project("{8BC9CEB8-8B4A-11D0-8D11-00A0C91BC942}") = "PrtCmd", "PRuntimeTest\PrtCmd\PrtCmd.vcxproj", "{877BEA26-41CA-45E6-AF50-7B384357A065}"
	ProjectSection(ProjectDependencies) = postProject
		{29D30682-BEB0-4570-82B5-2A835E402277} = {29D30682-BEB0-4570-82B5-2A835E402277}
	EndProjectSection
EndProject
Project("{8BC9CEB8-8B4A-11D0-8D11-00A0C91BC942}") = "Prt", "PRuntime\Prt\Prt.vcxproj", "{29D30682-BEB0-4570-82B5-2A835E402277}"
EndProject
Project("{2150E333-8FDC-42A3-9474-1A3956D46DE8}") = "PrtWinUser", "PrtWinUser", "{E804954F-1ED6-4F3C-AEFF-24E7AAB81E27}"
EndProject
Project("{8BC9CEB8-8B4A-11D0-8D11-00A0C91BC942}") = "PrtWinUser", "PRuntime\PrtWinUser\PrtWinUser.vcxproj", "{EF4C4CBF-824D-4B53-BC4A-1C8F02591554}"
	ProjectSection(ProjectDependencies) = postProject
		{262D986B-9C2B-4F03-A1E4-C1C4A3EC9834} = {262D986B-9C2B-4F03-A1E4-C1C4A3EC9834}
	EndProjectSection
EndProject
Project("{2150E333-8FDC-42A3-9474-1A3956D46DE8}") = "PrtDistributed", "PrtDistributed", "{8EF9B167-1689-4B13-8A17-7C0A6D35CC89}"
EndProject
Project("{8BC9CEB8-8B4A-11D0-8D11-00A0C91BC942}") = "PrtDistributed", "PRuntime\PrtDistributed\PrtDistributed\PrtDistributed.vcxproj", "{2AB7385E-A8A6-42F3-9A65-1566E23031B6}"
EndProject
Project("{2150E333-8FDC-42A3-9474-1A3956D46DE8}") = "PrtDistributedIDL", "PrtDistributedIDL", "{FF3A8329-C305-4A36-8650-2F6874109C17}"
EndProject
Project("{8BC9CEB8-8B4A-11D0-8D11-00A0C91BC942}") = "PrtDistributedIDL", "PRuntime\PrtDistributed\PrtDistributedIDL\PrtDistributedIDL.vcxproj", "{262D986B-9C2B-4F03-A1E4-C1C4A3EC9834}"
EndProject
Project("{2150E333-8FDC-42A3-9474-1A3956D46DE8}") = "PrtDistManagement", "PrtDistManagement", "{301E1B74-D648-416C-BC34-F94BF1AC35BE}"
EndProject
Project("{2150E333-8FDC-42A3-9474-1A3956D46DE8}") = "Config", "Config", "{59A4AC61-EC2C-4C66-9166-14B89B298B93}"
	ProjectSection(SolutionItems) = preProject
		PRuntime\PrtDistributed\PrtDistManagement\Config\PrtDMConfiguration.xml = PRuntime\PrtDistributed\PrtDistManagement\Config\PrtDMConfiguration.xml
	EndProjectSection
EndProject
Project("{2150E333-8FDC-42A3-9474-1A3956D46DE8}") = "Utilities", "Utilities", "{3916C9A1-0913-439E-9D4C-EDC5AA6E655C}"
EndProject
Project("{8BC9CEB8-8B4A-11D0-8D11-00A0C91BC942}") = "ParsingXML", "PRuntime\PrtDistributed\PrtDistManagement\Utilities\ParsingXML\ParsingXML12.vcxproj", "{E8936605-6F7C-4298-AA4C-9D9D7A349CD9}"
EndProject
Project("{2150E333-8FDC-42A3-9474-1A3956D46DE8}") = "PrtDService", "PrtDService", "{E50E56C3-9D44-4342-97C9-358AB9B54C23}"
EndProject
Project("{2150E333-8FDC-42A3-9474-1A3956D46DE8}") = "PrtDDeployer", "PrtDDeployer", "{86F8FC7E-60A0-41D5-A887-9B788A69181A}"
EndProject
Project("{8BC9CEB8-8B4A-11D0-8D11-00A0C91BC942}") = "PrtDDeployer", "PRuntime\PrtDistributed\PrtDistManagement\PrtDDeployer\PrtDDeployer.vcxproj", "{A5499C99-7FAE-49E2-8F00-51BA359EE418}"
EndProject
Project("{2150E333-8FDC-42A3-9474-1A3956D46DE8}") = "Commons", "Commons", "{16863855-3E89-4DC9-8CC9-12FB74A8C9EF}"
	ProjectSection(SolutionItems) = preProject
		PRuntime\PrtDistributed\PrtDistManagement\Commons\PrtDGlobals.h = PRuntime\PrtDistributed\PrtDistManagement\Commons\PrtDGlobals.h
	EndProjectSection
EndProject
Project("{8BC9CEB8-8B4A-11D0-8D11-00A0C91BC942}") = "PrtDService", "PRuntime\PrtDistributed\PrtDistManagement\PrtDService\PrtDService.vcxproj", "{2C375A16-2C95-45C6-96A7-2EA71C4A6471}"
EndProject
Project("{8BC9CEB8-8B4A-11D0-8D11-00A0C91BC942}") = "PrtDServiceIDL", "PRuntime\PrtDistributed\PrtDistManagement\PrtDServiceIDL\PrtDServiceIDL.vcxproj", "{A5BDE8E1-31D4-45AA-9C1A-EC496F5ED9B5}"
EndProject
Project("{2150E333-8FDC-42A3-9474-1A3956D46DE8}") = "TestPrtDService", "TestPrtDService", "{0616D1BF-F4C5-401C-8DF0-F489E3E6164C}"
EndProject
Project("{8BC9CEB8-8B4A-11D0-8D11-00A0C91BC942}") = "PrtDistLogger", "PRuntime\PrtDistributed\PrtDistManagement\PrtDistLogger\PrtDistLogger.vcxproj", "{7FDC5451-9D00-47E1-AF54-62AD736BEC6B}"
	ProjectSection(ProjectDependencies) = postProject
		{262D986B-9C2B-4F03-A1E4-C1C4A3EC9834} = {262D986B-9C2B-4F03-A1E4-C1C4A3EC9834}
	EndProjectSection
EndProject
Global
	GlobalSection(SolutionConfigurationPlatforms) = preSolution
		Debug|Win32 = Debug|Win32
		Release|Win32 = Release|Win32
	EndGlobalSection
	GlobalSection(ProjectConfigurationPlatforms) = postSolution
		{F8A5BB72-9666-45CC-81CC-97A978B81DA2}.Debug|Win32.ActiveCfg = Debug|Win32
		{F8A5BB72-9666-45CC-81CC-97A978B81DA2}.Debug|Win32.Build.0 = Debug|Win32
		{F8A5BB72-9666-45CC-81CC-97A978B81DA2}.Release|Win32.ActiveCfg = Release|Win32
		{F8A5BB72-9666-45CC-81CC-97A978B81DA2}.Release|Win32.Build.0 = Release|Win32
		{877BEA26-41CA-45E6-AF50-7B384357A065}.Debug|Win32.ActiveCfg = Debug|Win32
		{877BEA26-41CA-45E6-AF50-7B384357A065}.Debug|Win32.Build.0 = Debug|Win32
		{877BEA26-41CA-45E6-AF50-7B384357A065}.Release|Win32.ActiveCfg = Release|Win32
		{877BEA26-41CA-45E6-AF50-7B384357A065}.Release|Win32.Build.0 = Release|Win32
		{29D30682-BEB0-4570-82B5-2A835E402277}.Debug|Win32.ActiveCfg = Debug|Win32
		{29D30682-BEB0-4570-82B5-2A835E402277}.Debug|Win32.Build.0 = Debug|Win32
		{29D30682-BEB0-4570-82B5-2A835E402277}.Release|Win32.ActiveCfg = Release|Win32
		{29D30682-BEB0-4570-82B5-2A835E402277}.Release|Win32.Build.0 = Release|Win32
		{EF4C4CBF-824D-4B53-BC4A-1C8F02591554}.Debug|Win32.ActiveCfg = Debug|Win32
		{EF4C4CBF-824D-4B53-BC4A-1C8F02591554}.Debug|Win32.Build.0 = Debug|Win32
		{EF4C4CBF-824D-4B53-BC4A-1C8F02591554}.Release|Win32.ActiveCfg = Release|Win32
		{EF4C4CBF-824D-4B53-BC4A-1C8F02591554}.Release|Win32.Build.0 = Release|Win32
		{2AB7385E-A8A6-42F3-9A65-1566E23031B6}.Debug|Win32.ActiveCfg = Debug|Win32
		{2AB7385E-A8A6-42F3-9A65-1566E23031B6}.Debug|Win32.Build.0 = Debug|Win32
		{2AB7385E-A8A6-42F3-9A65-1566E23031B6}.Release|Win32.ActiveCfg = Release|Win32
		{2AB7385E-A8A6-42F3-9A65-1566E23031B6}.Release|Win32.Build.0 = Release|Win32
		{262D986B-9C2B-4F03-A1E4-C1C4A3EC9834}.Debug|Win32.ActiveCfg = Debug|Win32
		{262D986B-9C2B-4F03-A1E4-C1C4A3EC9834}.Debug|Win32.Build.0 = Debug|Win32
		{262D986B-9C2B-4F03-A1E4-C1C4A3EC9834}.Release|Win32.ActiveCfg = Release|Win32
		{262D986B-9C2B-4F03-A1E4-C1C4A3EC9834}.Release|Win32.Build.0 = Release|Win32
		{E8936605-6F7C-4298-AA4C-9D9D7A349CD9}.Debug|Win32.ActiveCfg = Debug|Win32
		{E8936605-6F7C-4298-AA4C-9D9D7A349CD9}.Debug|Win32.Build.0 = Debug|Win32
		{E8936605-6F7C-4298-AA4C-9D9D7A349CD9}.Release|Win32.ActiveCfg = Release|Win32
		{E8936605-6F7C-4298-AA4C-9D9D7A349CD9}.Release|Win32.Build.0 = Release|Win32
		{A5499C99-7FAE-49E2-8F00-51BA359EE418}.Debug|Win32.ActiveCfg = Debug|Win32
		{A5499C99-7FAE-49E2-8F00-51BA359EE418}.Debug|Win32.Build.0 = Debug|Win32
		{A5499C99-7FAE-49E2-8F00-51BA359EE418}.Release|Win32.ActiveCfg = Release|Win32
		{A5499C99-7FAE-49E2-8F00-51BA359EE418}.Release|Win32.Build.0 = Release|Win32
		{2C375A16-2C95-45C6-96A7-2EA71C4A6471}.Debug|Win32.ActiveCfg = Debug|Win32
		{2C375A16-2C95-45C6-96A7-2EA71C4A6471}.Debug|Win32.Build.0 = Debug|Win32
		{2C375A16-2C95-45C6-96A7-2EA71C4A6471}.Release|Win32.ActiveCfg = Release|Win32
		{2C375A16-2C95-45C6-96A7-2EA71C4A6471}.Release|Win32.Build.0 = Release|Win32
		{A5BDE8E1-31D4-45AA-9C1A-EC496F5ED9B5}.Debug|Win32.ActiveCfg = Debug|Win32
		{A5BDE8E1-31D4-45AA-9C1A-EC496F5ED9B5}.Debug|Win32.Build.0 = Debug|Win32
		{A5BDE8E1-31D4-45AA-9C1A-EC496F5ED9B5}.Release|Win32.ActiveCfg = Release|Win32
		{A5BDE8E1-31D4-45AA-9C1A-EC496F5ED9B5}.Release|Win32.Build.0 = Release|Win32
		{7FDC5451-9D00-47E1-AF54-62AD736BEC6B}.Debug|Win32.ActiveCfg = Debug|Win32
		{7FDC5451-9D00-47E1-AF54-62AD736BEC6B}.Debug|Win32.Build.0 = Debug|Win32
		{7FDC5451-9D00-47E1-AF54-62AD736BEC6B}.Release|Win32.ActiveCfg = Release|Win32
		{7FDC5451-9D00-47E1-AF54-62AD736BEC6B}.Release|Win32.Build.0 = Release|Win32
	EndGlobalSection
	GlobalSection(SolutionProperties) = preSolution
		HideSolutionNode = FALSE
	EndGlobalSection
	GlobalSection(NestedProjects) = preSolution
		{D970B6ED-2CFF-4A56-9353-528E3C9C2AB8} = {AA227CC4-9985-48D8-AAA5-9C9AFC5BE1A1}
		{350CBE17-9967-44A8-AA9A-2C1C07AC0D5D} = {AA227CC4-9985-48D8-AAA5-9C9AFC5BE1A1}
		{E804954F-1ED6-4F3C-AEFF-24E7AAB81E27} = {AA227CC4-9985-48D8-AAA5-9C9AFC5BE1A1}
		{597EC35D-37E5-408E-87C9-46392C382A94} = {6E4A16FA-1DFF-405B-81CB-A1028C21845F}
		{F43DB61D-E28F-415D-9239-56FF0E28BA69} = {6E4A16FA-1DFF-405B-81CB-A1028C21845F}
		{0616D1BF-F4C5-401C-8DF0-F489E3E6164C} = {6E4A16FA-1DFF-405B-81CB-A1028C21845F}
		{29D30682-BEB0-4570-82B5-2A835E402277} = {D970B6ED-2CFF-4A56-9353-528E3C9C2AB8}
		{8EF9B167-1689-4B13-8A17-7C0A6D35CC89} = {350CBE17-9967-44A8-AA9A-2C1C07AC0D5D}
		{FF3A8329-C305-4A36-8650-2F6874109C17} = {350CBE17-9967-44A8-AA9A-2C1C07AC0D5D}
		{301E1B74-D648-416C-BC34-F94BF1AC35BE} = {350CBE17-9967-44A8-AA9A-2C1C07AC0D5D}
		{877BEA26-41CA-45E6-AF50-7B384357A065} = {597EC35D-37E5-408E-87C9-46392C382A94}
		{F8A5BB72-9666-45CC-81CC-97A978B81DA2} = {F43DB61D-E28F-415D-9239-56FF0E28BA69}
		{EF4C4CBF-824D-4B53-BC4A-1C8F02591554} = {E804954F-1ED6-4F3C-AEFF-24E7AAB81E27}
		{2AB7385E-A8A6-42F3-9A65-1566E23031B6} = {8EF9B167-1689-4B13-8A17-7C0A6D35CC89}
		{262D986B-9C2B-4F03-A1E4-C1C4A3EC9834} = {FF3A8329-C305-4A36-8650-2F6874109C17}
		{59A4AC61-EC2C-4C66-9166-14B89B298B93} = {301E1B74-D648-416C-BC34-F94BF1AC35BE}
		{3916C9A1-0913-439E-9D4C-EDC5AA6E655C} = {301E1B74-D648-416C-BC34-F94BF1AC35BE}
		{E50E56C3-9D44-4342-97C9-358AB9B54C23} = {301E1B74-D648-416C-BC34-F94BF1AC35BE}
		{86F8FC7E-60A0-41D5-A887-9B788A69181A} = {301E1B74-D648-416C-BC34-F94BF1AC35BE}
		{16863855-3E89-4DC9-8CC9-12FB74A8C9EF} = {301E1B74-D648-416C-BC34-F94BF1AC35BE}
		{E8936605-6F7C-4298-AA4C-9D9D7A349CD9} = {3916C9A1-0913-439E-9D4C-EDC5AA6E655C}
		{7FDC5451-9D00-47E1-AF54-62AD736BEC6B} = {3916C9A1-0913-439E-9D4C-EDC5AA6E655C}
		{2C375A16-2C95-45C6-96A7-2EA71C4A6471} = {E50E56C3-9D44-4342-97C9-358AB9B54C23}
		{A5BDE8E1-31D4-45AA-9C1A-EC496F5ED9B5} = {E50E56C3-9D44-4342-97C9-358AB9B54C23}
		{A5499C99-7FAE-49E2-8F00-51BA359EE418} = {86F8FC7E-60A0-41D5-A887-9B788A69181A}
	EndGlobalSection
EndGlobal
