
Microsoft Visual Studio Solution File, Format Version 12.00
# Visual Studio Version 17
VisualStudioVersion = 17.5.002.0
MinimumVisualStudioVersion = 10.0.40219.1
Project("{2150E333-8FDC-42A3-9474-1A3956D46DE8}") = "PGenerated", "PGenerated", "{A4B0FE06-DF66-47F7-B1E0-4334AE0C9924}"
EndProject
Project("{9A19103F-16F7-4668-BE54-9A1E7A4F7556}") = "ClientServer", "PGenerated\CSharp\ClientServer.csproj", "{9151E286-95CD-4FD1-838B-3346B8BDC1DB}"
EndProject
Global
	GlobalSection(SolutionConfigurationPlatforms) = preSolution
		Debug|Any CPU = Debug|Any CPU
		Release|Any CPU = Release|Any CPU
	EndGlobalSection
	GlobalSection(ProjectConfigurationPlatforms) = postSolution
		{9151E286-95CD-4FD1-838B-3346B8BDC1DB}.Debug|Any CPU.ActiveCfg = Debug|Any CPU
		{9151E286-95CD-4FD1-838B-3346B8BDC1DB}.Debug|Any CPU.Build.0 = Debug|Any CPU
		{9151E286-95CD-4FD1-838B-3346B8BDC1DB}.Release|Any CPU.ActiveCfg = Release|Any CPU
		{9151E286-95CD-4FD1-838B-3346B8BDC1DB}.Release|Any CPU.Build.0 = Release|Any CPU
	EndGlobalSection
	GlobalSection(SolutionProperties) = preSolution
		HideSolutionNode = FALSE
	EndGlobalSection
	GlobalSection(NestedProjects) = preSolution
		{9151E286-95CD-4FD1-838B-3346B8BDC1DB} = {A4B0FE06-DF66-47F7-B1E0-4334AE0C9924}
	EndGlobalSection
	GlobalSection(ExtensibilityGlobals) = postSolution
		SolutionGuid = {CFC55A7C-D468-43CA-B3ED-D1299442372F}
	EndGlobalSection
EndGlobal
