
Microsoft Visual Studio Solution File, Format Version 12.00
# Visual Studio 2012
Project("{FAE04EC0-301F-11D3-BF4B-00C04F79EFBC}") = "P2Formula", "P2Formula.csproj", "{EC26ABCE-6BDB-4CC6-A6F7-7947784BD167}"
EndProject
Global
	GlobalSection(SolutionConfigurationPlatforms) = preSolution
		Debug|Any CPU = Debug|Any CPU
		Release|Any CPU = Release|Any CPU
	EndGlobalSection
	GlobalSection(ProjectConfigurationPlatforms) = postSolution
		{EC26ABCE-6BDB-4CC6-A6F7-7947784BD167}.Debug|Any CPU.ActiveCfg = Debug|Any CPU
		{EC26ABCE-6BDB-4CC6-A6F7-7947784BD167}.Debug|Any CPU.Build.0 = Debug|Any CPU
		{EC26ABCE-6BDB-4CC6-A6F7-7947784BD167}.Release|Any CPU.ActiveCfg = Release|Any CPU
		{EC26ABCE-6BDB-4CC6-A6F7-7947784BD167}.Release|Any CPU.Build.0 = Release|Any CPU
	EndGlobalSection
	GlobalSection(SolutionProperties) = preSolution
		HideSolutionNode = FALSE
	EndGlobalSection
EndGlobal
