
Microsoft Visual Studio Solution File, Format Version 12.00
# Visual Studio 2013
VisualStudioVersion = 12.0.30501.0
MinimumVisualStudioVersion = 10.0.40219.1
Project("{8BC9CEB8-8B4A-11D0-8D11-00A0C91BC942}") = "PrtRPC", "PrtRPC.vcxproj", "{7708A3F5-B42E-4A20-AAA7-050514F36E8B}"
EndProject
Project("{8BC9CEB8-8B4A-11D0-8D11-00A0C91BC942}") = "PrtCmdIDL", "..\PrtCmdIDL\PrtCmdIDL.vcxproj", "{48330837-7776-47FF-8079-3801B31D47F8}"
EndProject
Global
	GlobalSection(SolutionConfigurationPlatforms) = preSolution
		Debug|Win32 = Debug|Win32
		Release|Win32 = Release|Win32
	EndGlobalSection
	GlobalSection(ProjectConfigurationPlatforms) = postSolution
		{7708A3F5-B42E-4A20-AAA7-050514F36E8B}.Debug|Win32.ActiveCfg = Debug|Win32
		{7708A3F5-B42E-4A20-AAA7-050514F36E8B}.Debug|Win32.Build.0 = Debug|Win32
		{7708A3F5-B42E-4A20-AAA7-050514F36E8B}.Release|Win32.ActiveCfg = Release|Win32
		{7708A3F5-B42E-4A20-AAA7-050514F36E8B}.Release|Win32.Build.0 = Release|Win32
		{48330837-7776-47FF-8079-3801B31D47F8}.Debug|Win32.ActiveCfg = Debug|Win32
		{48330837-7776-47FF-8079-3801B31D47F8}.Debug|Win32.Build.0 = Debug|Win32
		{48330837-7776-47FF-8079-3801B31D47F8}.Release|Win32.ActiveCfg = Release|Win32
		{48330837-7776-47FF-8079-3801B31D47F8}.Release|Win32.Build.0 = Release|Win32
	EndGlobalSection
	GlobalSection(SolutionProperties) = preSolution
		HideSolutionNode = FALSE
	EndGlobalSection
EndGlobal
