
Microsoft Visual Studio Solution File, Format Version 12.00
# Visual Studio 2013
VisualStudioVersion = 12.0.30501.0
MinimumVisualStudioVersion = 10.0.40219.1
Project("{2150E333-8FDC-42A3-9474-1A3956D46DE8}") = "PRuntime", "PRuntime", "{AA227CC4-9985-48D8-AAA5-9C9AFC5BE1A1}"
EndProject
Project("{2150E333-8FDC-42A3-9474-1A3956D46DE8}") = "PRuntimeTest", "PRuntimeTest", "{6E4A16FA-1DFF-405B-81CB-A1028C21845F}"
EndProject
Project("{2150E333-8FDC-42A3-9474-1A3956D46DE8}") = "Prt", "Prt", "{D970B6ED-2CFF-4A56-9353-528E3C9C2AB8}"
EndProject
Project("{2150E333-8FDC-42A3-9474-1A3956D46DE8}") = "PrtDistributedIDL", "PrtDistributedIDL", "{9BAA37A2-5C45-4B21-9345-F87DB4D0B927}"
EndProject
Project("{2150E333-8FDC-42A3-9474-1A3956D46DE8}") = "PrtDistributed", "PrtDistributed", "{350CBE17-9967-44A8-AA9A-2C1C07AC0D5D}"
EndProject
Project("{2150E333-8FDC-42A3-9474-1A3956D46DE8}") = "PrtCmd", "PrtCmd", "{597EC35D-37E5-408E-87C9-46392C382A94}"
EndProject
Project("{2150E333-8FDC-42A3-9474-1A3956D46DE8}") = "PrtRPC", "PrtRPC", "{F43DB61D-E28F-415D-9239-56FF0E28BA69}"
EndProject
Project("{8BC9CEB8-8B4A-11D0-8D11-00A0C91BC942}") = "PrtRPC", "PRuntimeTest\PrtRPC\PrtRPC.vcxproj", "{F8A5BB72-9666-45CC-81CC-97A978B81DA2}"
EndProject
Project("{8BC9CEB8-8B4A-11D0-8D11-00A0C91BC942}") = "PrtCmd", "PRuntimeTest\PrtCmd\PrtCmd.vcxproj", "{877BEA26-41CA-45E6-AF50-7B384357A065}"
EndProject
Project("{8BC9CEB8-8B4A-11D0-8D11-00A0C91BC942}") = "Prt", "PRuntime\Prt\Prt.vcxproj", "{29D30682-BEB0-4570-82B5-2A835E402277}"
EndProject
Project("{8BC9CEB8-8B4A-11D0-8D11-00A0C91BC942}") = "PrtDistributedIDL", "PRuntime\PrtDistributedIDL\PrtDistributedIDL.vcxproj", "{262D986B-9C2B-4F03-A1E4-C1C4A3EC9834}"
EndProject
Global
	GlobalSection(SolutionConfigurationPlatforms) = preSolution
		Debug|Win32 = Debug|Win32
		Release|Win32 = Release|Win32
	EndGlobalSection
	GlobalSection(ProjectConfigurationPlatforms) = postSolution
		{F8A5BB72-9666-45CC-81CC-97A978B81DA2}.Debug|Win32.ActiveCfg = Debug|Win32
		{F8A5BB72-9666-45CC-81CC-97A978B81DA2}.Debug|Win32.Build.0 = Debug|Win32
		{F8A5BB72-9666-45CC-81CC-97A978B81DA2}.Release|Win32.ActiveCfg = Release|Win32
		{F8A5BB72-9666-45CC-81CC-97A978B81DA2}.Release|Win32.Build.0 = Release|Win32
		{877BEA26-41CA-45E6-AF50-7B384357A065}.Debug|Win32.ActiveCfg = Debug|Win32
		{877BEA26-41CA-45E6-AF50-7B384357A065}.Debug|Win32.Build.0 = Debug|Win32
		{877BEA26-41CA-45E6-AF50-7B384357A065}.Release|Win32.ActiveCfg = Release|Win32
		{877BEA26-41CA-45E6-AF50-7B384357A065}.Release|Win32.Build.0 = Release|Win32
		{29D30682-BEB0-4570-82B5-2A835E402277}.Debug|Win32.ActiveCfg = Debug|Win32
		{29D30682-BEB0-4570-82B5-2A835E402277}.Debug|Win32.Build.0 = Debug|Win32
		{29D30682-BEB0-4570-82B5-2A835E402277}.Release|Win32.ActiveCfg = Release|Win32
		{29D30682-BEB0-4570-82B5-2A835E402277}.Release|Win32.Build.0 = Release|Win32
		{262D986B-9C2B-4F03-A1E4-C1C4A3EC9834}.Debug|Win32.ActiveCfg = Debug|Win32
		{262D986B-9C2B-4F03-A1E4-C1C4A3EC9834}.Debug|Win32.Build.0 = Debug|Win32
		{262D986B-9C2B-4F03-A1E4-C1C4A3EC9834}.Release|Win32.ActiveCfg = Release|Win32
		{262D986B-9C2B-4F03-A1E4-C1C4A3EC9834}.Release|Win32.Build.0 = Release|Win32
	EndGlobalSection
	GlobalSection(SolutionProperties) = preSolution
		HideSolutionNode = FALSE
	EndGlobalSection
	GlobalSection(NestedProjects) = preSolution
		{D970B6ED-2CFF-4A56-9353-528E3C9C2AB8} = {AA227CC4-9985-48D8-AAA5-9C9AFC5BE1A1}
		{9BAA37A2-5C45-4B21-9345-F87DB4D0B927} = {AA227CC4-9985-48D8-AAA5-9C9AFC5BE1A1}
		{350CBE17-9967-44A8-AA9A-2C1C07AC0D5D} = {AA227CC4-9985-48D8-AAA5-9C9AFC5BE1A1}
		{597EC35D-37E5-408E-87C9-46392C382A94} = {6E4A16FA-1DFF-405B-81CB-A1028C21845F}
		{F43DB61D-E28F-415D-9239-56FF0E28BA69} = {6E4A16FA-1DFF-405B-81CB-A1028C21845F}
		{F8A5BB72-9666-45CC-81CC-97A978B81DA2} = {F43DB61D-E28F-415D-9239-56FF0E28BA69}
		{877BEA26-41CA-45E6-AF50-7B384357A065} = {597EC35D-37E5-408E-87C9-46392C382A94}
		{29D30682-BEB0-4570-82B5-2A835E402277} = {D970B6ED-2CFF-4A56-9353-528E3C9C2AB8}
		{262D986B-9C2B-4F03-A1E4-C1C4A3EC9834} = {9BAA37A2-5C45-4B21-9345-F87DB4D0B927}
	EndGlobalSection
EndGlobal
