
Microsoft Visual Studio Solution File, Format Version 12.00
# Visual Studio 2013
VisualStudioVersion = 12.0.31101.0
MinimumVisualStudioVersion = 10.0.40219.1
Project("{2150E333-8FDC-42A3-9474-1A3956D46DE8}") = "PrtWinuser", "PrtWinuser", "{FB0BADD8-FA3F-4904-9848-D80F08EA134C}"
EndProject
Project("{8BC9CEB8-8B4A-11D0-8D11-00A0C91BC942}") = "PrtWinUser", "..\Prt\WinUser\PrtWinUser.vcxproj", "{F8C72C0E-450C-4AE1-9885-31B8565C1D63}"
EndProject
Project("{2150E333-8FDC-42A3-9474-1A3956D46DE8}") = "PrtDist", "PrtDist", "{B8C8FCF2-C6E7-455E-A39A-091324466A6C}"
EndProject
Project("{8BC9CEB8-8B4A-11D0-8D11-00A0C91BC942}") = "PrtDist", "PrtDist\PrtDist\PrtDist.vcxproj", "{88589011-C704-470A-8A39-05DC0C816DA8}"
EndProject
Project("{8BC9CEB8-8B4A-11D0-8D11-00A0C91BC942}") = "PrtIDL", "..\Prt\IDL\PrtIDL.vcxproj", "{13DCFB0E-A18A-4E6B-AE2E-F46A7B89A145}"
EndProject
Project("{8BC9CEB8-8B4A-11D0-8D11-00A0C91BC942}") = "PrtDistIDL", "PrtDist\PrtDistIDL\PrtDistIDL.vcxproj", "{149B3FB2-4585-4C8D-ABAC-0DE8AE7E9985}"
	ProjectSection(ProjectDependencies) = postProject
		{0202103A-7DA0-4E05-B106-F8BBE28711DC} = {0202103A-7DA0-4E05-B106-F8BBE28711DC}
	EndProjectSection
EndProject
Project("{2150E333-8FDC-42A3-9474-1A3956D46DE8}") = "Utilities", "Utilities", "{8FD9A9A7-EE4D-4F66-945B-93D9638D44DA}"
EndProject
Project("{FAE04EC0-301F-11D3-BF4B-00C04F79EFBC}") = "PatchIDL", "..\Prt\Utilities\PatchIDL\PatchIDL.csproj", "{0202103A-7DA0-4E05-B106-F8BBE28711DC}"
EndProject
Project("{2150E333-8FDC-42A3-9474-1A3956D46DE8}") = "PrtDistTest", "PrtDistTest", "{77809587-27D0-4434-B5AC-73830EDF74A5}"
EndProject
Project("{2150E333-8FDC-42A3-9474-1A3956D46DE8}") = "PrtRPCSerializationTest", "PrtRPCSerializationTest", "{01958221-19D6-4968-9108-5E69643A230F}"
EndProject
Project("{8BC9CEB8-8B4A-11D0-8D11-00A0C91BC942}") = "PrtRPCSerializationTest", "PrtDistTest\PrtRPCSerializationTest\PrtRPCSerializationTest.vcxproj", "{F8A5BB72-9666-45CC-81CC-97A978B81DA2}"
EndProject
Project("{8BC9CEB8-8B4A-11D0-8D11-00A0C91BC942}") = "PrtRPCSerializationTestIDL", "PrtDistTest\PrtRPCSerializationTest\PrtRPCSerializationTestIDL\PrtRPCSerializationTestIDL.vcxproj", "{6EA10AF0-E923-44F6-9588-2F8BBA331CE8}"
EndProject
Global
	GlobalSection(SolutionConfigurationPlatforms) = preSolution
		Debug|Any CPU = Debug|Any CPU
		Debug|ARM = Debug|ARM
		Debug|Mixed Platforms = Debug|Mixed Platforms
		Debug|Win32 = Debug|Win32
		Debug|x64 = Debug|x64
		Debug|x86 = Debug|x86
		Release|Any CPU = Release|Any CPU
		Release|ARM = Release|ARM
		Release|Mixed Platforms = Release|Mixed Platforms
		Release|Win32 = Release|Win32
		Release|x64 = Release|x64
		Release|x86 = Release|x86
	EndGlobalSection
	GlobalSection(ProjectConfigurationPlatforms) = postSolution
		{F8C72C0E-450C-4AE1-9885-31B8565C1D63}.Debug|Any CPU.ActiveCfg = Debug|Win32
		{F8C72C0E-450C-4AE1-9885-31B8565C1D63}.Debug|ARM.ActiveCfg = Debug|Win32
		{F8C72C0E-450C-4AE1-9885-31B8565C1D63}.Debug|Mixed Platforms.ActiveCfg = Debug|Win32
		{F8C72C0E-450C-4AE1-9885-31B8565C1D63}.Debug|Mixed Platforms.Build.0 = Debug|Win32
		{F8C72C0E-450C-4AE1-9885-31B8565C1D63}.Debug|Win32.ActiveCfg = Debug|Win32
		{F8C72C0E-450C-4AE1-9885-31B8565C1D63}.Debug|Win32.Build.0 = Debug|Win32
		{F8C72C0E-450C-4AE1-9885-31B8565C1D63}.Debug|x64.ActiveCfg = Debug|x64
		{F8C72C0E-450C-4AE1-9885-31B8565C1D63}.Debug|x64.Build.0 = Debug|x64
		{F8C72C0E-450C-4AE1-9885-31B8565C1D63}.Debug|x86.ActiveCfg = Debug|Win32
		{F8C72C0E-450C-4AE1-9885-31B8565C1D63}.Debug|x86.Build.0 = Debug|Win32
		{F8C72C0E-450C-4AE1-9885-31B8565C1D63}.Release|Any CPU.ActiveCfg = Release|Win32
		{F8C72C0E-450C-4AE1-9885-31B8565C1D63}.Release|ARM.ActiveCfg = Release|Win32
		{F8C72C0E-450C-4AE1-9885-31B8565C1D63}.Release|Mixed Platforms.ActiveCfg = Release|Win32
		{F8C72C0E-450C-4AE1-9885-31B8565C1D63}.Release|Mixed Platforms.Build.0 = Release|Win32
		{F8C72C0E-450C-4AE1-9885-31B8565C1D63}.Release|Win32.ActiveCfg = Release|Win32
		{F8C72C0E-450C-4AE1-9885-31B8565C1D63}.Release|Win32.Build.0 = Release|Win32
		{F8C72C0E-450C-4AE1-9885-31B8565C1D63}.Release|x64.ActiveCfg = Release|x64
		{F8C72C0E-450C-4AE1-9885-31B8565C1D63}.Release|x64.Build.0 = Release|x64
		{F8C72C0E-450C-4AE1-9885-31B8565C1D63}.Release|x86.ActiveCfg = Release|Win32
		{F8C72C0E-450C-4AE1-9885-31B8565C1D63}.Release|x86.Build.0 = Release|Win32
		{88589011-C704-470A-8A39-05DC0C816DA8}.Debug|Any CPU.ActiveCfg = Debug|Win32
		{88589011-C704-470A-8A39-05DC0C816DA8}.Debug|ARM.ActiveCfg = Debug|Win32
		{88589011-C704-470A-8A39-05DC0C816DA8}.Debug|Mixed Platforms.ActiveCfg = Debug|Win32
		{88589011-C704-470A-8A39-05DC0C816DA8}.Debug|Mixed Platforms.Build.0 = Debug|Win32
		{88589011-C704-470A-8A39-05DC0C816DA8}.Debug|Win32.ActiveCfg = Debug|Win32
		{88589011-C704-470A-8A39-05DC0C816DA8}.Debug|Win32.Build.0 = Debug|Win32
		{88589011-C704-470A-8A39-05DC0C816DA8}.Debug|x64.ActiveCfg = Debug|x64
		{88589011-C704-470A-8A39-05DC0C816DA8}.Debug|x64.Build.0 = Debug|x64
		{88589011-C704-470A-8A39-05DC0C816DA8}.Debug|x86.ActiveCfg = Debug|Win32
		{88589011-C704-470A-8A39-05DC0C816DA8}.Debug|x86.Build.0 = Debug|Win32
		{88589011-C704-470A-8A39-05DC0C816DA8}.Release|Any CPU.ActiveCfg = Release|Win32
		{88589011-C704-470A-8A39-05DC0C816DA8}.Release|ARM.ActiveCfg = Release|Win32
		{88589011-C704-470A-8A39-05DC0C816DA8}.Release|Mixed Platforms.ActiveCfg = Release|Win32
		{88589011-C704-470A-8A39-05DC0C816DA8}.Release|Mixed Platforms.Build.0 = Release|Win32
		{88589011-C704-470A-8A39-05DC0C816DA8}.Release|Win32.ActiveCfg = Release|Win32
		{88589011-C704-470A-8A39-05DC0C816DA8}.Release|Win32.Build.0 = Release|Win32
		{88589011-C704-470A-8A39-05DC0C816DA8}.Release|x64.ActiveCfg = Release|x64
		{88589011-C704-470A-8A39-05DC0C816DA8}.Release|x64.Build.0 = Release|x64
		{88589011-C704-470A-8A39-05DC0C816DA8}.Release|x86.ActiveCfg = Release|Win32
		{88589011-C704-470A-8A39-05DC0C816DA8}.Release|x86.Build.0 = Release|Win32
		{13DCFB0E-A18A-4E6B-AE2E-F46A7B89A145}.Debug|Any CPU.ActiveCfg = Debug|Win32
		{13DCFB0E-A18A-4E6B-AE2E-F46A7B89A145}.Debug|ARM.ActiveCfg = Debug|Win32
		{13DCFB0E-A18A-4E6B-AE2E-F46A7B89A145}.Debug|Mixed Platforms.ActiveCfg = Debug|Win32
		{13DCFB0E-A18A-4E6B-AE2E-F46A7B89A145}.Debug|Mixed Platforms.Build.0 = Debug|Win32
		{13DCFB0E-A18A-4E6B-AE2E-F46A7B89A145}.Debug|Win32.ActiveCfg = Debug|Win32
		{13DCFB0E-A18A-4E6B-AE2E-F46A7B89A145}.Debug|Win32.Build.0 = Debug|Win32
		{13DCFB0E-A18A-4E6B-AE2E-F46A7B89A145}.Debug|x64.ActiveCfg = Debug|x64
		{13DCFB0E-A18A-4E6B-AE2E-F46A7B89A145}.Debug|x64.Build.0 = Debug|x64
		{13DCFB0E-A18A-4E6B-AE2E-F46A7B89A145}.Debug|x86.ActiveCfg = Debug|Win32
		{13DCFB0E-A18A-4E6B-AE2E-F46A7B89A145}.Debug|x86.Build.0 = Debug|Win32
		{13DCFB0E-A18A-4E6B-AE2E-F46A7B89A145}.Release|Any CPU.ActiveCfg = Release|Win32
		{13DCFB0E-A18A-4E6B-AE2E-F46A7B89A145}.Release|ARM.ActiveCfg = Release|Win32
		{13DCFB0E-A18A-4E6B-AE2E-F46A7B89A145}.Release|Mixed Platforms.ActiveCfg = Release|Win32
		{13DCFB0E-A18A-4E6B-AE2E-F46A7B89A145}.Release|Mixed Platforms.Build.0 = Release|Win32
		{13DCFB0E-A18A-4E6B-AE2E-F46A7B89A145}.Release|Win32.ActiveCfg = Release|Win32
		{13DCFB0E-A18A-4E6B-AE2E-F46A7B89A145}.Release|Win32.Build.0 = Release|Win32
		{13DCFB0E-A18A-4E6B-AE2E-F46A7B89A145}.Release|x64.ActiveCfg = Release|x64
		{13DCFB0E-A18A-4E6B-AE2E-F46A7B89A145}.Release|x64.Build.0 = Release|x64
		{13DCFB0E-A18A-4E6B-AE2E-F46A7B89A145}.Release|x86.ActiveCfg = Release|Win32
		{13DCFB0E-A18A-4E6B-AE2E-F46A7B89A145}.Release|x86.Build.0 = Release|Win32
		{149B3FB2-4585-4C8D-ABAC-0DE8AE7E9985}.Debug|Any CPU.ActiveCfg = Debug|Win32
		{149B3FB2-4585-4C8D-ABAC-0DE8AE7E9985}.Debug|ARM.ActiveCfg = Debug|Win32
		{149B3FB2-4585-4C8D-ABAC-0DE8AE7E9985}.Debug|Mixed Platforms.ActiveCfg = Debug|Win32
		{149B3FB2-4585-4C8D-ABAC-0DE8AE7E9985}.Debug|Mixed Platforms.Build.0 = Debug|Win32
		{149B3FB2-4585-4C8D-ABAC-0DE8AE7E9985}.Debug|Win32.ActiveCfg = Debug|Win32
		{149B3FB2-4585-4C8D-ABAC-0DE8AE7E9985}.Debug|Win32.Build.0 = Debug|Win32
		{149B3FB2-4585-4C8D-ABAC-0DE8AE7E9985}.Debug|x64.ActiveCfg = Debug|x64
		{149B3FB2-4585-4C8D-ABAC-0DE8AE7E9985}.Debug|x64.Build.0 = Debug|x64
		{149B3FB2-4585-4C8D-ABAC-0DE8AE7E9985}.Debug|x86.ActiveCfg = Debug|Win32
		{149B3FB2-4585-4C8D-ABAC-0DE8AE7E9985}.Debug|x86.Build.0 = Debug|Win32
		{149B3FB2-4585-4C8D-ABAC-0DE8AE7E9985}.Release|Any CPU.ActiveCfg = Release|Win32
		{149B3FB2-4585-4C8D-ABAC-0DE8AE7E9985}.Release|ARM.ActiveCfg = Release|Win32
		{149B3FB2-4585-4C8D-ABAC-0DE8AE7E9985}.Release|Mixed Platforms.ActiveCfg = Release|Win32
		{149B3FB2-4585-4C8D-ABAC-0DE8AE7E9985}.Release|Mixed Platforms.Build.0 = Release|Win32
		{149B3FB2-4585-4C8D-ABAC-0DE8AE7E9985}.Release|Win32.ActiveCfg = Release|Win32
		{149B3FB2-4585-4C8D-ABAC-0DE8AE7E9985}.Release|Win32.Build.0 = Release|Win32
		{149B3FB2-4585-4C8D-ABAC-0DE8AE7E9985}.Release|x64.ActiveCfg = Release|x64
		{149B3FB2-4585-4C8D-ABAC-0DE8AE7E9985}.Release|x64.Build.0 = Release|x64
		{149B3FB2-4585-4C8D-ABAC-0DE8AE7E9985}.Release|x86.ActiveCfg = Release|Win32
		{149B3FB2-4585-4C8D-ABAC-0DE8AE7E9985}.Release|x86.Build.0 = Release|Win32
		{0202103A-7DA0-4E05-B106-F8BBE28711DC}.Debug|Any CPU.ActiveCfg = Debug|Any CPU
		{0202103A-7DA0-4E05-B106-F8BBE28711DC}.Debug|Any CPU.Build.0 = Debug|Any CPU
		{0202103A-7DA0-4E05-B106-F8BBE28711DC}.Debug|ARM.ActiveCfg = Debug|Any CPU
		{0202103A-7DA0-4E05-B106-F8BBE28711DC}.Debug|Mixed Platforms.ActiveCfg = Debug|x86
		{0202103A-7DA0-4E05-B106-F8BBE28711DC}.Debug|Mixed Platforms.Build.0 = Debug|x86
		{0202103A-7DA0-4E05-B106-F8BBE28711DC}.Debug|Win32.ActiveCfg = Debug|Any CPU
		{0202103A-7DA0-4E05-B106-F8BBE28711DC}.Debug|Win32.Build.0 = Debug|Any CPU
		{0202103A-7DA0-4E05-B106-F8BBE28711DC}.Debug|x64.ActiveCfg = Debug|Any CPU
		{0202103A-7DA0-4E05-B106-F8BBE28711DC}.Debug|x64.Build.0 = Debug|Any CPU
		{0202103A-7DA0-4E05-B106-F8BBE28711DC}.Debug|x86.ActiveCfg = Debug|x86
		{0202103A-7DA0-4E05-B106-F8BBE28711DC}.Debug|x86.Build.0 = Debug|x86
		{0202103A-7DA0-4E05-B106-F8BBE28711DC}.Release|Any CPU.ActiveCfg = Release|Any CPU
		{0202103A-7DA0-4E05-B106-F8BBE28711DC}.Release|Any CPU.Build.0 = Release|Any CPU
		{0202103A-7DA0-4E05-B106-F8BBE28711DC}.Release|ARM.ActiveCfg = Release|Any CPU
		{0202103A-7DA0-4E05-B106-F8BBE28711DC}.Release|Mixed Platforms.ActiveCfg = Release|x86
		{0202103A-7DA0-4E05-B106-F8BBE28711DC}.Release|Mixed Platforms.Build.0 = Release|x86
		{0202103A-7DA0-4E05-B106-F8BBE28711DC}.Release|Win32.ActiveCfg = Release|Any CPU
		{0202103A-7DA0-4E05-B106-F8BBE28711DC}.Release|Win32.Build.0 = Release|Any CPU
		{0202103A-7DA0-4E05-B106-F8BBE28711DC}.Release|x64.ActiveCfg = Release|Any CPU
		{0202103A-7DA0-4E05-B106-F8BBE28711DC}.Release|x64.Build.0 = Release|Any CPU
		{0202103A-7DA0-4E05-B106-F8BBE28711DC}.Release|x86.ActiveCfg = Release|x86
		{0202103A-7DA0-4E05-B106-F8BBE28711DC}.Release|x86.Build.0 = Release|x86
		{F8A5BB72-9666-45CC-81CC-97A978B81DA2}.Debug|Any CPU.ActiveCfg = Debug|Win32
		{F8A5BB72-9666-45CC-81CC-97A978B81DA2}.Debug|ARM.ActiveCfg = Debug|Win32
		{F8A5BB72-9666-45CC-81CC-97A978B81DA2}.Debug|Mixed Platforms.ActiveCfg = Debug|Win32
		{F8A5BB72-9666-45CC-81CC-97A978B81DA2}.Debug|Mixed Platforms.Build.0 = Debug|Win32
		{F8A5BB72-9666-45CC-81CC-97A978B81DA2}.Debug|Win32.ActiveCfg = Debug|Win32
		{F8A5BB72-9666-45CC-81CC-97A978B81DA2}.Debug|Win32.Build.0 = Debug|Win32
		{F8A5BB72-9666-45CC-81CC-97A978B81DA2}.Debug|x64.ActiveCfg = Debug|x64
		{F8A5BB72-9666-45CC-81CC-97A978B81DA2}.Debug|x64.Build.0 = Debug|x64
		{F8A5BB72-9666-45CC-81CC-97A978B81DA2}.Debug|x86.ActiveCfg = Debug|Win32
		{F8A5BB72-9666-45CC-81CC-97A978B81DA2}.Debug|x86.Build.0 = Debug|Win32
		{F8A5BB72-9666-45CC-81CC-97A978B81DA2}.Release|Any CPU.ActiveCfg = Release|Win32
		{F8A5BB72-9666-45CC-81CC-97A978B81DA2}.Release|ARM.ActiveCfg = Release|Win32
		{F8A5BB72-9666-45CC-81CC-97A978B81DA2}.Release|Mixed Platforms.ActiveCfg = Release|Win32
		{F8A5BB72-9666-45CC-81CC-97A978B81DA2}.Release|Mixed Platforms.Build.0 = Release|Win32
		{F8A5BB72-9666-45CC-81CC-97A978B81DA2}.Release|Win32.ActiveCfg = Release|Win32
		{F8A5BB72-9666-45CC-81CC-97A978B81DA2}.Release|Win32.Build.0 = Release|Win32
		{F8A5BB72-9666-45CC-81CC-97A978B81DA2}.Release|x64.ActiveCfg = Release|x64
		{F8A5BB72-9666-45CC-81CC-97A978B81DA2}.Release|x64.Build.0 = Release|x64
		{F8A5BB72-9666-45CC-81CC-97A978B81DA2}.Release|x86.ActiveCfg = Release|Win32
		{F8A5BB72-9666-45CC-81CC-97A978B81DA2}.Release|x86.Build.0 = Release|Win32
		{6EA10AF0-E923-44F6-9588-2F8BBA331CE8}.Debug|Any CPU.ActiveCfg = Debug|Win32
		{6EA10AF0-E923-44F6-9588-2F8BBA331CE8}.Debug|ARM.ActiveCfg = Debug|Win32
		{6EA10AF0-E923-44F6-9588-2F8BBA331CE8}.Debug|Mixed Platforms.ActiveCfg = Debug|Win32
		{6EA10AF0-E923-44F6-9588-2F8BBA331CE8}.Debug|Mixed Platforms.Build.0 = Debug|Win32
		{6EA10AF0-E923-44F6-9588-2F8BBA331CE8}.Debug|Win32.ActiveCfg = Debug|Win32
		{6EA10AF0-E923-44F6-9588-2F8BBA331CE8}.Debug|Win32.Build.0 = Debug|Win32
		{6EA10AF0-E923-44F6-9588-2F8BBA331CE8}.Debug|x64.ActiveCfg = Debug|x64
		{6EA10AF0-E923-44F6-9588-2F8BBA331CE8}.Debug|x64.Build.0 = Debug|x64
		{6EA10AF0-E923-44F6-9588-2F8BBA331CE8}.Debug|x86.ActiveCfg = Debug|Win32
		{6EA10AF0-E923-44F6-9588-2F8BBA331CE8}.Debug|x86.Build.0 = Debug|Win32
		{6EA10AF0-E923-44F6-9588-2F8BBA331CE8}.Release|Any CPU.ActiveCfg = Release|Win32
		{6EA10AF0-E923-44F6-9588-2F8BBA331CE8}.Release|ARM.ActiveCfg = Release|Win32
		{6EA10AF0-E923-44F6-9588-2F8BBA331CE8}.Release|Mixed Platforms.ActiveCfg = Release|Win32
		{6EA10AF0-E923-44F6-9588-2F8BBA331CE8}.Release|Mixed Platforms.Build.0 = Release|Win32
		{6EA10AF0-E923-44F6-9588-2F8BBA331CE8}.Release|Win32.ActiveCfg = Release|Win32
		{6EA10AF0-E923-44F6-9588-2F8BBA331CE8}.Release|Win32.Build.0 = Release|Win32
		{6EA10AF0-E923-44F6-9588-2F8BBA331CE8}.Release|x64.ActiveCfg = Release|Win32
		{6EA10AF0-E923-44F6-9588-2F8BBA331CE8}.Release|x86.ActiveCfg = Release|Win32
		{6EA10AF0-E923-44F6-9588-2F8BBA331CE8}.Release|x86.Build.0 = Release|Win32
	EndGlobalSection
	GlobalSection(SolutionProperties) = preSolution
		HideSolutionNode = FALSE
	EndGlobalSection
	GlobalSection(NestedProjects) = preSolution
		{F8C72C0E-450C-4AE1-9885-31B8565C1D63} = {FB0BADD8-FA3F-4904-9848-D80F08EA134C}
		{88589011-C704-470A-8A39-05DC0C816DA8} = {B8C8FCF2-C6E7-455E-A39A-091324466A6C}
		{13DCFB0E-A18A-4E6B-AE2E-F46A7B89A145} = {FB0BADD8-FA3F-4904-9848-D80F08EA134C}
		{149B3FB2-4585-4C8D-ABAC-0DE8AE7E9985} = {B8C8FCF2-C6E7-455E-A39A-091324466A6C}
		{0202103A-7DA0-4E05-B106-F8BBE28711DC} = {8FD9A9A7-EE4D-4F66-945B-93D9638D44DA}
		{01958221-19D6-4968-9108-5E69643A230F} = {77809587-27D0-4434-B5AC-73830EDF74A5}
		{F8A5BB72-9666-45CC-81CC-97A978B81DA2} = {01958221-19D6-4968-9108-5E69643A230F}
		{6EA10AF0-E923-44F6-9588-2F8BBA331CE8} = {01958221-19D6-4968-9108-5E69643A230F}
	EndGlobalSection
EndGlobal
