
Microsoft Visual Studio Solution File, Format Version 12.00
# Visual Studio 2013
VisualStudioVersion = 12.0.31101.0
MinimumVisualStudioVersion = 10.0.40219.1
Project("{2150E333-8FDC-42A3-9474-1A3956D46DE8}") = "PrtWinuser", "PrtWinuser", "{FB0BADD8-FA3F-4904-9848-D80F08EA134C}"
EndProject
Project("{2150E333-8FDC-42A3-9474-1A3956D46DE8}") = "PrtDist", "PrtDist", "{B8C8FCF2-C6E7-455E-A39A-091324466A6C}"
EndProject
Project("{8BC9CEB8-8B4A-11D0-8D11-00A0C91BC942}") = "PrtIDL", "..\Prt\IDL\PrtIDL.vcxproj", "{13DCFB0E-A18A-4E6B-AE2E-F46A7B89A145}"
EndProject
Project("{2150E333-8FDC-42A3-9474-1A3956D46DE8}") = "Utilities", "Utilities", "{8FD9A9A7-EE4D-4F66-945B-93D9638D44DA}"
EndProject
Project("{FAE04EC0-301F-11D3-BF4B-00C04F79EFBC}") = "PatchIDL", "..\Prt\Utilities\PatchIDL\PatchIDL.csproj", "{0202103A-7DA0-4E05-B106-F8BBE28711DC}"
EndProject
Project("{2150E333-8FDC-42A3-9474-1A3956D46DE8}") = "PrtDistTest", "PrtDistTest", "{77809587-27D0-4434-B5AC-73830EDF74A5}"
EndProject
Project("{2150E333-8FDC-42A3-9474-1A3956D46DE8}") = "PrtRPCSerializationTest", "PrtRPCSerializationTest", "{01958221-19D6-4968-9108-5E69643A230F}"
EndProject
Project("{8BC9CEB8-8B4A-11D0-8D11-00A0C91BC942}") = "PrtRPCSerializationTestIDL", "PrtDistTest\PrtRPCSerializationTest\PrtRPCSerializationTestIDL\PrtRPCSerializationTestIDL.vcxproj", "{6EA10AF0-E923-44F6-9588-2F8BBA331CE8}"
EndProject
Project("{2150E333-8FDC-42A3-9474-1A3956D46DE8}") = "CommonFiles", "CommonFiles", "{D67D9C52-C337-49F7-A8E2-07B9D14BC148}"
	ProjectSection(SolutionItems) = preProject
		PrtDist\CommonFiles\MainFunction.c = PrtDist\CommonFiles\MainFunction.c
		PrtDist\CommonFiles\PrtDistLogging.c = PrtDist\CommonFiles\PrtDistLogging.c
		PrtDist\CommonFiles\PrtDistMachines.h = PrtDist\CommonFiles\PrtDistMachines.h
		PrtDist\CommonFiles\PrtDistPorts.h = PrtDist\CommonFiles\PrtDistPorts.h
	EndProjectSection
EndProject
Project("{2150E333-8FDC-42A3-9474-1A3956D46DE8}") = "PrtDistHelper", "PrtDistHelper", "{BA08D645-F216-4CE8-B52E-D9A1D533DD53}"
EndProject
Project("{8BC9CEB8-8B4A-11D0-8D11-00A0C91BC942}") = "PrtDistHelper", "PrtDistHelper\PrtDistHelper.vcxproj", "{F9E759B9-4473-4DB2-A20D-3E0CB6D5C134}"
EndProject
Project("{2150E333-8FDC-42A3-9474-1A3956D46DE8}") = "PrtDistClusterManager", "PrtDistClusterManager", "{95B90F31-1BB9-4A14-A661-83803A7E812F}"
	ProjectSection(SolutionItems) = preProject
		PrtDistClusterManagement\PrtDistClusterConfiguration.xml = PrtDistClusterManagement\PrtDistClusterConfiguration.xml
	EndProjectSection
EndProject
Project("{2150E333-8FDC-42A3-9474-1A3956D46DE8}") = "PrtDistNodeManager", "PrtDistNodeManager", "{C999CF3C-FEDE-4808-BF1A-E9B2D15A0CE8}"
EndProject
Project("{2150E333-8FDC-42A3-9474-1A3956D46DE8}") = "PrtDistNodeManagerIDL", "PrtDistNodeManagerIDL", "{64C98E90-AE8D-4A7C-891A-E57823DA0C68}"
EndProject
Project("{2150E333-8FDC-42A3-9474-1A3956D46DE8}") = "PrtDistCentralServer", "PrtDistCentralServer", "{AD9ABCB5-48DA-4A11-A90D-C2856F375BA5}"
EndProject
Project("{2150E333-8FDC-42A3-9474-1A3956D46DE8}") = "PrtDistCentralServerIDL", "PrtDistCentralServerIDL", "{D9DE0439-3AFF-4D1D-A7F2-D1D9B2025E35}"
EndProject
Project("{8BC9CEB8-8B4A-11D0-8D11-00A0C91BC942}") = "PrtDistCentralServerIDL", "PrtDistClusterManagement\PrtDistCentralServer\PrtDistCentralServerIDL\PrtDistCentralServerIDL.vcxproj", "{B934B5A8-9CA3-4585-8E2F-927350F9C9D7}"
EndProject
Project("{8BC9CEB8-8B4A-11D0-8D11-00A0C91BC942}") = "PrtDistNodeManager", "PrtDistClusterManagement\PrtDistNodeManager\PrtDistNodeManager.vcxproj", "{2C375A16-2C95-45C6-96A7-2EA71C4A6471}"
EndProject
Project("{8BC9CEB8-8B4A-11D0-8D11-00A0C91BC942}") = "PrtDistNodeManagerIDL", "PrtDistClusterManagement\PrtDistNodeManager\PrtDistNodeManagerIDL\PrtDistNodeManagerIDL.vcxproj", "{A5BDE8E1-31D4-45AA-9C1A-EC496F5ED9B5}"
EndProject
Project("{2150E333-8FDC-42A3-9474-1A3956D46DE8}") = "PrtDistDeployer", "PrtDistDeployer", "{7B3C5241-C7F5-4541-8A86-DB6560EB9E9B}"
EndProject
Project("{FAE04EC0-301F-11D3-BF4B-00C04F79EFBC}") = "PrtDistDeployer", "PrtDistClusterManagement\PrtDistDeployer\PrtDistDeployer.csproj", "{C2508569-C97E-4487-8B97-BC5D7179A56B}"
EndProject
Project("{8BC9CEB8-8B4A-11D0-8D11-00A0C91BC942}") = "PrtDist", "PrtDist\PrtDist.vcxproj", "{88589011-C704-470A-8A39-05DC0C816DA8}"
EndProject
Project("{8BC9CEB8-8B4A-11D0-8D11-00A0C91BC942}") = "PrtDistIDL", "PrtDist\PrtDistIDL\PrtDistIDL.vcxproj", "{149B3FB2-4585-4C8D-ABAC-0DE8AE7E9985}"
EndProject
Project("{8BC9CEB8-8B4A-11D0-8D11-00A0C91BC942}") = "PrtWinUser", "PrtDist\PrtWinUser.vcxproj", "{F8C72C0E-450C-4AE1-9885-31B8565C1D63}"
EndProject
Project("{8BC9CEB8-8B4A-11D0-8D11-00A0C91BC942}") = "PrtDistCentralServer", "PrtDistClusterManagement\PrtDistCentralServer\PrtDistCentralServer.vcxproj", "{7621FD98-810E-4DB8-8D7A-214C5B206961}"
EndProject
Project("{2150E333-8FDC-42A3-9474-1A3956D46DE8}") = "PrtcentralServer", "PrtcentralServer", "{60F03469-6805-4C84-8A01-0DEDE610DD08}"
EndProject
Project("{8BC9CEB8-8B4A-11D0-8D11-00A0C91BC942}") = "TestCentralServer", "PrtDistTest\PrtCentralServerTest\TestCentralServer.vcxproj", "{7FECDA5B-9BF3-4365-B2AF-DE35F42493FA}"
EndProject
Project("{2150E333-8FDC-42A3-9474-1A3956D46DE8}") = "PrtNodeManagerTest", "PrtNodeManagerTest", "{FF5C5558-40B1-4759-B3BA-A719768F3F02}"
EndProject
Project("{8BC9CEB8-8B4A-11D0-8D11-00A0C91BC942}") = "TestPrtService", "PrtDistTest\PrtNodeManagerTest\TestPrtService.vcxproj", "{6795DBED-69A7-400E-A421-D903D32F88EF}"
EndProject
Global
	GlobalSection(SolutionConfigurationPlatforms) = preSolution
		Debug|Any CPU = Debug|Any CPU
		Debug|ARM = Debug|ARM
		Debug|Mixed Platforms = Debug|Mixed Platforms
		Debug|Win32 = Debug|Win32
		Debug|x64 = Debug|x64
		Debug|x86 = Debug|x86
		Release|Any CPU = Release|Any CPU
		Release|ARM = Release|ARM
		Release|Mixed Platforms = Release|Mixed Platforms
		Release|Win32 = Release|Win32
		Release|x64 = Release|x64
		Release|x86 = Release|x86
	EndGlobalSection
	GlobalSection(ProjectConfigurationPlatforms) = postSolution
		{13DCFB0E-A18A-4E6B-AE2E-F46A7B89A145}.Debug|Any CPU.ActiveCfg = Debug|Win32
		{13DCFB0E-A18A-4E6B-AE2E-F46A7B89A145}.Debug|ARM.ActiveCfg = Debug|Win32
		{13DCFB0E-A18A-4E6B-AE2E-F46A7B89A145}.Debug|Mixed Platforms.ActiveCfg = Debug|Win32
		{13DCFB0E-A18A-4E6B-AE2E-F46A7B89A145}.Debug|Mixed Platforms.Build.0 = Debug|Win32
		{13DCFB0E-A18A-4E6B-AE2E-F46A7B89A145}.Debug|Win32.ActiveCfg = Debug|Win32
		{13DCFB0E-A18A-4E6B-AE2E-F46A7B89A145}.Debug|Win32.Build.0 = Debug|Win32
		{13DCFB0E-A18A-4E6B-AE2E-F46A7B89A145}.Debug|x64.ActiveCfg = Debug|x64
		{13DCFB0E-A18A-4E6B-AE2E-F46A7B89A145}.Debug|x64.Build.0 = Debug|x64
		{13DCFB0E-A18A-4E6B-AE2E-F46A7B89A145}.Debug|x86.ActiveCfg = Debug|Win32
		{13DCFB0E-A18A-4E6B-AE2E-F46A7B89A145}.Debug|x86.Build.0 = Debug|Win32
		{13DCFB0E-A18A-4E6B-AE2E-F46A7B89A145}.Release|Any CPU.ActiveCfg = Release|Win32
		{13DCFB0E-A18A-4E6B-AE2E-F46A7B89A145}.Release|ARM.ActiveCfg = Release|Win32
		{13DCFB0E-A18A-4E6B-AE2E-F46A7B89A145}.Release|Mixed Platforms.ActiveCfg = Release|Win32
		{13DCFB0E-A18A-4E6B-AE2E-F46A7B89A145}.Release|Mixed Platforms.Build.0 = Release|Win32
		{13DCFB0E-A18A-4E6B-AE2E-F46A7B89A145}.Release|Win32.ActiveCfg = Release|Win32
		{13DCFB0E-A18A-4E6B-AE2E-F46A7B89A145}.Release|Win32.Build.0 = Release|Win32
		{13DCFB0E-A18A-4E6B-AE2E-F46A7B89A145}.Release|x64.ActiveCfg = Release|x64
		{13DCFB0E-A18A-4E6B-AE2E-F46A7B89A145}.Release|x64.Build.0 = Release|x64
		{13DCFB0E-A18A-4E6B-AE2E-F46A7B89A145}.Release|x86.ActiveCfg = Release|Win32
		{13DCFB0E-A18A-4E6B-AE2E-F46A7B89A145}.Release|x86.Build.0 = Release|Win32
		{0202103A-7DA0-4E05-B106-F8BBE28711DC}.Debug|Any CPU.ActiveCfg = Debug|Any CPU
		{0202103A-7DA0-4E05-B106-F8BBE28711DC}.Debug|Any CPU.Build.0 = Debug|Any CPU
		{0202103A-7DA0-4E05-B106-F8BBE28711DC}.Debug|ARM.ActiveCfg = Debug|Any CPU
		{0202103A-7DA0-4E05-B106-F8BBE28711DC}.Debug|Mixed Platforms.ActiveCfg = Debug|x86
		{0202103A-7DA0-4E05-B106-F8BBE28711DC}.Debug|Mixed Platforms.Build.0 = Debug|x86
		{0202103A-7DA0-4E05-B106-F8BBE28711DC}.Debug|Win32.ActiveCfg = Debug|Any CPU
		{0202103A-7DA0-4E05-B106-F8BBE28711DC}.Debug|Win32.Build.0 = Debug|Any CPU
		{0202103A-7DA0-4E05-B106-F8BBE28711DC}.Debug|x64.ActiveCfg = Debug|Any CPU
		{0202103A-7DA0-4E05-B106-F8BBE28711DC}.Debug|x64.Build.0 = Debug|Any CPU
		{0202103A-7DA0-4E05-B106-F8BBE28711DC}.Debug|x86.ActiveCfg = Debug|x86
		{0202103A-7DA0-4E05-B106-F8BBE28711DC}.Debug|x86.Build.0 = Debug|x86
		{0202103A-7DA0-4E05-B106-F8BBE28711DC}.Release|Any CPU.ActiveCfg = Release|Any CPU
		{0202103A-7DA0-4E05-B106-F8BBE28711DC}.Release|Any CPU.Build.0 = Release|Any CPU
		{0202103A-7DA0-4E05-B106-F8BBE28711DC}.Release|ARM.ActiveCfg = Release|Any CPU
		{0202103A-7DA0-4E05-B106-F8BBE28711DC}.Release|Mixed Platforms.ActiveCfg = Release|x86
		{0202103A-7DA0-4E05-B106-F8BBE28711DC}.Release|Mixed Platforms.Build.0 = Release|x86
		{0202103A-7DA0-4E05-B106-F8BBE28711DC}.Release|Win32.ActiveCfg = Release|Any CPU
		{0202103A-7DA0-4E05-B106-F8BBE28711DC}.Release|Win32.Build.0 = Release|Any CPU
		{0202103A-7DA0-4E05-B106-F8BBE28711DC}.Release|x64.ActiveCfg = Release|Any CPU
		{0202103A-7DA0-4E05-B106-F8BBE28711DC}.Release|x64.Build.0 = Release|Any CPU
		{0202103A-7DA0-4E05-B106-F8BBE28711DC}.Release|x86.ActiveCfg = Release|x86
		{0202103A-7DA0-4E05-B106-F8BBE28711DC}.Release|x86.Build.0 = Release|x86
		{6EA10AF0-E923-44F6-9588-2F8BBA331CE8}.Debug|Any CPU.ActiveCfg = Debug|Win32
		{6EA10AF0-E923-44F6-9588-2F8BBA331CE8}.Debug|ARM.ActiveCfg = Debug|Win32
		{6EA10AF0-E923-44F6-9588-2F8BBA331CE8}.Debug|Mixed Platforms.ActiveCfg = Debug|Win32
		{6EA10AF0-E923-44F6-9588-2F8BBA331CE8}.Debug|Win32.ActiveCfg = Debug|Win32
		{6EA10AF0-E923-44F6-9588-2F8BBA331CE8}.Debug|x64.ActiveCfg = Debug|x64
		{6EA10AF0-E923-44F6-9588-2F8BBA331CE8}.Debug|x64.Build.0 = Debug|x64
		{6EA10AF0-E923-44F6-9588-2F8BBA331CE8}.Debug|x86.ActiveCfg = Debug|Win32
		{6EA10AF0-E923-44F6-9588-2F8BBA331CE8}.Debug|x86.Build.0 = Debug|Win32
		{6EA10AF0-E923-44F6-9588-2F8BBA331CE8}.Release|Any CPU.ActiveCfg = Release|Win32
		{6EA10AF0-E923-44F6-9588-2F8BBA331CE8}.Release|ARM.ActiveCfg = Release|Win32
		{6EA10AF0-E923-44F6-9588-2F8BBA331CE8}.Release|Mixed Platforms.ActiveCfg = Release|Win32
		{6EA10AF0-E923-44F6-9588-2F8BBA331CE8}.Release|Mixed Platforms.Build.0 = Release|Win32
		{6EA10AF0-E923-44F6-9588-2F8BBA331CE8}.Release|Win32.ActiveCfg = Release|Win32
		{6EA10AF0-E923-44F6-9588-2F8BBA331CE8}.Release|Win32.Build.0 = Release|Win32
		{6EA10AF0-E923-44F6-9588-2F8BBA331CE8}.Release|x64.ActiveCfg = Release|Win32
		{6EA10AF0-E923-44F6-9588-2F8BBA331CE8}.Release|x86.ActiveCfg = Release|Win32
		{6EA10AF0-E923-44F6-9588-2F8BBA331CE8}.Release|x86.Build.0 = Release|Win32
		{F9E759B9-4473-4DB2-A20D-3E0CB6D5C134}.Debug|Any CPU.ActiveCfg = Debug|Win32
		{F9E759B9-4473-4DB2-A20D-3E0CB6D5C134}.Debug|ARM.ActiveCfg = Debug|Win32
		{F9E759B9-4473-4DB2-A20D-3E0CB6D5C134}.Debug|Mixed Platforms.ActiveCfg = Debug|Win32
		{F9E759B9-4473-4DB2-A20D-3E0CB6D5C134}.Debug|Mixed Platforms.Build.0 = Debug|Win32
		{F9E759B9-4473-4DB2-A20D-3E0CB6D5C134}.Debug|Win32.ActiveCfg = Debug|Win32
		{F9E759B9-4473-4DB2-A20D-3E0CB6D5C134}.Debug|Win32.Build.0 = Debug|Win32
		{F9E759B9-4473-4DB2-A20D-3E0CB6D5C134}.Debug|x64.ActiveCfg = Debug|x64
		{F9E759B9-4473-4DB2-A20D-3E0CB6D5C134}.Debug|x64.Build.0 = Debug|x64
		{F9E759B9-4473-4DB2-A20D-3E0CB6D5C134}.Debug|x86.ActiveCfg = Debug|Win32
		{F9E759B9-4473-4DB2-A20D-3E0CB6D5C134}.Debug|x86.Build.0 = Debug|Win32
		{F9E759B9-4473-4DB2-A20D-3E0CB6D5C134}.Release|Any CPU.ActiveCfg = Release|Win32
		{F9E759B9-4473-4DB2-A20D-3E0CB6D5C134}.Release|ARM.ActiveCfg = Release|Win32
		{F9E759B9-4473-4DB2-A20D-3E0CB6D5C134}.Release|Mixed Platforms.ActiveCfg = Release|Win32
		{F9E759B9-4473-4DB2-A20D-3E0CB6D5C134}.Release|Mixed Platforms.Build.0 = Release|Win32
		{F9E759B9-4473-4DB2-A20D-3E0CB6D5C134}.Release|Win32.ActiveCfg = Release|Win32
		{F9E759B9-4473-4DB2-A20D-3E0CB6D5C134}.Release|Win32.Build.0 = Release|Win32
		{F9E759B9-4473-4DB2-A20D-3E0CB6D5C134}.Release|x64.ActiveCfg = Release|x64
		{F9E759B9-4473-4DB2-A20D-3E0CB6D5C134}.Release|x64.Build.0 = Release|x64
		{F9E759B9-4473-4DB2-A20D-3E0CB6D5C134}.Release|x86.ActiveCfg = Release|Win32
		{F9E759B9-4473-4DB2-A20D-3E0CB6D5C134}.Release|x86.Build.0 = Release|Win32
		{B934B5A8-9CA3-4585-8E2F-927350F9C9D7}.Debug|Any CPU.ActiveCfg = Debug|Win32
		{B934B5A8-9CA3-4585-8E2F-927350F9C9D7}.Debug|ARM.ActiveCfg = Debug|Win32
		{B934B5A8-9CA3-4585-8E2F-927350F9C9D7}.Debug|Mixed Platforms.ActiveCfg = Debug|Win32
		{B934B5A8-9CA3-4585-8E2F-927350F9C9D7}.Debug|Mixed Platforms.Build.0 = Debug|Win32
		{B934B5A8-9CA3-4585-8E2F-927350F9C9D7}.Debug|Win32.ActiveCfg = Debug|Win32
		{B934B5A8-9CA3-4585-8E2F-927350F9C9D7}.Debug|Win32.Build.0 = Debug|Win32
		{B934B5A8-9CA3-4585-8E2F-927350F9C9D7}.Debug|x64.ActiveCfg = Debug|Win32
		{B934B5A8-9CA3-4585-8E2F-927350F9C9D7}.Debug|x86.ActiveCfg = Debug|Win32
		{B934B5A8-9CA3-4585-8E2F-927350F9C9D7}.Debug|x86.Build.0 = Debug|Win32
		{B934B5A8-9CA3-4585-8E2F-927350F9C9D7}.Release|Any CPU.ActiveCfg = Release|Win32
		{B934B5A8-9CA3-4585-8E2F-927350F9C9D7}.Release|ARM.ActiveCfg = Release|Win32
		{B934B5A8-9CA3-4585-8E2F-927350F9C9D7}.Release|Mixed Platforms.ActiveCfg = Release|Win32
		{B934B5A8-9CA3-4585-8E2F-927350F9C9D7}.Release|Mixed Platforms.Build.0 = Release|Win32
		{B934B5A8-9CA3-4585-8E2F-927350F9C9D7}.Release|Win32.ActiveCfg = Release|Win32
		{B934B5A8-9CA3-4585-8E2F-927350F9C9D7}.Release|Win32.Build.0 = Release|Win32
		{B934B5A8-9CA3-4585-8E2F-927350F9C9D7}.Release|x64.ActiveCfg = Release|Win32
		{B934B5A8-9CA3-4585-8E2F-927350F9C9D7}.Release|x86.ActiveCfg = Release|Win32
		{B934B5A8-9CA3-4585-8E2F-927350F9C9D7}.Release|x86.Build.0 = Release|Win32
		{2C375A16-2C95-45C6-96A7-2EA71C4A6471}.Debug|Any CPU.ActiveCfg = Debug|Win32
		{2C375A16-2C95-45C6-96A7-2EA71C4A6471}.Debug|ARM.ActiveCfg = Debug|Win32
		{2C375A16-2C95-45C6-96A7-2EA71C4A6471}.Debug|Mixed Platforms.ActiveCfg = Debug|Win32
		{2C375A16-2C95-45C6-96A7-2EA71C4A6471}.Debug|Mixed Platforms.Build.0 = Debug|Win32
		{2C375A16-2C95-45C6-96A7-2EA71C4A6471}.Debug|Win32.ActiveCfg = Debug|Win32
		{2C375A16-2C95-45C6-96A7-2EA71C4A6471}.Debug|Win32.Build.0 = Debug|Win32
		{2C375A16-2C95-45C6-96A7-2EA71C4A6471}.Debug|x64.ActiveCfg = Debug|x64
		{2C375A16-2C95-45C6-96A7-2EA71C4A6471}.Debug|x64.Build.0 = Debug|x64
		{2C375A16-2C95-45C6-96A7-2EA71C4A6471}.Debug|x86.ActiveCfg = Debug|Win32
		{2C375A16-2C95-45C6-96A7-2EA71C4A6471}.Debug|x86.Build.0 = Debug|Win32
		{2C375A16-2C95-45C6-96A7-2EA71C4A6471}.Release|Any CPU.ActiveCfg = Release|Win32
		{2C375A16-2C95-45C6-96A7-2EA71C4A6471}.Release|ARM.ActiveCfg = Release|Win32
		{2C375A16-2C95-45C6-96A7-2EA71C4A6471}.Release|Mixed Platforms.ActiveCfg = Release|Win32
		{2C375A16-2C95-45C6-96A7-2EA71C4A6471}.Release|Mixed Platforms.Build.0 = Release|Win32
		{2C375A16-2C95-45C6-96A7-2EA71C4A6471}.Release|Win32.ActiveCfg = Release|Win32
		{2C375A16-2C95-45C6-96A7-2EA71C4A6471}.Release|Win32.Build.0 = Release|Win32
		{2C375A16-2C95-45C6-96A7-2EA71C4A6471}.Release|x64.ActiveCfg = Release|x64
		{2C375A16-2C95-45C6-96A7-2EA71C4A6471}.Release|x64.Build.0 = Release|x64
		{2C375A16-2C95-45C6-96A7-2EA71C4A6471}.Release|x86.ActiveCfg = Release|Win32
		{2C375A16-2C95-45C6-96A7-2EA71C4A6471}.Release|x86.Build.0 = Release|Win32
		{A5BDE8E1-31D4-45AA-9C1A-EC496F5ED9B5}.Debug|Any CPU.ActiveCfg = Debug|Win32
		{A5BDE8E1-31D4-45AA-9C1A-EC496F5ED9B5}.Debug|ARM.ActiveCfg = Debug|Win32
		{A5BDE8E1-31D4-45AA-9C1A-EC496F5ED9B5}.Debug|Mixed Platforms.ActiveCfg = Debug|Win32
		{A5BDE8E1-31D4-45AA-9C1A-EC496F5ED9B5}.Debug|Mixed Platforms.Build.0 = Debug|Win32
		{A5BDE8E1-31D4-45AA-9C1A-EC496F5ED9B5}.Debug|Win32.ActiveCfg = Debug|Win32
		{A5BDE8E1-31D4-45AA-9C1A-EC496F5ED9B5}.Debug|Win32.Build.0 = Debug|Win32
		{A5BDE8E1-31D4-45AA-9C1A-EC496F5ED9B5}.Debug|x64.ActiveCfg = Debug|x64
		{A5BDE8E1-31D4-45AA-9C1A-EC496F5ED9B5}.Debug|x64.Build.0 = Debug|x64
		{A5BDE8E1-31D4-45AA-9C1A-EC496F5ED9B5}.Debug|x86.ActiveCfg = Debug|Win32
		{A5BDE8E1-31D4-45AA-9C1A-EC496F5ED9B5}.Debug|x86.Build.0 = Debug|Win32
		{A5BDE8E1-31D4-45AA-9C1A-EC496F5ED9B5}.Release|Any CPU.ActiveCfg = Release|Win32
		{A5BDE8E1-31D4-45AA-9C1A-EC496F5ED9B5}.Release|ARM.ActiveCfg = Release|Win32
		{A5BDE8E1-31D4-45AA-9C1A-EC496F5ED9B5}.Release|Mixed Platforms.ActiveCfg = Release|Win32
		{A5BDE8E1-31D4-45AA-9C1A-EC496F5ED9B5}.Release|Mixed Platforms.Build.0 = Release|Win32
		{A5BDE8E1-31D4-45AA-9C1A-EC496F5ED9B5}.Release|Win32.ActiveCfg = Release|Win32
		{A5BDE8E1-31D4-45AA-9C1A-EC496F5ED9B5}.Release|Win32.Build.0 = Release|Win32
		{A5BDE8E1-31D4-45AA-9C1A-EC496F5ED9B5}.Release|x64.ActiveCfg = Release|x64
		{A5BDE8E1-31D4-45AA-9C1A-EC496F5ED9B5}.Release|x64.Build.0 = Release|x64
		{A5BDE8E1-31D4-45AA-9C1A-EC496F5ED9B5}.Release|x86.ActiveCfg = Release|Win32
		{A5BDE8E1-31D4-45AA-9C1A-EC496F5ED9B5}.Release|x86.Build.0 = Release|Win32
		{C2508569-C97E-4487-8B97-BC5D7179A56B}.Debug|Any CPU.ActiveCfg = Debug|Any CPU
		{C2508569-C97E-4487-8B97-BC5D7179A56B}.Debug|Any CPU.Build.0 = Debug|Any CPU
		{C2508569-C97E-4487-8B97-BC5D7179A56B}.Debug|ARM.ActiveCfg = Debug|Any CPU
		{C2508569-C97E-4487-8B97-BC5D7179A56B}.Debug|Mixed Platforms.ActiveCfg = Debug|Any CPU
		{C2508569-C97E-4487-8B97-BC5D7179A56B}.Debug|Win32.ActiveCfg = Debug|Any CPU
		{C2508569-C97E-4487-8B97-BC5D7179A56B}.Debug|x64.ActiveCfg = Debug|Any CPU
		{C2508569-C97E-4487-8B97-BC5D7179A56B}.Debug|x86.ActiveCfg = Debug|Any CPU
		{C2508569-C97E-4487-8B97-BC5D7179A56B}.Release|Any CPU.ActiveCfg = Release|Any CPU
		{C2508569-C97E-4487-8B97-BC5D7179A56B}.Release|Any CPU.Build.0 = Release|Any CPU
		{C2508569-C97E-4487-8B97-BC5D7179A56B}.Release|ARM.ActiveCfg = Release|Any CPU
		{C2508569-C97E-4487-8B97-BC5D7179A56B}.Release|Mixed Platforms.ActiveCfg = Release|Any CPU
		{C2508569-C97E-4487-8B97-BC5D7179A56B}.Release|Mixed Platforms.Build.0 = Release|Any CPU
		{C2508569-C97E-4487-8B97-BC5D7179A56B}.Release|Win32.ActiveCfg = Release|Any CPU
		{C2508569-C97E-4487-8B97-BC5D7179A56B}.Release|x64.ActiveCfg = Release|Any CPU
		{C2508569-C97E-4487-8B97-BC5D7179A56B}.Release|x86.ActiveCfg = Release|Any CPU
		{88589011-C704-470A-8A39-05DC0C816DA8}.Debug|Any CPU.ActiveCfg = Debug|Win32
		{88589011-C704-470A-8A39-05DC0C816DA8}.Debug|ARM.ActiveCfg = Debug|Win32
		{88589011-C704-470A-8A39-05DC0C816DA8}.Debug|Mixed Platforms.ActiveCfg = Debug|Win32
		{88589011-C704-470A-8A39-05DC0C816DA8}.Debug|Mixed Platforms.Build.0 = Debug|Win32
		{88589011-C704-470A-8A39-05DC0C816DA8}.Debug|Win32.ActiveCfg = Debug|Win32
		{88589011-C704-470A-8A39-05DC0C816DA8}.Debug|Win32.Build.0 = Debug|Win32
		{88589011-C704-470A-8A39-05DC0C816DA8}.Debug|x64.ActiveCfg = Debug|x64
		{88589011-C704-470A-8A39-05DC0C816DA8}.Debug|x64.Build.0 = Debug|x64
		{88589011-C704-470A-8A39-05DC0C816DA8}.Debug|x86.ActiveCfg = Debug|Win32
		{88589011-C704-470A-8A39-05DC0C816DA8}.Debug|x86.Build.0 = Debug|Win32
		{88589011-C704-470A-8A39-05DC0C816DA8}.Release|Any CPU.ActiveCfg = Release|Win32
		{88589011-C704-470A-8A39-05DC0C816DA8}.Release|ARM.ActiveCfg = Release|Win32
		{88589011-C704-470A-8A39-05DC0C816DA8}.Release|Mixed Platforms.ActiveCfg = Release|Win32
		{88589011-C704-470A-8A39-05DC0C816DA8}.Release|Mixed Platforms.Build.0 = Release|Win32
		{88589011-C704-470A-8A39-05DC0C816DA8}.Release|Win32.ActiveCfg = Release|Win32
		{88589011-C704-470A-8A39-05DC0C816DA8}.Release|Win32.Build.0 = Release|Win32
		{88589011-C704-470A-8A39-05DC0C816DA8}.Release|x64.ActiveCfg = Release|x64
		{88589011-C704-470A-8A39-05DC0C816DA8}.Release|x64.Build.0 = Release|x64
		{88589011-C704-470A-8A39-05DC0C816DA8}.Release|x86.ActiveCfg = Release|Win32
		{88589011-C704-470A-8A39-05DC0C816DA8}.Release|x86.Build.0 = Release|Win32
		{149B3FB2-4585-4C8D-ABAC-0DE8AE7E9985}.Debug|Any CPU.ActiveCfg = Debug|Win32
		{149B3FB2-4585-4C8D-ABAC-0DE8AE7E9985}.Debug|ARM.ActiveCfg = Debug|Win32
		{149B3FB2-4585-4C8D-ABAC-0DE8AE7E9985}.Debug|Mixed Platforms.ActiveCfg = Debug|Win32
		{149B3FB2-4585-4C8D-ABAC-0DE8AE7E9985}.Debug|Mixed Platforms.Build.0 = Debug|Win32
		{149B3FB2-4585-4C8D-ABAC-0DE8AE7E9985}.Debug|Win32.ActiveCfg = Debug|Win32
		{149B3FB2-4585-4C8D-ABAC-0DE8AE7E9985}.Debug|Win32.Build.0 = Debug|Win32
		{149B3FB2-4585-4C8D-ABAC-0DE8AE7E9985}.Debug|x64.ActiveCfg = Debug|x64
		{149B3FB2-4585-4C8D-ABAC-0DE8AE7E9985}.Debug|x64.Build.0 = Debug|x64
		{149B3FB2-4585-4C8D-ABAC-0DE8AE7E9985}.Debug|x86.ActiveCfg = Debug|Win32
		{149B3FB2-4585-4C8D-ABAC-0DE8AE7E9985}.Debug|x86.Build.0 = Debug|Win32
		{149B3FB2-4585-4C8D-ABAC-0DE8AE7E9985}.Release|Any CPU.ActiveCfg = Release|Win32
		{149B3FB2-4585-4C8D-ABAC-0DE8AE7E9985}.Release|ARM.ActiveCfg = Release|Win32
		{149B3FB2-4585-4C8D-ABAC-0DE8AE7E9985}.Release|Mixed Platforms.ActiveCfg = Release|Win32
		{149B3FB2-4585-4C8D-ABAC-0DE8AE7E9985}.Release|Mixed Platforms.Build.0 = Release|Win32
		{149B3FB2-4585-4C8D-ABAC-0DE8AE7E9985}.Release|Win32.ActiveCfg = Release|Win32
		{149B3FB2-4585-4C8D-ABAC-0DE8AE7E9985}.Release|Win32.Build.0 = Release|Win32
		{149B3FB2-4585-4C8D-ABAC-0DE8AE7E9985}.Release|x64.ActiveCfg = Release|x64
		{149B3FB2-4585-4C8D-ABAC-0DE8AE7E9985}.Release|x64.Build.0 = Release|x64
		{149B3FB2-4585-4C8D-ABAC-0DE8AE7E9985}.Release|x86.ActiveCfg = Release|Win32
		{149B3FB2-4585-4C8D-ABAC-0DE8AE7E9985}.Release|x86.Build.0 = Release|Win32
		{F8C72C0E-450C-4AE1-9885-31B8565C1D63}.Debug|Any CPU.ActiveCfg = Debug|Win32
		{F8C72C0E-450C-4AE1-9885-31B8565C1D63}.Debug|ARM.ActiveCfg = Debug|Win32
		{F8C72C0E-450C-4AE1-9885-31B8565C1D63}.Debug|Mixed Platforms.ActiveCfg = Debug|Win32
		{F8C72C0E-450C-4AE1-9885-31B8565C1D63}.Debug|Mixed Platforms.Build.0 = Debug|Win32
		{F8C72C0E-450C-4AE1-9885-31B8565C1D63}.Debug|Win32.ActiveCfg = Debug|Win32
		{F8C72C0E-450C-4AE1-9885-31B8565C1D63}.Debug|Win32.Build.0 = Debug|Win32
		{F8C72C0E-450C-4AE1-9885-31B8565C1D63}.Debug|x64.ActiveCfg = Debug|x64
		{F8C72C0E-450C-4AE1-9885-31B8565C1D63}.Debug|x64.Build.0 = Debug|x64
		{F8C72C0E-450C-4AE1-9885-31B8565C1D63}.Debug|x86.ActiveCfg = Debug|Win32
		{F8C72C0E-450C-4AE1-9885-31B8565C1D63}.Debug|x86.Build.0 = Debug|Win32
		{F8C72C0E-450C-4AE1-9885-31B8565C1D63}.Release|Any CPU.ActiveCfg = Release|Win32
		{F8C72C0E-450C-4AE1-9885-31B8565C1D63}.Release|ARM.ActiveCfg = Release|Win32
		{F8C72C0E-450C-4AE1-9885-31B8565C1D63}.Release|Mixed Platforms.ActiveCfg = Release|Win32
		{F8C72C0E-450C-4AE1-9885-31B8565C1D63}.Release|Mixed Platforms.Build.0 = Release|Win32
		{F8C72C0E-450C-4AE1-9885-31B8565C1D63}.Release|Win32.ActiveCfg = Release|Win32
		{F8C72C0E-450C-4AE1-9885-31B8565C1D63}.Release|Win32.Build.0 = Release|Win32
		{F8C72C0E-450C-4AE1-9885-31B8565C1D63}.Release|x64.ActiveCfg = Release|x64
		{F8C72C0E-450C-4AE1-9885-31B8565C1D63}.Release|x64.Build.0 = Release|x64
		{F8C72C0E-450C-4AE1-9885-31B8565C1D63}.Release|x86.ActiveCfg = Release|Win32
		{F8C72C0E-450C-4AE1-9885-31B8565C1D63}.Release|x86.Build.0 = Release|Win32
		{7621FD98-810E-4DB8-8D7A-214C5B206961}.Debug|Any CPU.ActiveCfg = Debug|Win32
		{7621FD98-810E-4DB8-8D7A-214C5B206961}.Debug|ARM.ActiveCfg = Debug|Win32
		{7621FD98-810E-4DB8-8D7A-214C5B206961}.Debug|Mixed Platforms.ActiveCfg = Debug|Win32
		{7621FD98-810E-4DB8-8D7A-214C5B206961}.Debug|Mixed Platforms.Build.0 = Debug|Win32
		{7621FD98-810E-4DB8-8D7A-214C5B206961}.Debug|Win32.ActiveCfg = Debug|Win32
		{7621FD98-810E-4DB8-8D7A-214C5B206961}.Debug|Win32.Build.0 = Debug|Win32
		{7621FD98-810E-4DB8-8D7A-214C5B206961}.Debug|x64.ActiveCfg = Debug|Win32
		{7621FD98-810E-4DB8-8D7A-214C5B206961}.Debug|x86.ActiveCfg = Debug|Win32
		{7621FD98-810E-4DB8-8D7A-214C5B206961}.Debug|x86.Build.0 = Debug|Win32
		{7621FD98-810E-4DB8-8D7A-214C5B206961}.Release|Any CPU.ActiveCfg = Release|Win32
		{7621FD98-810E-4DB8-8D7A-214C5B206961}.Release|ARM.ActiveCfg = Release|Win32
		{7621FD98-810E-4DB8-8D7A-214C5B206961}.Release|Mixed Platforms.ActiveCfg = Release|Win32
		{7621FD98-810E-4DB8-8D7A-214C5B206961}.Release|Mixed Platforms.Build.0 = Release|Win32
		{7621FD98-810E-4DB8-8D7A-214C5B206961}.Release|Win32.ActiveCfg = Release|Win32
		{7621FD98-810E-4DB8-8D7A-214C5B206961}.Release|Win32.Build.0 = Release|Win32
		{7621FD98-810E-4DB8-8D7A-214C5B206961}.Release|x64.ActiveCfg = Release|Win32
		{7621FD98-810E-4DB8-8D7A-214C5B206961}.Release|x86.ActiveCfg = Release|Win32
		{7621FD98-810E-4DB8-8D7A-214C5B206961}.Release|x86.Build.0 = Release|Win32
		{7FECDA5B-9BF3-4365-B2AF-DE35F42493FA}.Debug|Any CPU.ActiveCfg = Debug|Win32
		{7FECDA5B-9BF3-4365-B2AF-DE35F42493FA}.Debug|ARM.ActiveCfg = Debug|Win32
		{7FECDA5B-9BF3-4365-B2AF-DE35F42493FA}.Debug|Mixed Platforms.ActiveCfg = Debug|Win32
		{7FECDA5B-9BF3-4365-B2AF-DE35F42493FA}.Debug|Mixed Platforms.Build.0 = Debug|Win32
		{7FECDA5B-9BF3-4365-B2AF-DE35F42493FA}.Debug|Win32.ActiveCfg = Debug|Win32
		{7FECDA5B-9BF3-4365-B2AF-DE35F42493FA}.Debug|Win32.Build.0 = Debug|Win32
		{7FECDA5B-9BF3-4365-B2AF-DE35F42493FA}.Debug|x64.ActiveCfg = Debug|Win32
		{7FECDA5B-9BF3-4365-B2AF-DE35F42493FA}.Debug|x86.ActiveCfg = Debug|Win32
		{7FECDA5B-9BF3-4365-B2AF-DE35F42493FA}.Debug|x86.Build.0 = Debug|Win32
		{7FECDA5B-9BF3-4365-B2AF-DE35F42493FA}.Release|Any CPU.ActiveCfg = Release|Win32
		{7FECDA5B-9BF3-4365-B2AF-DE35F42493FA}.Release|ARM.ActiveCfg = Release|Win32
		{7FECDA5B-9BF3-4365-B2AF-DE35F42493FA}.Release|Mixed Platforms.ActiveCfg = Release|Win32
		{7FECDA5B-9BF3-4365-B2AF-DE35F42493FA}.Release|Mixed Platforms.Build.0 = Release|Win32
		{7FECDA5B-9BF3-4365-B2AF-DE35F42493FA}.Release|Win32.ActiveCfg = Release|Win32
		{7FECDA5B-9BF3-4365-B2AF-DE35F42493FA}.Release|Win32.Build.0 = Release|Win32
		{7FECDA5B-9BF3-4365-B2AF-DE35F42493FA}.Release|x64.ActiveCfg = Release|Win32
		{7FECDA5B-9BF3-4365-B2AF-DE35F42493FA}.Release|x86.ActiveCfg = Release|Win32
		{7FECDA5B-9BF3-4365-B2AF-DE35F42493FA}.Release|x86.Build.0 = Release|Win32
		{6795DBED-69A7-400E-A421-D903D32F88EF}.Debug|Any CPU.ActiveCfg = Debug|Win32
		{6795DBED-69A7-400E-A421-D903D32F88EF}.Debug|ARM.ActiveCfg = Debug|Win32
		{6795DBED-69A7-400E-A421-D903D32F88EF}.Debug|Mixed Platforms.ActiveCfg = Debug|Win32
		{6795DBED-69A7-400E-A421-D903D32F88EF}.Debug|Mixed Platforms.Build.0 = Debug|Win32
		{6795DBED-69A7-400E-A421-D903D32F88EF}.Debug|Win32.ActiveCfg = Debug|Win32
		{6795DBED-69A7-400E-A421-D903D32F88EF}.Debug|Win32.Build.0 = Debug|Win32
		{6795DBED-69A7-400E-A421-D903D32F88EF}.Debug|x64.ActiveCfg = Debug|Win32
		{6795DBED-69A7-400E-A421-D903D32F88EF}.Debug|x86.ActiveCfg = Debug|Win32
		{6795DBED-69A7-400E-A421-D903D32F88EF}.Debug|x86.Build.0 = Debug|Win32
		{6795DBED-69A7-400E-A421-D903D32F88EF}.Release|Any CPU.ActiveCfg = Release|Win32
		{6795DBED-69A7-400E-A421-D903D32F88EF}.Release|ARM.ActiveCfg = Release|Win32
		{6795DBED-69A7-400E-A421-D903D32F88EF}.Release|Mixed Platforms.ActiveCfg = Release|Win32
		{6795DBED-69A7-400E-A421-D903D32F88EF}.Release|Mixed Platforms.Build.0 = Release|Win32
		{6795DBED-69A7-400E-A421-D903D32F88EF}.Release|Win32.ActiveCfg = Release|Win32
		{6795DBED-69A7-400E-A421-D903D32F88EF}.Release|Win32.Build.0 = Release|Win32
		{6795DBED-69A7-400E-A421-D903D32F88EF}.Release|x64.ActiveCfg = Release|Win32
		{6795DBED-69A7-400E-A421-D903D32F88EF}.Release|x86.ActiveCfg = Release|Win32
		{6795DBED-69A7-400E-A421-D903D32F88EF}.Release|x86.Build.0 = Release|Win32
	EndGlobalSection
	GlobalSection(SolutionProperties) = preSolution
		HideSolutionNode = FALSE
	EndGlobalSection
	GlobalSection(NestedProjects) = preSolution
		{13DCFB0E-A18A-4E6B-AE2E-F46A7B89A145} = {FB0BADD8-FA3F-4904-9848-D80F08EA134C}
		{0202103A-7DA0-4E05-B106-F8BBE28711DC} = {8FD9A9A7-EE4D-4F66-945B-93D9638D44DA}
		{01958221-19D6-4968-9108-5E69643A230F} = {77809587-27D0-4434-B5AC-73830EDF74A5}
		{6EA10AF0-E923-44F6-9588-2F8BBA331CE8} = {01958221-19D6-4968-9108-5E69643A230F}
		{D67D9C52-C337-49F7-A8E2-07B9D14BC148} = {B8C8FCF2-C6E7-455E-A39A-091324466A6C}
		{F9E759B9-4473-4DB2-A20D-3E0CB6D5C134} = {BA08D645-F216-4CE8-B52E-D9A1D533DD53}
		{C999CF3C-FEDE-4808-BF1A-E9B2D15A0CE8} = {95B90F31-1BB9-4A14-A661-83803A7E812F}
		{64C98E90-AE8D-4A7C-891A-E57823DA0C68} = {C999CF3C-FEDE-4808-BF1A-E9B2D15A0CE8}
		{AD9ABCB5-48DA-4A11-A90D-C2856F375BA5} = {95B90F31-1BB9-4A14-A661-83803A7E812F}
		{D9DE0439-3AFF-4D1D-A7F2-D1D9B2025E35} = {AD9ABCB5-48DA-4A11-A90D-C2856F375BA5}
		{B934B5A8-9CA3-4585-8E2F-927350F9C9D7} = {D9DE0439-3AFF-4D1D-A7F2-D1D9B2025E35}
		{2C375A16-2C95-45C6-96A7-2EA71C4A6471} = {C999CF3C-FEDE-4808-BF1A-E9B2D15A0CE8}
		{A5BDE8E1-31D4-45AA-9C1A-EC496F5ED9B5} = {64C98E90-AE8D-4A7C-891A-E57823DA0C68}
		{7B3C5241-C7F5-4541-8A86-DB6560EB9E9B} = {95B90F31-1BB9-4A14-A661-83803A7E812F}
		{C2508569-C97E-4487-8B97-BC5D7179A56B} = {7B3C5241-C7F5-4541-8A86-DB6560EB9E9B}
		{88589011-C704-470A-8A39-05DC0C816DA8} = {B8C8FCF2-C6E7-455E-A39A-091324466A6C}
		{149B3FB2-4585-4C8D-ABAC-0DE8AE7E9985} = {B8C8FCF2-C6E7-455E-A39A-091324466A6C}
		{F8C72C0E-450C-4AE1-9885-31B8565C1D63} = {FB0BADD8-FA3F-4904-9848-D80F08EA134C}
		{7621FD98-810E-4DB8-8D7A-214C5B206961} = {AD9ABCB5-48DA-4A11-A90D-C2856F375BA5}
		{60F03469-6805-4C84-8A01-0DEDE610DD08} = {77809587-27D0-4434-B5AC-73830EDF74A5}
		{7FECDA5B-9BF3-4365-B2AF-DE35F42493FA} = {60F03469-6805-4C84-8A01-0DEDE610DD08}
		{FF5C5558-40B1-4759-B3BA-A719768F3F02} = {77809587-27D0-4434-B5AC-73830EDF74A5}
		{6795DBED-69A7-400E-A421-D903D32F88EF} = {FF5C5558-40B1-4759-B3BA-A719768F3F02}
	EndGlobalSection
EndGlobal
