
Microsoft Visual Studio Solution File, Format Version 12.00
# Visual Studio 2013
VisualStudioVersion = 12.0.40629.0
MinimumVisualStudioVersion = 10.0.40219.1
Project("{8BC9CEB8-8B4A-11D0-8D11-00A0C91BC942}") = "PrtDist", "Core\PrtDist.vcxproj", "{88589011-C704-470A-8A39-05DC0C816DA8}"
EndProject
Project("{8BC9CEB8-8B4A-11D0-8D11-00A0C91BC942}") = "PrtWinUser", "PrtWinUser.vcxproj", "{F8C72C0E-450C-4AE1-9885-31B8565C1D63}"
EndProject
Project("{8BC9CEB8-8B4A-11D0-8D11-00A0C91BC942}") = "NodeManager", "NodeManager\NodeManager.vcxproj", "{2C375A16-2C95-45C6-96A7-2EA71C4A6471}"
EndProject
Project("{FAE04EC0-301F-11D3-BF4B-00C04F79EFBC}") = "Deployer", "Deployer\Deployer.csproj", "{C2508569-C97E-4487-8B97-BC5D7179A56B}"
EndProject
Project("{8BC9CEB8-8B4A-11D0-8D11-00A0C91BC942}") = "PrtIDL", "..\Prt\IDL\PrtIDL.vcxproj", "{13DCFB0E-A18A-4E6B-AE2E-F46A7B89A145}"
EndProject
Global
	GlobalSection(SolutionConfigurationPlatforms) = preSolution
		Debug|Win32 = Debug|Win32
		Debug|x64 = Debug|x64
		Debug|x86 = Debug|x86
		Release|Win32 = Release|Win32
		Release|x64 = Release|x64
		Release|x86 = Release|x86
	EndGlobalSection
	GlobalSection(ProjectConfigurationPlatforms) = postSolution
		{88589011-C704-470A-8A39-05DC0C816DA8}.Debug|Win32.ActiveCfg = Debug|Win32
		{88589011-C704-470A-8A39-05DC0C816DA8}.Debug|Win32.Build.0 = Debug|Win32
		{88589011-C704-470A-8A39-05DC0C816DA8}.Debug|x64.ActiveCfg = Debug|x64
		{88589011-C704-470A-8A39-05DC0C816DA8}.Debug|x64.Build.0 = Debug|x64
		{88589011-C704-470A-8A39-05DC0C816DA8}.Debug|x86.ActiveCfg = Debug|Win32
		{88589011-C704-470A-8A39-05DC0C816DA8}.Debug|x86.Build.0 = Debug|Win32
		{88589011-C704-470A-8A39-05DC0C816DA8}.Release|Win32.ActiveCfg = Release|Win32
		{88589011-C704-470A-8A39-05DC0C816DA8}.Release|Win32.Build.0 = Release|Win32
		{88589011-C704-470A-8A39-05DC0C816DA8}.Release|x64.ActiveCfg = Release|x64
		{88589011-C704-470A-8A39-05DC0C816DA8}.Release|x64.Build.0 = Release|x64
		{88589011-C704-470A-8A39-05DC0C816DA8}.Release|x86.ActiveCfg = Release|Win32
		{88589011-C704-470A-8A39-05DC0C816DA8}.Release|x86.Build.0 = Release|Win32
		{F8C72C0E-450C-4AE1-9885-31B8565C1D63}.Debug|Win32.ActiveCfg = Debug|Win32
		{F8C72C0E-450C-4AE1-9885-31B8565C1D63}.Debug|Win32.Build.0 = Debug|Win32
		{F8C72C0E-450C-4AE1-9885-31B8565C1D63}.Debug|x64.ActiveCfg = Debug|x64
		{F8C72C0E-450C-4AE1-9885-31B8565C1D63}.Debug|x64.Build.0 = Debug|x64
		{F8C72C0E-450C-4AE1-9885-31B8565C1D63}.Debug|x86.ActiveCfg = Debug|Win32
		{F8C72C0E-450C-4AE1-9885-31B8565C1D63}.Debug|x86.Build.0 = Debug|Win32
		{F8C72C0E-450C-4AE1-9885-31B8565C1D63}.Release|Win32.ActiveCfg = Release|Win32
		{F8C72C0E-450C-4AE1-9885-31B8565C1D63}.Release|Win32.Build.0 = Release|Win32
		{F8C72C0E-450C-4AE1-9885-31B8565C1D63}.Release|x64.ActiveCfg = Release|x64
		{F8C72C0E-450C-4AE1-9885-31B8565C1D63}.Release|x64.Build.0 = Release|x64
		{F8C72C0E-450C-4AE1-9885-31B8565C1D63}.Release|x86.ActiveCfg = Release|Win32
		{F8C72C0E-450C-4AE1-9885-31B8565C1D63}.Release|x86.Build.0 = Release|Win32
		{2C375A16-2C95-45C6-96A7-2EA71C4A6471}.Debug|Win32.ActiveCfg = Debug|Win32
		{2C375A16-2C95-45C6-96A7-2EA71C4A6471}.Debug|Win32.Build.0 = Debug|Win32
		{2C375A16-2C95-45C6-96A7-2EA71C4A6471}.Debug|x64.ActiveCfg = Debug|x64
		{2C375A16-2C95-45C6-96A7-2EA71C4A6471}.Debug|x64.Build.0 = Debug|x64
		{2C375A16-2C95-45C6-96A7-2EA71C4A6471}.Debug|x86.ActiveCfg = Debug|Win32
		{2C375A16-2C95-45C6-96A7-2EA71C4A6471}.Debug|x86.Build.0 = Debug|Win32
		{2C375A16-2C95-45C6-96A7-2EA71C4A6471}.Release|Win32.ActiveCfg = Release|Win32
		{2C375A16-2C95-45C6-96A7-2EA71C4A6471}.Release|Win32.Build.0 = Release|Win32
		{2C375A16-2C95-45C6-96A7-2EA71C4A6471}.Release|x64.ActiveCfg = Release|x64
		{2C375A16-2C95-45C6-96A7-2EA71C4A6471}.Release|x64.Build.0 = Release|x64
		{2C375A16-2C95-45C6-96A7-2EA71C4A6471}.Release|x86.ActiveCfg = Release|Win32
		{2C375A16-2C95-45C6-96A7-2EA71C4A6471}.Release|x86.Build.0 = Release|Win32
		{C2508569-C97E-4487-8B97-BC5D7179A56B}.Debug|Win32.ActiveCfg = Debug|x86
		{C2508569-C97E-4487-8B97-BC5D7179A56B}.Debug|Win32.Build.0 = Debug|x86
		{C2508569-C97E-4487-8B97-BC5D7179A56B}.Debug|x64.ActiveCfg = Debug|x64
		{C2508569-C97E-4487-8B97-BC5D7179A56B}.Debug|x64.Build.0 = Debug|x64
		{C2508569-C97E-4487-8B97-BC5D7179A56B}.Debug|x86.ActiveCfg = Debug|x86
		{C2508569-C97E-4487-8B97-BC5D7179A56B}.Debug|x86.Build.0 = Debug|x86
		{C2508569-C97E-4487-8B97-BC5D7179A56B}.Release|Win32.ActiveCfg = Release|x86
		{C2508569-C97E-4487-8B97-BC5D7179A56B}.Release|Win32.Build.0 = Release|x86
		{C2508569-C97E-4487-8B97-BC5D7179A56B}.Release|x64.ActiveCfg = Release|x64
		{C2508569-C97E-4487-8B97-BC5D7179A56B}.Release|x64.Build.0 = Release|x64
		{C2508569-C97E-4487-8B97-BC5D7179A56B}.Release|x86.ActiveCfg = Release|x86
		{C2508569-C97E-4487-8B97-BC5D7179A56B}.Release|x86.Build.0 = Release|x86
		{13DCFB0E-A18A-4E6B-AE2E-F46A7B89A145}.Debug|Win32.ActiveCfg = Debug|Win32
		{13DCFB0E-A18A-4E6B-AE2E-F46A7B89A145}.Debug|Win32.Build.0 = Debug|Win32
		{13DCFB0E-A18A-4E6B-AE2E-F46A7B89A145}.Debug|x64.ActiveCfg = Debug|x64
		{13DCFB0E-A18A-4E6B-AE2E-F46A7B89A145}.Debug|x64.Build.0 = Debug|x64
		{13DCFB0E-A18A-4E6B-AE2E-F46A7B89A145}.Debug|x86.ActiveCfg = Debug|Win32
		{13DCFB0E-A18A-4E6B-AE2E-F46A7B89A145}.Debug|x86.Build.0 = Debug|Win32
		{13DCFB0E-A18A-4E6B-AE2E-F46A7B89A145}.Release|Win32.ActiveCfg = Release|Win32
		{13DCFB0E-A18A-4E6B-AE2E-F46A7B89A145}.Release|Win32.Build.0 = Release|Win32
		{13DCFB0E-A18A-4E6B-AE2E-F46A7B89A145}.Release|x64.ActiveCfg = Release|x64
		{13DCFB0E-A18A-4E6B-AE2E-F46A7B89A145}.Release|x64.Build.0 = Release|x64
		{13DCFB0E-A18A-4E6B-AE2E-F46A7B89A145}.Release|x86.ActiveCfg = Release|Win32
		{13DCFB0E-A18A-4E6B-AE2E-F46A7B89A145}.Release|x86.Build.0 = Release|Win32
	EndGlobalSection
	GlobalSection(SolutionProperties) = preSolution
		HideSolutionNode = FALSE
	EndGlobalSection
EndGlobal
