<?xml version="1.0" encoding="utf-8"?>
<Project ToolsVersion="4.0" xmlns="http://schemas.microsoft.com/developer/msbuild/2003">
  <ItemGroup>
    <ClInclude Include="..\API\PrtConfig.h" />
    <ClInclude Include="..\API\PrtTypes.h" />
    <ClInclude Include="..\API\PrtValues.h" />
    <ClInclude Include="PrtWinUserConfig.h" />
    <ClInclude Include="..\API\PrtProgram.h" />
    <ClInclude Include="..\API\Prt.h" />
    <ClInclude Include="PrtWinUser.h" />
    <ClInclude Include="..\Core\PrtExecution.h" />
  </ItemGroup>
  <ItemGroup>
    <ClCompile Include="..\Core\PrtTypes.c" />
    <ClCompile Include="..\Core\PrtValues.c" />
    <ClCompile Include="PrtWinUserConfig.c" />
    <ClCompile Include="PrtWinUser.c" />
    <ClCompile Include="..\Core\Prt.c" />
    <ClCompile Include="..\Core\PrtExecution.c" />
  </ItemGroup>
</Project>