<?xml version="1.0" encoding="utf-8"?>
<Project ToolsVersion="4.0" xmlns="http://schemas.microsoft.com/developer/msbuild/2003">
  <ItemGroup>
    <Filter Include="Source Files">
      <UniqueIdentifier>{4FC737F1-C7A5-4376-A066-2A32D752A2FF}</UniqueIdentifier>
      <Extensions>cpp;c;cc;cxx;def;odl;idl;hpj;bat;asm;asmx</Extensions>
    </Filter>
    <Filter Include="Header Files">
      <UniqueIdentifier>{93995380-89BD-4b04-88EB-625FBE52EBFB}</UniqueIdentifier>
      <Extensions>h;hh;hpp;hxx;hm;inl;inc;xsd</Extensions>
    </Filter>
    <Filter Include="Resource Files">
      <UniqueIdentifier>{67DA6AB6-F800-4c08-8B7A-83BB121AAD01}</UniqueIdentifier>
      <Extensions>rc;ico;cur;bmp;dlg;rc2;rct;bin;rgs;gif;jpg;jpeg;jpe;resx;tiff;tif;png;wav;mfcribbon-ms</Extensions>
    </Filter>
  </ItemGroup>
  <ItemGroup>
    <ClCompile Include="..\Prt\PrtDTTypes.c">
      <Filter>Source Files</Filter>
    </ClCompile>
    <ClCompile Include="..\Prt\PrtDTValues.c">
      <Filter>Source Files</Filter>
    </ClCompile>
    <ClCompile Include="..\Prt\PrtProcess.c">
      <Filter>Source Files</Filter>
    </ClCompile>
    <ClCompile Include="..\Prt\PrtSMRuntime.c">
      <Filter>Source Files</Filter>
    </ClCompile>
    <ClCompile Include="PrtExternalHandlers.c">
      <Filter>Source Files</Filter>
    </ClCompile>
    <ClCompile Include="PrtToString.c">
      <Filter>Source Files</Filter>
    </ClCompile>
    <ClCompile Include="PrtWinUser.c">
      <Filter>Source Files</Filter>
    </ClCompile>
    <ClCompile Include="PrtInterface.c">
      <Filter>Source Files</Filter>
    </ClCompile>
  </ItemGroup>
  <ItemGroup>
    <ClInclude Include="..\Prt\PrtConfig.h">
      <Filter>Header Files</Filter>
    </ClInclude>
    <ClInclude Include="..\Prt\PrtDTTypeDefs.h">
      <Filter>Header Files</Filter>
    </ClInclude>
    <ClInclude Include="..\Prt\PrtDTTypes.h">
      <Filter>Header Files</Filter>
    </ClInclude>
    <ClInclude Include="..\Prt\PrtDTValues.h">
      <Filter>Header Files</Filter>
    </ClInclude>
    <ClInclude Include="..\Prt\PrtHeaders.h">
      <Filter>Header Files</Filter>
    </ClInclude>
    <ClInclude Include="..\Prt\PrtProcess.h">
      <Filter>Header Files</Filter>
    </ClInclude>
    <ClInclude Include="..\Prt\PrtSMPrivate.h">
      <Filter>Header Files</Filter>
    </ClInclude>
    <ClInclude Include="..\Prt\PrtSMProtected.h">
      <Filter>Header Files</Filter>
    </ClInclude>
    <ClInclude Include="..\Prt\PrtSMProtectedTypes.h">
      <Filter>Header Files</Filter>
    </ClInclude>
    <ClInclude Include="..\Prt\PrtSMPublic.h">
      <Filter>Header Files</Filter>
    </ClInclude>
    <ClInclude Include="..\Prt\PrtSMPublicTypes.h">
      <Filter>Header Files</Filter>
    </ClInclude>
    <ClInclude Include="..\Prt\PrtSMTypeDefs.h">
      <Filter>Header Files</Filter>
    </ClInclude>
    <ClInclude Include="..\Prt\PrtToString.h">
      <Filter>Header Files</Filter>
    </ClInclude>
    <ClInclude Include="..\Prt\PrtWinUser.h">
      <Filter>Header Files</Filter>
    </ClInclude>
    <ClInclude Include="..\Prt\PrtExternalHandlers.h">
      <Filter>Header Files</Filter>
    </ClInclude>
    <ClInclude Include="..\Prt\PrtInterface.h">
      <Filter>Header Files</Filter>
    </ClInclude>
  </ItemGroup>
</Project>