
Microsoft Visual Studio Solution File, Format Version 12.00
# Visual Studio 2013
VisualStudioVersion = 12.0.21005.1
MinimumVisualStudioVersion = 10.0.40219.1
Project("{FAE04EC0-301F-11D3-BF4B-00C04F79EFBC}") = "Compilerx64", "Compiler\Compilerx64.csproj", "{ED76217F-2452-4A35-90F6-6EB6CCF2D882}"
EndProject
Project("{FAE04EC0-301F-11D3-BF4B-00C04F79EFBC}") = "CParserx64", "..\Parsers\CParser\CParserx64.csproj", "{55AFEA71-DA6D-4258-9193-29942EBBBE48}"
EndProject
Project("{FAE04EC0-301F-11D3-BF4B-00C04F79EFBC}") = "ZingParserx64", "..\Parsers\ZingParser\ZingParserx64.csproj", "{09A73016-0395-4014-8F26-0DD25ED81D12}"
EndProject
Project("{FAE04EC0-301F-11D3-BF4B-00C04F79EFBC}") = "CommandLinex64", "CommandLine\CommandLinex64.csproj", "{48B4C337-CD13-4826-B6A1-DA97CE71511B}"
EndProject
Project("{FAE04EC0-301F-11D3-BF4B-00C04F79EFBC}") = "InteractiveCommandLinex64", "InteractiveCommandLine\InteractiveCommandLinex64.csproj", "{2AC6C51F-C987-477D-9A70-B71B7EE5323E}"
EndProject
Global
	GlobalSection(SolutionConfigurationPlatforms) = preSolution
		Debug|Any CPU = Debug|Any CPU
		Debug|Mixed Platforms = Debug|Mixed Platforms
		Debug|x64 = Debug|x64
		Release|Any CPU = Release|Any CPU
		Release|Mixed Platforms = Release|Mixed Platforms
		Release|x64 = Release|x64
	EndGlobalSection
	GlobalSection(ProjectConfigurationPlatforms) = postSolution
		{ED76217F-2452-4A35-90F6-6EB6CCF2D882}.Debug|Any CPU.ActiveCfg = Debug|x64
		{ED76217F-2452-4A35-90F6-6EB6CCF2D882}.Debug|Mixed Platforms.ActiveCfg = Debug|x64
		{ED76217F-2452-4A35-90F6-6EB6CCF2D882}.Debug|Mixed Platforms.Build.0 = Debug|x64
		{ED76217F-2452-4A35-90F6-6EB6CCF2D882}.Debug|x64.ActiveCfg = Debug|x64
		{ED76217F-2452-4A35-90F6-6EB6CCF2D882}.Debug|x64.Build.0 = Debug|x64
		{ED76217F-2452-4A35-90F6-6EB6CCF2D882}.Release|Any CPU.ActiveCfg = Release|x64
		{ED76217F-2452-4A35-90F6-6EB6CCF2D882}.Release|Mixed Platforms.ActiveCfg = Release|x64
		{ED76217F-2452-4A35-90F6-6EB6CCF2D882}.Release|Mixed Platforms.Build.0 = Release|x64
		{ED76217F-2452-4A35-90F6-6EB6CCF2D882}.Release|x64.ActiveCfg = Release|x64
		{ED76217F-2452-4A35-90F6-6EB6CCF2D882}.Release|x64.Build.0 = Release|x64
		{55AFEA71-DA6D-4258-9193-29942EBBBE48}.Debug|Any CPU.ActiveCfg = Debug|x64
		{55AFEA71-DA6D-4258-9193-29942EBBBE48}.Debug|Mixed Platforms.ActiveCfg = Debug|x64
		{55AFEA71-DA6D-4258-9193-29942EBBBE48}.Debug|Mixed Platforms.Build.0 = Debug|x64
		{55AFEA71-DA6D-4258-9193-29942EBBBE48}.Debug|x64.ActiveCfg = Debug|x64
		{55AFEA71-DA6D-4258-9193-29942EBBBE48}.Debug|x64.Build.0 = Debug|x64
		{55AFEA71-DA6D-4258-9193-29942EBBBE48}.Release|Any CPU.ActiveCfg = Release|x64
		{55AFEA71-DA6D-4258-9193-29942EBBBE48}.Release|Mixed Platforms.ActiveCfg = Release|x64
		{55AFEA71-DA6D-4258-9193-29942EBBBE48}.Release|Mixed Platforms.Build.0 = Release|x64
		{55AFEA71-DA6D-4258-9193-29942EBBBE48}.Release|x64.ActiveCfg = Release|x64
		{55AFEA71-DA6D-4258-9193-29942EBBBE48}.Release|x64.Build.0 = Release|x64
		{09A73016-0395-4014-8F26-0DD25ED81D12}.Debug|Any CPU.ActiveCfg = Debug|x64
		{09A73016-0395-4014-8F26-0DD25ED81D12}.Debug|Mixed Platforms.ActiveCfg = Debug|x64
		{09A73016-0395-4014-8F26-0DD25ED81D12}.Debug|Mixed Platforms.Build.0 = Debug|x64
		{09A73016-0395-4014-8F26-0DD25ED81D12}.Debug|x64.ActiveCfg = Debug|x64
		{09A73016-0395-4014-8F26-0DD25ED81D12}.Debug|x64.Build.0 = Debug|x64
		{09A73016-0395-4014-8F26-0DD25ED81D12}.Release|Any CPU.ActiveCfg = Release|x64
		{09A73016-0395-4014-8F26-0DD25ED81D12}.Release|Mixed Platforms.ActiveCfg = Release|x64
		{09A73016-0395-4014-8F26-0DD25ED81D12}.Release|Mixed Platforms.Build.0 = Release|x64
		{09A73016-0395-4014-8F26-0DD25ED81D12}.Release|x64.ActiveCfg = Release|x64
		{09A73016-0395-4014-8F26-0DD25ED81D12}.Release|x64.Build.0 = Release|x64
		{48B4C337-CD13-4826-B6A1-DA97CE71511B}.Debug|Any CPU.ActiveCfg = Debug|x64
		{48B4C337-CD13-4826-B6A1-DA97CE71511B}.Debug|Mixed Platforms.ActiveCfg = Debug|x64
		{48B4C337-CD13-4826-B6A1-DA97CE71511B}.Debug|Mixed Platforms.Build.0 = Debug|x64
		{48B4C337-CD13-4826-B6A1-DA97CE71511B}.Debug|x64.ActiveCfg = Debug|x64
		{48B4C337-CD13-4826-B6A1-DA97CE71511B}.Debug|x64.Build.0 = Debug|x64
		{48B4C337-CD13-4826-B6A1-DA97CE71511B}.Release|Any CPU.ActiveCfg = Release|x64
		{48B4C337-CD13-4826-B6A1-DA97CE71511B}.Release|Mixed Platforms.ActiveCfg = Release|x64
		{48B4C337-CD13-4826-B6A1-DA97CE71511B}.Release|Mixed Platforms.Build.0 = Release|x64
		{48B4C337-CD13-4826-B6A1-DA97CE71511B}.Release|x64.ActiveCfg = Release|x64
		{48B4C337-CD13-4826-B6A1-DA97CE71511B}.Release|x64.Build.0 = Release|x64
		{2AC6C51F-C987-477D-9A70-B71B7EE5323E}.Debug|Any CPU.ActiveCfg = Debug|x64
		{2AC6C51F-C987-477D-9A70-B71B7EE5323E}.Debug|Mixed Platforms.ActiveCfg = Debug|x64
		{2AC6C51F-C987-477D-9A70-B71B7EE5323E}.Debug|Mixed Platforms.Build.0 = Debug|x64
		{2AC6C51F-C987-477D-9A70-B71B7EE5323E}.Debug|x64.ActiveCfg = Debug|x64
		{2AC6C51F-C987-477D-9A70-B71B7EE5323E}.Debug|x64.Build.0 = Debug|x64
		{2AC6C51F-C987-477D-9A70-B71B7EE5323E}.Release|Any CPU.ActiveCfg = Release|x64
		{2AC6C51F-C987-477D-9A70-B71B7EE5323E}.Release|Mixed Platforms.ActiveCfg = Release|x64
		{2AC6C51F-C987-477D-9A70-B71B7EE5323E}.Release|Mixed Platforms.Build.0 = Release|x64
		{2AC6C51F-C987-477D-9A70-B71B7EE5323E}.Release|x64.ActiveCfg = Release|x64
		{2AC6C51F-C987-477D-9A70-B71B7EE5323E}.Release|x64.Build.0 = Release|x64
	EndGlobalSection
	GlobalSection(SolutionProperties) = preSolution
		HideSolutionNode = FALSE
	EndGlobalSection
EndGlobal
