
Microsoft Visual Studio Solution File, Format Version 12.00
# Visual Studio 2013
VisualStudioVersion = 12.0.30501.0
MinimumVisualStudioVersion = 10.0.40219.1
Project("{8BC9CEB8-8B4A-11D0-8D11-00A0C91BC942}") = "Prt", "Prt.vcxproj", "{29D30682-BEB0-4570-82B5-2A835E402277}"
EndProject
Project("{8BC9CEB8-8B4A-11D0-8D11-00A0C91BC942}") = "PrtCmd", "..\PrtCmd\PrtCmd.vcxproj", "{877BEA26-41CA-45E6-AF50-7B384357A065}"
EndProject
Project("{8BC9CEB8-8B4A-11D0-8D11-00A0C91BC942}") = "PrtDistributedIDL", "..\PrtDistributedIDL\PrtDistributedIDL.vcxproj", "{262D986B-9C2B-4F03-A1E4-C1C4A3EC9834}"
EndProject
Global
	GlobalSection(SolutionConfigurationPlatforms) = preSolution
		Debug|Win32 = Debug|Win32
		Release|Win32 = Release|Win32
	EndGlobalSection
	GlobalSection(ProjectConfigurationPlatforms) = postSolution
		{29D30682-BEB0-4570-82B5-2A835E402277}.Debug|Win32.ActiveCfg = Debug|Win32
		{29D30682-BEB0-4570-82B5-2A835E402277}.Debug|Win32.Build.0 = Debug|Win32
		{29D30682-BEB0-4570-82B5-2A835E402277}.Release|Win32.ActiveCfg = Release|Win32
		{29D30682-BEB0-4570-82B5-2A835E402277}.Release|Win32.Build.0 = Release|Win32
		{877BEA26-41CA-45E6-AF50-7B384357A065}.Debug|Win32.ActiveCfg = Debug|Win32
		{877BEA26-41CA-45E6-AF50-7B384357A065}.Debug|Win32.Build.0 = Debug|Win32
		{877BEA26-41CA-45E6-AF50-7B384357A065}.Release|Win32.ActiveCfg = Release|Win32
		{877BEA26-41CA-45E6-AF50-7B384357A065}.Release|Win32.Build.0 = Release|Win32
		{262D986B-9C2B-4F03-A1E4-C1C4A3EC9834}.Debug|Win32.ActiveCfg = Debug|Win32
		{262D986B-9C2B-4F03-A1E4-C1C4A3EC9834}.Debug|Win32.Build.0 = Debug|Win32
		{262D986B-9C2B-4F03-A1E4-C1C4A3EC9834}.Release|Win32.ActiveCfg = Release|Win32
		{262D986B-9C2B-4F03-A1E4-C1C4A3EC9834}.Release|Win32.Build.0 = Release|Win32
	EndGlobalSection
	GlobalSection(SolutionProperties) = preSolution
		HideSolutionNode = FALSE
	EndGlobalSection
EndGlobal
